// !$*UTF8*$!
{
	archiveVersion = 1;
	classes = {
	};
	objectVersion = 46;
	objects = {

/* Begin PBXBuildFile section */
		F3143CDD15C448CC0098A276 /* NightSky.png in Resources */ = {isa = PBXBuildFile; fileRef = F3143CDB15C448CC0098A276 /* NightSky.png */; };
		F3143CDE15C448CC0098A276 /* NightSky@2x.png in Resources */ = {isa = PBXBuildFile; fileRef = F3143CDC15C448CC0098A276 /* NightSky@2x.png */; };
		F3143CE215C454BE0098A276 /* Oceanside.png in Resources */ = {isa = PBXBuildFile; fileRef = F3143CE015C454BE0098A276 /* Oceanside.png */; };
		F3143CE315C454BE0098A276 /* Oceanside@2x.png in Resources */ = {isa = PBXBuildFile; fileRef = F3143CE115C454BE0098A276 /* Oceanside@2x.png */; };
		F3143CE615C4D9AE0098A276 /* TimerView.m in Sources */ = {isa = PBXBuildFile; fileRef = F3143CE515C4D9AE0098A276 /* TimerView.m */; };
		F31670E515A1109200725274 /* SearchSongCell.m in Sources */ = {isa = PBXBuildFile; fileRef = F31670E415A1109200725274 /* SearchSongCell.m */; };
		F317239615A63C5200007124 /* PListModel.m in Sources */ = {isa = PBXBuildFile; fileRef = F317239515A63C5200007124 /* PListModel.m */; };
		F317240C15A66A4700007124 /* calendar-icon.png in Resources */ = {isa = PBXBuildFile; fileRef = F31723E615A66A4700007124 /* calendar-icon.png */; };
		F317240D15A66A4700007124 /* calendar-icon@2x.png in Resources */ = {isa = PBXBuildFile; fileRef = F31723E715A66A4700007124 /* calendar-icon@2x.png */; };
		F317240E15A66A4700007124 /* clear-icon.png in Resources */ = {isa = PBXBuildFile; fileRef = F31723E815A66A4700007124 /* clear-icon.png */; };
		F317240F15A66A4700007124 /* clear-icon@2x.png in Resources */ = {isa = PBXBuildFile; fileRef = F31723E915A66A4700007124 /* clear-icon@2x.png */; };
		F317241015A66A4700007124 /* facebook-icon.png in Resources */ = {isa = PBXBuildFile; fileRef = F31723EA15A66A4700007124 /* facebook-icon.png */; };
		F317241115A66A4700007124 /* facebook-icon@2x.png in Resources */ = {isa = PBXBuildFile; fileRef = F31723EB15A66A4700007124 /* facebook-icon@2x.png */; };
		F317241215A66A4700007124 /* instagram-icon.png in Resources */ = {isa = PBXBuildFile; fileRef = F31723EC15A66A4700007124 /* instagram-icon.png */; };
		F317241315A66A4700007124 /* instagram-icon@2x.png in Resources */ = {isa = PBXBuildFile; fileRef = F31723ED15A66A4700007124 /* instagram-icon@2x.png */; };
		F317241415A66A4700007124 /* music-icon.png in Resources */ = {isa = PBXBuildFile; fileRef = F31723EE15A66A4700007124 /* music-icon.png */; };
		F317241515A66A4700007124 /* music-icon@2x.png in Resources */ = {isa = PBXBuildFile; fileRef = F31723EF15A66A4700007124 /* music-icon@2x.png */; };
		F317241615A66A4700007124 /* no-action-icon.png in Resources */ = {isa = PBXBuildFile; fileRef = F31723F015A66A4700007124 /* no-action-icon.png */; };
		F317241715A66A4700007124 /* no-action-icon@2x.png in Resources */ = {isa = PBXBuildFile; fileRef = F31723F115A66A4700007124 /* no-action-icon@2x.png */; };
		F317241815A66A4800007124 /* no-sound-icon.png in Resources */ = {isa = PBXBuildFile; fileRef = F31723F215A66A4700007124 /* no-sound-icon.png */; };
		F317241915A66A4800007124 /* no-sound-icon@2x.png in Resources */ = {isa = PBXBuildFile; fileRef = F31723F315A66A4700007124 /* no-sound-icon@2x.png */; };
		F317241A15A66A4800007124 /* pandora-icon.png in Resources */ = {isa = PBXBuildFile; fileRef = F31723F415A66A4700007124 /* pandora-icon.png */; };
		F317241B15A66A4800007124 /* pandora-icon@2x.png in Resources */ = {isa = PBXBuildFile; fileRef = F31723F515A66A4700007124 /* pandora-icon@2x.png */; };
		F317241C15A66A4800007124 /* path-icon.png in Resources */ = {isa = PBXBuildFile; fileRef = F31723F615A66A4700007124 /* path-icon.png */; };
		F317241D15A66A4800007124 /* path-icon@2x.png in Resources */ = {isa = PBXBuildFile; fileRef = F31723F715A66A4700007124 /* path-icon@2x.png */; };
		F317241E15A66A4800007124 /* rdio-icon.png in Resources */ = {isa = PBXBuildFile; fileRef = F31723F815A66A4700007124 /* rdio-icon.png */; };
		F317241F15A66A4800007124 /* rdio-icon@2x.png in Resources */ = {isa = PBXBuildFile; fileRef = F31723F915A66A4700007124 /* rdio-icon@2x.png */; };
		F317242015A66A4800007124 /* recent-icon.png in Resources */ = {isa = PBXBuildFile; fileRef = F31723FA15A66A4700007124 /* recent-icon.png */; };
		F317242115A66A4800007124 /* recent-icon@2x.png in Resources */ = {isa = PBXBuildFile; fileRef = F31723FB15A66A4700007124 /* recent-icon@2x.png */; };
		F317242215A66A4800007124 /* reeder-icon.png in Resources */ = {isa = PBXBuildFile; fileRef = F31723FC15A66A4700007124 /* reeder-icon.png */; };
		F317242315A66A4800007124 /* reeder-icon@2x.png in Resources */ = {isa = PBXBuildFile; fileRef = F31723FD15A66A4700007124 /* reeder-icon@2x.png */; };
		F317242415A66A4800007124 /* safari-icon.png in Resources */ = {isa = PBXBuildFile; fileRef = F31723FE15A66A4700007124 /* safari-icon.png */; };
		F317242515A66A4800007124 /* safari-icon@2x.png in Resources */ = {isa = PBXBuildFile; fileRef = F31723FF15A66A4700007124 /* safari-icon@2x.png */; };
		F317242615A66A4800007124 /* search-icon.png in Resources */ = {isa = PBXBuildFile; fileRef = F317240015A66A4700007124 /* search-icon.png */; };
		F317242715A66A4800007124 /* search-icon@2x.png in Resources */ = {isa = PBXBuildFile; fileRef = F317240115A66A4700007124 /* search-icon@2x.png */; };
		F317242815A66A4800007124 /* song-icon.png in Resources */ = {isa = PBXBuildFile; fileRef = F317240215A66A4700007124 /* song-icon.png */; };
		F317242915A66A4800007124 /* song-icon@2x.png in Resources */ = {isa = PBXBuildFile; fileRef = F317240315A66A4700007124 /* song-icon@2x.png */; };
		F317242A15A66A4800007124 /* spotify-icon.png in Resources */ = {isa = PBXBuildFile; fileRef = F317240415A66A4700007124 /* spotify-icon.png */; };
		F317242B15A66A4800007124 /* spotify-icon@2x.png in Resources */ = {isa = PBXBuildFile; fileRef = F317240515A66A4700007124 /* spotify-icon@2x.png */; };
		F317242C15A66A4800007124 /* tone-icon.png in Resources */ = {isa = PBXBuildFile; fileRef = F317240615A66A4700007124 /* tone-icon.png */; };
		F317242D15A66A4800007124 /* tone-icon@2x.png in Resources */ = {isa = PBXBuildFile; fileRef = F317240715A66A4700007124 /* tone-icon@2x.png */; };
		F317242E15A66A4800007124 /* twitter-icon.png in Resources */ = {isa = PBXBuildFile; fileRef = F317240815A66A4700007124 /* twitter-icon.png */; };
		F317242F15A66A4800007124 /* twitter-icon@2x.png in Resources */ = {isa = PBXBuildFile; fileRef = F317240915A66A4700007124 /* twitter-icon@2x.png */; };
		F317243015A66A4800007124 /* weather-icon.png in Resources */ = {isa = PBXBuildFile; fileRef = F317240A15A66A4700007124 /* weather-icon.png */; };
		F317243115A66A4800007124 /* weather-icon@2x.png in Resources */ = {isa = PBXBuildFile; fileRef = F317240B15A66A4700007124 /* weather-icon@2x.png */; };
		F317243315A66FD000007124 /* search-divider.png in Resources */ = {isa = PBXBuildFile; fileRef = F317243215A66FCF00007124 /* search-divider.png */; };
		F326511615C9F1E500ABAF60 /* QuartzCore.framework in Frameworks */ = {isa = PBXBuildFile; fileRef = F326511515C9F1E500ABAF60 /* QuartzCore.framework */; };
		F326511A15CAD61400ABAF60 /* Brandon.png in Resources */ = {isa = PBXBuildFile; fileRef = F326511815CAD61400ABAF60 /* Brandon.png */; };
		F326511B15CAD61400ABAF60 /* Brandon@2x.png in Resources */ = {isa = PBXBuildFile; fileRef = F326511915CAD61400ABAF60 /* Brandon@2x.png */; };
		F327EC9715938906008B962F /* MusicManager.m in Sources */ = {isa = PBXBuildFile; fileRef = F327EC9615938906008B962F /* MusicManager.m */; };
		F327EC9A15938BBF008B962F /* MediaPlayer.framework in Frameworks */ = {isa = PBXBuildFile; fileRef = F327EC9915938BBF008B962F /* MediaPlayer.framework */; };
		F335A2C615D035FA00F0A552 /* AudioToolbox.framework in Frameworks */ = {isa = PBXBuildFile; fileRef = F335A2C515D035FA00F0A552 /* AudioToolbox.framework */; };
		F335A2D015D41BF700F0A552 /* AVFoundation.framework in Frameworks */ = {isa = PBXBuildFile; fileRef = F335A2CF15D41BF600F0A552 /* AVFoundation.framework */; };
		F33F641E15951F10000372AE /* UIImage+StackBlur.m in Sources */ = {isa = PBXBuildFile; fileRef = F33F641D15951F10000372AE /* UIImage+StackBlur.m */; };
		F36DA9921598EA1E003A4F3C /* Roboto-Thin.ttf in Resources */ = {isa = PBXBuildFile; fileRef = F36DA9911598EA1E003A4F3C /* Roboto-Thin.ttf */; };
		F36DA99A1598EF0C003A4F3C /* SongCell.m in Sources */ = {isa = PBXBuildFile; fileRef = F36DA9991598EF0C003A4F3C /* SongCell.m */; };
		F36DA99E1598F855003A4F3C /* ActionCell.m in Sources */ = {isa = PBXBuildFile; fileRef = F36DA99D1598F855003A4F3C /* ActionCell.m */; };
		F36DA9A315993BBF003A4F3C /* SelectDurationView.m in Sources */ = {isa = PBXBuildFile; fileRef = F36DA9A215993BBF003A4F3C /* SelectDurationView.m */; };
		F36DA9A515993C67003A4F3C /* plusButton.png in Resources */ = {isa = PBXBuildFile; fileRef = F36DA9A415993C67003A4F3C /* plusButton.png */; };
		F37203B215EFDFB600D75E9E /* Default.png in Resources */ = {isa = PBXBuildFile; fileRef = F37203AC15EFDFB600D75E9E /* Default.png */; };
		F37203B315EFDFB600D75E9E /* Default@2x.png in Resources */ = {isa = PBXBuildFile; fileRef = F37203AD15EFDFB600D75E9E /* Default@2x.png */; };
		F37203B415EFDFB600D75E9E /* Icon.png in Resources */ = {isa = PBXBuildFile; fileRef = F37203AE15EFDFB600D75E9E /* Icon.png */; };
		F37203B515EFDFB600D75E9E /* Icon@2x.png in Resources */ = {isa = PBXBuildFile; fileRef = F37203AF15EFDFB600D75E9E /* Icon@2x.png */; };
		F37203B615EFDFB600D75E9E /* tack-logo.png in Resources */ = {isa = PBXBuildFile; fileRef = F37203B015EFDFB600D75E9E /* tack-logo.png */; };
		F3721DA915BF5CF500A365D1 /* MusicPlayer.m in Sources */ = {isa = PBXBuildFile; fileRef = F3721DA815BF5CF500A365D1 /* MusicPlayer.m */; };
		F37C93CB15E97FEA000EBE07 /* Icon.png in Resources */ = {isa = PBXBuildFile; fileRef = F37C93CA15E97FEA000EBE07 /* Icon.png */; };
		F37C93CD15E97FF0000EBE07 /* Icon@2x.png in Resources */ = {isa = PBXBuildFile; fileRef = F37C93CC15E97FEF000EBE07 /* Icon@2x.png */; };
		F37C93D415E981C2000EBE07 /* grid.png in Resources */ = {isa = PBXBuildFile; fileRef = F37C93D215E981C1000EBE07 /* grid.png */; };
		F37C93D515E981C2000EBE07 /* grid@2x.png in Resources */ = {isa = PBXBuildFile; fileRef = F37C93D315E981C2000EBE07 /* grid@2x.png */; };
		F383C178158B851200B91F31 /* UIKit.framework in Frameworks */ = {isa = PBXBuildFile; fileRef = F383C177158B851200B91F31 /* UIKit.framework */; };
		F383C17A158B851200B91F31 /* Foundation.framework in Frameworks */ = {isa = PBXBuildFile; fileRef = F383C179158B851200B91F31 /* Foundation.framework */; };
		F383C17C158B851200B91F31 /* CoreGraphics.framework in Frameworks */ = {isa = PBXBuildFile; fileRef = F383C17B158B851200B91F31 /* CoreGraphics.framework */; };
		F383C182158B851200B91F31 /* InfoPlist.strings in Resources */ = {isa = PBXBuildFile; fileRef = F383C180158B851200B91F31 /* InfoPlist.strings */; };
		F383C184158B851200B91F31 /* main.m in Sources */ = {isa = PBXBuildFile; fileRef = F383C183158B851200B91F31 /* main.m */; };
		F383C188158B851200B91F31 /* AppDelegate.m in Sources */ = {isa = PBXBuildFile; fileRef = F383C187158B851200B91F31 /* AppDelegate.m */; };
		F383C18B158B851200B91F31 /* MasterViewController.m in Sources */ = {isa = PBXBuildFile; fileRef = F383C18A158B851200B91F31 /* MasterViewController.m */; };
		F383C18E158B851300B91F31 /* ViewController_iPhone.xib in Resources */ = {isa = PBXBuildFile; fileRef = F383C18C158B851300B91F31 /* ViewController_iPhone.xib */; };
		F383C191158B851300B91F31 /* ViewController_iPad.xib in Resources */ = {isa = PBXBuildFile; fileRef = F383C18F158B851300B91F31 /* ViewController_iPad.xib */; };
		F383C19C158B874C00B91F31 /* AlarmView.m in Sources */ = {isa = PBXBuildFile; fileRef = F383C19B158B874C00B91F31 /* AlarmView.m */; };
		F383C19F158B879F00B91F31 /* SelectAlarmView.m in Sources */ = {isa = PBXBuildFile; fileRef = F383C19E158B879F00B91F31 /* SelectAlarmView.m */; };
		F383C1A8158B880500B91F31 /* SelectActionView.m in Sources */ = {isa = PBXBuildFile; fileRef = F383C1A7158B880500B91F31 /* SelectActionView.m */; };
		F3A392F415F95B9200CCD436 /* SelectSongView.m in Sources */ = {isa = PBXBuildFile; fileRef = F3A392F315F95B9200CCD436 /* SelectSongView.m */; };
		F3C415F915F0437F00FA7165 /* tack-logo@2x.png in Resources */ = {isa = PBXBuildFile; fileRef = F3C415F815F0437F00FA7165 /* tack-logo@2x.png */; };
		F3C415FD15F043A400FA7165 /* bottom-fade.png in Resources */ = {isa = PBXBuildFile; fileRef = F3C415FA15F043A300FA7165 /* bottom-fade.png */; };
		F3C415FE15F043A400FA7165 /* bottom-fade@2x.png in Resources */ = {isa = PBXBuildFile; fileRef = F3C415FB15F043A300FA7165 /* bottom-fade@2x.png */; };
		F3C415FF15F043A400FA7165 /* reeder-icon@2x.png in Resources */ = {isa = PBXBuildFile; fileRef = F3C415FC15F043A400FA7165 /* reeder-icon@2x.png */; };
		F3CD846E158FB0A400703717 /* SelectedTimeView.m in Sources */ = {isa = PBXBuildFile; fileRef = F3CD846D158FB0A400703717 /* SelectedTimeView.m */; };
		F3CE912E15F9518000A14210 /* chamaeleon.png in Resources */ = {isa = PBXBuildFile; fileRef = F3CE912215F9518000A14210 /* chamaeleon.png */; };
		F3CE912F15F9518000A14210 /* chamaeleon@2x.png in Resources */ = {isa = PBXBuildFile; fileRef = F3CE912315F9518000A14210 /* chamaeleon@2x.png */; };
		F3CE913015F9518000A14210 /* epsilon.png in Resources */ = {isa = PBXBuildFile; fileRef = F3CE912415F9518000A14210 /* epsilon.png */; };
		F3CE913115F9518000A14210 /* epsilon@2x.png in Resources */ = {isa = PBXBuildFile; fileRef = F3CE912515F9518000A14210 /* epsilon@2x.png */; };
		F3CE913215F9518000A14210 /* galaxy.png in Resources */ = {isa = PBXBuildFile; fileRef = F3CE912615F9518000A14210 /* galaxy.png */; };
		F3CE913315F9518000A14210 /* galaxy@2x.png in Resources */ = {isa = PBXBuildFile; fileRef = F3CE912715F9518000A14210 /* galaxy@2x.png */; };
		F3CE913415F9518000A14210 /* hydrus.png in Resources */ = {isa = PBXBuildFile; fileRef = F3CE912815F9518000A14210 /* hydrus.png */; };
		F3CE913515F9518000A14210 /* hydrus@2x.png in Resources */ = {isa = PBXBuildFile; fileRef = F3CE912915F9518000A14210 /* hydrus@2x.png */; };
		F3CE913615F9518000A14210 /* lynx.png in Resources */ = {isa = PBXBuildFile; fileRef = F3CE912A15F9518000A14210 /* lynx.png */; };
		F3CE913715F9518000A14210 /* lynx@2x.png in Resources */ = {isa = PBXBuildFile; fileRef = F3CE912B15F9518000A14210 /* lynx@2x.png */; };
		F3CE913815F9518000A14210 /* pheonix.png in Resources */ = {isa = PBXBuildFile; fileRef = F3CE912C15F9518000A14210 /* pheonix.png */; };
		F3CE913915F9518000A14210 /* phoenix@2x.png in Resources */ = {isa = PBXBuildFile; fileRef = F3CE912D15F9518000A14210 /* phoenix@2x.png */; };
		F3D82F7515D45BA500E120B3 /* 1.wav in Resources */ = {isa = PBXBuildFile; fileRef = F3D82F6F15D45BA500E120B3 /* 1.wav */; };
		F3D82F7615D45BA500E120B3 /* 2.wav in Resources */ = {isa = PBXBuildFile; fileRef = F3D82F7015D45BA500E120B3 /* 2.wav */; };
		F3D82F7715D45BA500E120B3 /* 3.wav in Resources */ = {isa = PBXBuildFile; fileRef = F3D82F7115D45BA500E120B3 /* 3.wav */; };
		F3D82F7815D45BA500E120B3 /* 4.wav in Resources */ = {isa = PBXBuildFile; fileRef = F3D82F7215D45BA500E120B3 /* 4.wav */; };
		F3D82F7915D45BA500E120B3 /* 5.wav in Resources */ = {isa = PBXBuildFile; fileRef = F3D82F7315D45BA500E120B3 /* 5.wav */; };
		F3D82F7A15D45BA500E120B3 /* 6.wav in Resources */ = {isa = PBXBuildFile; fileRef = F3D82F7415D45BA500E120B3 /* 6.wav */; };
		F3D82F8015D96D4B00E120B3 /* SettingsView.m in Sources */ = {isa = PBXBuildFile; fileRef = F3D82F7F15D96D4A00E120B3 /* SettingsView.m */; };
		F3E5C39515BDBE10006959F4 /* NPTableView.m in Sources */ = {isa = PBXBuildFile; fileRef = F3E5C39415BDBE10006959F4 /* NPTableView.m */; };
		F3E78B6B15C8BA2C0028ED08 /* Treescape.png in Resources */ = {isa = PBXBuildFile; fileRef = F3E78B6915C8BA2C0028ED08 /* Treescape.png */; };
		F3E78B6C15C8BA2C0028ED08 /* Treescape@2x.png in Resources */ = {isa = PBXBuildFile; fileRef = F3E78B6A15C8BA2C0028ED08 /* Treescape@2x.png */; };
		F3F17DF215FFD4090067D510 /* create-icon.png in Resources */ = {isa = PBXBuildFile; fileRef = F3F17DE815FFD4080067D510 /* create-icon.png */; };
		F3F17DF315FFD4090067D510 /* create-icon@2x.png in Resources */ = {isa = PBXBuildFile; fileRef = F3F17DE915FFD4080067D510 /* create-icon@2x.png */; };
		F3F17DF415FFD4090067D510 /* flick-down-icon.png in Resources */ = {isa = PBXBuildFile; fileRef = F3F17DEA15FFD4080067D510 /* flick-down-icon.png */; };
		F3F17DF515FFD4090067D510 /* flick-down-icon@2x.png in Resources */ = {isa = PBXBuildFile; fileRef = F3F17DEB15FFD4080067D510 /* flick-down-icon@2x.png */; };
		F3F17DF615FFD4090067D510 /* flick-up-icon.png in Resources */ = {isa = PBXBuildFile; fileRef = F3F17DEC15FFD4080067D510 /* flick-up-icon.png */; };
		F3F17DF715FFD4090067D510 /* flick-up-icon@2x.png in Resources */ = {isa = PBXBuildFile; fileRef = F3F17DED15FFD4090067D510 /* flick-up-icon@2x.png */; };
		F3F17DF815FFD4090067D510 /* pinch-icon.png in Resources */ = {isa = PBXBuildFile; fileRef = F3F17DEE15FFD4090067D510 /* pinch-icon.png */; };
		F3F17DF915FFD4090067D510 /* pinch-icon@2x.png in Resources */ = {isa = PBXBuildFile; fileRef = F3F17DEF15FFD4090067D510 /* pinch-icon@2x.png */; };
		F3F17DFA15FFD4090067D510 /* set-icon.png in Resources */ = {isa = PBXBuildFile; fileRef = F3F17DF015FFD4090067D510 /* set-icon.png */; };
		F3F17DFB15FFD4090067D510 /* set-icon@2x.png in Resources */ = {isa = PBXBuildFile; fileRef = F3F17DF115FFD4090067D510 /* set-icon@2x.png */; };
		F3F825C51598CCD00017B752 /* toolbarBG.png in Resources */ = {isa = PBXBuildFile; fileRef = F3F825C41598CCD00017B752 /* toolbarBG.png */; };
		F3F825CB1598E63C0017B752 /* Roboto-Light.ttf in Resources */ = {isa = PBXBuildFile; fileRef = F3F825CA1598E63C0017B752 /* Roboto-Light.ttf */; };
		F3FD676D15A740E90002AFC9 /* libTestFlight.a in Frameworks */ = {isa = PBXBuildFile; fileRef = F3FD676915A740E90002AFC9 /* libTestFlight.a */; };
		F3FD676E15A740E90002AFC9 /* README.txt in Resources */ = {isa = PBXBuildFile; fileRef = F3FD676A15A740E90002AFC9 /* README.txt */; };
		F3FD676F15A740E90002AFC9 /* release_notes.txt in Resources */ = {isa = PBXBuildFile; fileRef = F3FD676B15A740E90002AFC9 /* release_notes.txt */; };
		F3FD677215A741730002AFC9 /* libz.dylib in Frameworks */ = {isa = PBXBuildFile; fileRef = F3FD677115A741730002AFC9 /* libz.dylib */; };
		F3FD677715A7592B0002AFC9 /* actions.plist in Resources */ = {isa = PBXBuildFile; fileRef = F3FD677315A7592B0002AFC9 /* actions.plist */; };
		F3FD677815A7592B0002AFC9 /* alarms.plist in Resources */ = {isa = PBXBuildFile; fileRef = F3FD677415A7592B0002AFC9 /* alarms.plist */; };
		F3FD677915A7592B0002AFC9 /* presetSongs.plist in Resources */ = {isa = PBXBuildFile; fileRef = F3FD677515A7592B0002AFC9 /* presetSongs.plist */; };
		F3FD677A15A7592B0002AFC9 /* themes.plist in Resources */ = {isa = PBXBuildFile; fileRef = F3FD677615A7592B0002AFC9 /* themes.plist */; };
		F3FD677D15AB67E50002AFC9 /* LeftHeaderView.m in Sources */ = {isa = PBXBuildFile; fileRef = F3FD677C15AB67E50002AFC9 /* LeftHeaderView.m */; };
		F3FEC0A315ABC3010032B893 /* ReturnButtonView.m in Sources */ = {isa = PBXBuildFile; fileRef = F3FEC0A215ABC3010032B893 /* ReturnButtonView.m */; };
		F3FEC0A715AC86360032B893 /* CountdownView.m in Sources */ = {isa = PBXBuildFile; fileRef = F3FEC0A615AC86350032B893 /* CountdownView.m */; };
/* End PBXBuildFile section */

/* Begin PBXFileReference section */
		F3143CDB15C448CC0098A276 /* NightSky.png */ = {isa = PBXFileReference; lastKnownFileType = image.png; path = NightSky.png; sourceTree = "<group>"; };
		F3143CDC15C448CC0098A276 /* NightSky@2x.png */ = {isa = PBXFileReference; lastKnownFileType = image.png; path = "NightSky@2x.png"; sourceTree = "<group>"; };
		F3143CE015C454BE0098A276 /* Oceanside.png */ = {isa = PBXFileReference; lastKnownFileType = image.png; path = Oceanside.png; sourceTree = "<group>"; };
		F3143CE115C454BE0098A276 /* Oceanside@2x.png */ = {isa = PBXFileReference; lastKnownFileType = image.png; path = "Oceanside@2x.png"; sourceTree = "<group>"; };
		F3143CE415C4D9AD0098A276 /* TimerView.h */ = {isa = PBXFileReference; fileEncoding = 4; lastKnownFileType = sourcecode.c.h; name = TimerView.h; path = views/TimerView.h; sourceTree = "<group>"; };
		F3143CE515C4D9AE0098A276 /* TimerView.m */ = {isa = PBXFileReference; fileEncoding = 4; lastKnownFileType = sourcecode.c.objc; name = TimerView.m; path = views/TimerView.m; sourceTree = "<group>"; };
		F31670E315A1109100725274 /* SearchSongCell.h */ = {isa = PBXFileReference; fileEncoding = 4; lastKnownFileType = sourcecode.c.h; name = SearchSongCell.h; path = views/SearchSongCell.h; sourceTree = "<group>"; };
		F31670E415A1109200725274 /* SearchSongCell.m */ = {isa = PBXFileReference; fileEncoding = 4; lastKnownFileType = sourcecode.c.objc; name = SearchSongCell.m; path = views/SearchSongCell.m; sourceTree = "<group>"; };
		F317239415A63C5200007124 /* PListModel.h */ = {isa = PBXFileReference; fileEncoding = 4; lastKnownFileType = sourcecode.c.h; name = PListModel.h; path = models/PListModel.h; sourceTree = "<group>"; };
		F317239515A63C5200007124 /* PListModel.m */ = {isa = PBXFileReference; fileEncoding = 4; lastKnownFileType = sourcecode.c.objc; name = PListModel.m; path = models/PListModel.m; sourceTree = "<group>"; };
		F31723E615A66A4700007124 /* calendar-icon.png */ = {isa = PBXFileReference; lastKnownFileType = image.png; name = "calendar-icon.png"; path = "img/calendar-icon.png"; sourceTree = "<group>"; };
		F31723E715A66A4700007124 /* calendar-icon@2x.png */ = {isa = PBXFileReference; lastKnownFileType = image.png; name = "calendar-icon@2x.png"; path = "img/calendar-icon@2x.png"; sourceTree = "<group>"; };
		F31723E815A66A4700007124 /* clear-icon.png */ = {isa = PBXFileReference; lastKnownFileType = image.png; name = "clear-icon.png"; path = "img/clear-icon.png"; sourceTree = "<group>"; };
		F31723E915A66A4700007124 /* clear-icon@2x.png */ = {isa = PBXFileReference; lastKnownFileType = image.png; name = "clear-icon@2x.png"; path = "img/clear-icon@2x.png"; sourceTree = "<group>"; };
		F31723EA15A66A4700007124 /* facebook-icon.png */ = {isa = PBXFileReference; lastKnownFileType = image.png; name = "facebook-icon.png"; path = "img/facebook-icon.png"; sourceTree = "<group>"; };
		F31723EB15A66A4700007124 /* facebook-icon@2x.png */ = {isa = PBXFileReference; lastKnownFileType = image.png; name = "facebook-icon@2x.png"; path = "img/facebook-icon@2x.png"; sourceTree = "<group>"; };
		F31723EC15A66A4700007124 /* instagram-icon.png */ = {isa = PBXFileReference; lastKnownFileType = image.png; name = "instagram-icon.png"; path = "img/instagram-icon.png"; sourceTree = "<group>"; };
		F31723ED15A66A4700007124 /* instagram-icon@2x.png */ = {isa = PBXFileReference; lastKnownFileType = image.png; name = "instagram-icon@2x.png"; path = "img/instagram-icon@2x.png"; sourceTree = "<group>"; };
		F31723EE15A66A4700007124 /* music-icon.png */ = {isa = PBXFileReference; lastKnownFileType = image.png; name = "music-icon.png"; path = "img/music-icon.png"; sourceTree = "<group>"; };
		F31723EF15A66A4700007124 /* music-icon@2x.png */ = {isa = PBXFileReference; lastKnownFileType = image.png; name = "music-icon@2x.png"; path = "img/music-icon@2x.png"; sourceTree = "<group>"; };
		F31723F015A66A4700007124 /* no-action-icon.png */ = {isa = PBXFileReference; lastKnownFileType = image.png; name = "no-action-icon.png"; path = "img/no-action-icon.png"; sourceTree = "<group>"; };
		F31723F115A66A4700007124 /* no-action-icon@2x.png */ = {isa = PBXFileReference; lastKnownFileType = image.png; name = "no-action-icon@2x.png"; path = "img/no-action-icon@2x.png"; sourceTree = "<group>"; };
		F31723F215A66A4700007124 /* no-sound-icon.png */ = {isa = PBXFileReference; lastKnownFileType = image.png; name = "no-sound-icon.png"; path = "img/no-sound-icon.png"; sourceTree = "<group>"; };
		F31723F315A66A4700007124 /* no-sound-icon@2x.png */ = {isa = PBXFileReference; lastKnownFileType = image.png; name = "no-sound-icon@2x.png"; path = "img/no-sound-icon@2x.png"; sourceTree = "<group>"; };
		F31723F415A66A4700007124 /* pandora-icon.png */ = {isa = PBXFileReference; lastKnownFileType = image.png; name = "pandora-icon.png"; path = "img/pandora-icon.png"; sourceTree = "<group>"; };
		F31723F515A66A4700007124 /* pandora-icon@2x.png */ = {isa = PBXFileReference; lastKnownFileType = image.png; name = "pandora-icon@2x.png"; path = "img/pandora-icon@2x.png"; sourceTree = "<group>"; };
		F31723F615A66A4700007124 /* path-icon.png */ = {isa = PBXFileReference; lastKnownFileType = image.png; name = "path-icon.png"; path = "img/path-icon.png"; sourceTree = "<group>"; };
		F31723F715A66A4700007124 /* path-icon@2x.png */ = {isa = PBXFileReference; lastKnownFileType = image.png; name = "path-icon@2x.png"; path = "img/path-icon@2x.png"; sourceTree = "<group>"; };
		F31723F815A66A4700007124 /* rdio-icon.png */ = {isa = PBXFileReference; lastKnownFileType = image.png; name = "rdio-icon.png"; path = "img/rdio-icon.png"; sourceTree = "<group>"; };
		F31723F915A66A4700007124 /* rdio-icon@2x.png */ = {isa = PBXFileReference; lastKnownFileType = image.png; name = "rdio-icon@2x.png"; path = "img/rdio-icon@2x.png"; sourceTree = "<group>"; };
		F31723FA15A66A4700007124 /* recent-icon.png */ = {isa = PBXFileReference; lastKnownFileType = image.png; name = "recent-icon.png"; path = "img/recent-icon.png"; sourceTree = "<group>"; };
		F31723FB15A66A4700007124 /* recent-icon@2x.png */ = {isa = PBXFileReference; lastKnownFileType = image.png; name = "recent-icon@2x.png"; path = "img/recent-icon@2x.png"; sourceTree = "<group>"; };
		F31723FC15A66A4700007124 /* reeder-icon.png */ = {isa = PBXFileReference; lastKnownFileType = image.png; name = "reeder-icon.png"; path = "img/reeder-icon.png"; sourceTree = "<group>"; };
		F31723FD15A66A4700007124 /* reeder-icon@2x.png */ = {isa = PBXFileReference; lastKnownFileType = image.png; name = "reeder-icon@2x.png"; path = "img/reeder-icon@2x.png"; sourceTree = "<group>"; };
		F31723FE15A66A4700007124 /* safari-icon.png */ = {isa = PBXFileReference; lastKnownFileType = image.png; name = "safari-icon.png"; path = "img/safari-icon.png"; sourceTree = "<group>"; };
		F31723FF15A66A4700007124 /* safari-icon@2x.png */ = {isa = PBXFileReference; lastKnownFileType = image.png; name = "safari-icon@2x.png"; path = "img/safari-icon@2x.png"; sourceTree = "<group>"; };
		F317240015A66A4700007124 /* search-icon.png */ = {isa = PBXFileReference; lastKnownFileType = image.png; name = "search-icon.png"; path = "img/search-icon.png"; sourceTree = "<group>"; };
		F317240115A66A4700007124 /* search-icon@2x.png */ = {isa = PBXFileReference; lastKnownFileType = image.png; name = "search-icon@2x.png"; path = "img/search-icon@2x.png"; sourceTree = "<group>"; };
		F317240215A66A4700007124 /* song-icon.png */ = {isa = PBXFileReference; lastKnownFileType = image.png; name = "song-icon.png"; path = "img/song-icon.png"; sourceTree = "<group>"; };
		F317240315A66A4700007124 /* song-icon@2x.png */ = {isa = PBXFileReference; lastKnownFileType = image.png; name = "song-icon@2x.png"; path = "img/song-icon@2x.png"; sourceTree = "<group>"; };
		F317240415A66A4700007124 /* spotify-icon.png */ = {isa = PBXFileReference; lastKnownFileType = image.png; name = "spotify-icon.png"; path = "img/spotify-icon.png"; sourceTree = "<group>"; };
		F317240515A66A4700007124 /* spotify-icon@2x.png */ = {isa = PBXFileReference; lastKnownFileType = image.png; name = "spotify-icon@2x.png"; path = "img/spotify-icon@2x.png"; sourceTree = "<group>"; };
		F317240615A66A4700007124 /* tone-icon.png */ = {isa = PBXFileReference; lastKnownFileType = image.png; name = "tone-icon.png"; path = "img/tone-icon.png"; sourceTree = "<group>"; };
		F317240715A66A4700007124 /* tone-icon@2x.png */ = {isa = PBXFileReference; lastKnownFileType = image.png; name = "tone-icon@2x.png"; path = "img/tone-icon@2x.png"; sourceTree = "<group>"; };
		F317240815A66A4700007124 /* twitter-icon.png */ = {isa = PBXFileReference; lastKnownFileType = image.png; name = "twitter-icon.png"; path = "img/twitter-icon.png"; sourceTree = "<group>"; };
		F317240915A66A4700007124 /* twitter-icon@2x.png */ = {isa = PBXFileReference; lastKnownFileType = image.png; name = "twitter-icon@2x.png"; path = "img/twitter-icon@2x.png"; sourceTree = "<group>"; };
		F317240A15A66A4700007124 /* weather-icon.png */ = {isa = PBXFileReference; lastKnownFileType = image.png; name = "weather-icon.png"; path = "img/weather-icon.png"; sourceTree = "<group>"; };
		F317240B15A66A4700007124 /* weather-icon@2x.png */ = {isa = PBXFileReference; lastKnownFileType = image.png; name = "weather-icon@2x.png"; path = "img/weather-icon@2x.png"; sourceTree = "<group>"; };
		F317243215A66FCF00007124 /* search-divider.png */ = {isa = PBXFileReference; lastKnownFileType = image.png; name = "search-divider.png"; path = "img/search-divider.png"; sourceTree = "<group>"; };
		F326511515C9F1E500ABAF60 /* QuartzCore.framework */ = {isa = PBXFileReference; lastKnownFileType = wrapper.framework; name = QuartzCore.framework; path = System/Library/Frameworks/QuartzCore.framework; sourceTree = SDKROOT; };
		F326511815CAD61400ABAF60 /* Brandon.png */ = {isa = PBXFileReference; lastKnownFileType = image.png; path = Brandon.png; sourceTree = "<group>"; };
		F326511915CAD61400ABAF60 /* Brandon@2x.png */ = {isa = PBXFileReference; lastKnownFileType = image.png; path = "Brandon@2x.png"; sourceTree = "<group>"; };
		F327EC9515938906008B962F /* MusicManager.h */ = {isa = PBXFileReference; fileEncoding = 4; lastKnownFileType = sourcecode.c.h; name = MusicManager.h; path = models/MusicManager.h; sourceTree = "<group>"; };
		F327EC9615938906008B962F /* MusicManager.m */ = {isa = PBXFileReference; fileEncoding = 4; lastKnownFileType = sourcecode.c.objc; name = MusicManager.m; path = models/MusicManager.m; sourceTree = "<group>"; };
		F327EC9915938BBF008B962F /* MediaPlayer.framework */ = {isa = PBXFileReference; lastKnownFileType = wrapper.framework; name = MediaPlayer.framework; path = System/Library/Frameworks/MediaPlayer.framework; sourceTree = SDKROOT; };
		F335A2C515D035FA00F0A552 /* AudioToolbox.framework */ = {isa = PBXFileReference; lastKnownFileType = wrapper.framework; name = AudioToolbox.framework; path = System/Library/Frameworks/AudioToolbox.framework; sourceTree = SDKROOT; };
		F335A2CF15D41BF600F0A552 /* AVFoundation.framework */ = {isa = PBXFileReference; lastKnownFileType = wrapper.framework; name = AVFoundation.framework; path = System/Library/Frameworks/AVFoundation.framework; sourceTree = SDKROOT; };
		F33F641C15951F10000372AE /* UIImage+StackBlur.h */ = {isa = PBXFileReference; fileEncoding = 4; lastKnownFileType = sourcecode.c.h; name = "UIImage+StackBlur.h"; path = "Libs/UIImage+StackBlur.h"; sourceTree = "<group>"; };
		F33F641D15951F10000372AE /* UIImage+StackBlur.m */ = {isa = PBXFileReference; fileEncoding = 4; lastKnownFileType = sourcecode.c.objc; name = "UIImage+StackBlur.m"; path = "Libs/UIImage+StackBlur.m"; sourceTree = "<group>"; };
		F36DA9911598EA1E003A4F3C /* Roboto-Thin.ttf */ = {isa = PBXFileReference; lastKnownFileType = file; path = "Roboto-Thin.ttf"; sourceTree = "<group>"; };
		F36DA9981598EF0C003A4F3C /* SongCell.h */ = {isa = PBXFileReference; fileEncoding = 4; lastKnownFileType = sourcecode.c.h; name = SongCell.h; path = views/SongCell.h; sourceTree = "<group>"; };
		F36DA9991598EF0C003A4F3C /* SongCell.m */ = {isa = PBXFileReference; fileEncoding = 4; lastKnownFileType = sourcecode.c.objc; name = SongCell.m; path = views/SongCell.m; sourceTree = "<group>"; };
		F36DA99C1598F855003A4F3C /* ActionCell.h */ = {isa = PBXFileReference; fileEncoding = 4; lastKnownFileType = sourcecode.c.h; name = ActionCell.h; path = views/ActionCell.h; sourceTree = "<group>"; };
		F36DA99D1598F855003A4F3C /* ActionCell.m */ = {isa = PBXFileReference; fileEncoding = 4; lastKnownFileType = sourcecode.c.objc; name = ActionCell.m; path = views/ActionCell.m; sourceTree = "<group>"; };
		F36DA9A115993BBF003A4F3C /* SelectDurationView.h */ = {isa = PBXFileReference; fileEncoding = 4; lastKnownFileType = sourcecode.c.h; name = SelectDurationView.h; path = views/SelectDurationView.h; sourceTree = "<group>"; };
		F36DA9A215993BBF003A4F3C /* SelectDurationView.m */ = {isa = PBXFileReference; fileEncoding = 4; lastKnownFileType = sourcecode.c.objc; name = SelectDurationView.m; path = views/SelectDurationView.m; sourceTree = "<group>"; };
		F36DA9A415993C67003A4F3C /* plusButton.png */ = {isa = PBXFileReference; lastKnownFileType = image.png; name = plusButton.png; path = img/plusButton.png; sourceTree = "<group>"; };
		F37203AC15EFDFB600D75E9E /* Default.png */ = {isa = PBXFileReference; lastKnownFileType = image.png; path = Default.png; sourceTree = "<group>"; };
		F37203AD15EFDFB600D75E9E /* Default@2x.png */ = {isa = PBXFileReference; lastKnownFileType = image.png; path = "Default@2x.png"; sourceTree = "<group>"; };
		F37203AE15EFDFB600D75E9E /* Icon.png */ = {isa = PBXFileReference; lastKnownFileType = image.png; path = Icon.png; sourceTree = "<group>"; };
		F37203AF15EFDFB600D75E9E /* Icon@2x.png */ = {isa = PBXFileReference; lastKnownFileType = image.png; path = "Icon@2x.png"; sourceTree = "<group>"; };
		F37203B015EFDFB600D75E9E /* tack-logo.png */ = {isa = PBXFileReference; lastKnownFileType = image.png; path = "tack-logo.png"; sourceTree = "<group>"; };
		F3721DA715BF5CF500A365D1 /* MusicPlayer.h */ = {isa = PBXFileReference; fileEncoding = 4; lastKnownFileType = sourcecode.c.h; name = MusicPlayer.h; path = models/MusicPlayer.h; sourceTree = "<group>"; };
		F3721DA815BF5CF500A365D1 /* MusicPlayer.m */ = {isa = PBXFileReference; fileEncoding = 4; lastKnownFileType = sourcecode.c.objc; name = MusicPlayer.m; path = models/MusicPlayer.m; sourceTree = "<group>"; };
		F37C93CA15E97FEA000EBE07 /* Icon.png */ = {isa = PBXFileReference; lastKnownFileType = image.png; path = Icon.png; sourceTree = "<group>"; };
		F37C93CC15E97FEF000EBE07 /* Icon@2x.png */ = {isa = PBXFileReference; lastKnownFileType = image.png; path = "Icon@2x.png"; sourceTree = "<group>"; };
		F37C93D215E981C1000EBE07 /* grid.png */ = {isa = PBXFileReference; lastKnownFileType = image.png; path = grid.png; sourceTree = "<group>"; };
		F37C93D315E981C2000EBE07 /* grid@2x.png */ = {isa = PBXFileReference; lastKnownFileType = image.png; path = "grid@2x.png"; sourceTree = "<group>"; };
		F383C173158B851200B91F31 /* Start.app */ = {isa = PBXFileReference; explicitFileType = wrapper.application; includeInIndex = 0; path = Start.app; sourceTree = BUILT_PRODUCTS_DIR; };
		F383C177158B851200B91F31 /* UIKit.framework */ = {isa = PBXFileReference; lastKnownFileType = wrapper.framework; name = UIKit.framework; path = System/Library/Frameworks/UIKit.framework; sourceTree = SDKROOT; };
		F383C179158B851200B91F31 /* Foundation.framework */ = {isa = PBXFileReference; lastKnownFileType = wrapper.framework; name = Foundation.framework; path = System/Library/Frameworks/Foundation.framework; sourceTree = SDKROOT; };
		F383C17B158B851200B91F31 /* CoreGraphics.framework */ = {isa = PBXFileReference; lastKnownFileType = wrapper.framework; name = CoreGraphics.framework; path = System/Library/Frameworks/CoreGraphics.framework; sourceTree = SDKROOT; };
		F383C17F158B851200B91F31 /* Start-Info.plist */ = {isa = PBXFileReference; lastKnownFileType = text.plist.xml; path = "Start-Info.plist"; sourceTree = "<group>"; };
		F383C181158B851200B91F31 /* en */ = {isa = PBXFileReference; lastKnownFileType = text.plist.strings; name = en; path = en.lproj/InfoPlist.strings; sourceTree = "<group>"; };
		F383C183158B851200B91F31 /* main.m */ = {isa = PBXFileReference; lastKnownFileType = sourcecode.c.objc; path = main.m; sourceTree = "<group>"; };
		F383C185158B851200B91F31 /* Start-Prefix.pch */ = {isa = PBXFileReference; lastKnownFileType = sourcecode.c.h; path = "Start-Prefix.pch"; sourceTree = "<group>"; };
		F383C186158B851200B91F31 /* AppDelegate.h */ = {isa = PBXFileReference; lastKnownFileType = sourcecode.c.h; path = AppDelegate.h; sourceTree = "<group>"; };
		F383C187158B851200B91F31 /* AppDelegate.m */ = {isa = PBXFileReference; lastKnownFileType = sourcecode.c.objc; path = AppDelegate.m; sourceTree = "<group>"; };
		F383C189158B851200B91F31 /* MasterViewController.h */ = {isa = PBXFileReference; lastKnownFileType = sourcecode.c.h; path = MasterViewController.h; sourceTree = "<group>"; };
		F383C18A158B851200B91F31 /* MasterViewController.m */ = {isa = PBXFileReference; lastKnownFileType = sourcecode.c.objc; path = MasterViewController.m; sourceTree = "<group>"; };
		F383C18D158B851300B91F31 /* en */ = {isa = PBXFileReference; lastKnownFileType = file.xib; name = en; path = en.lproj/ViewController_iPhone.xib; sourceTree = "<group>"; };
		F383C190158B851300B91F31 /* en */ = {isa = PBXFileReference; lastKnownFileType = file.xib; name = en; path = en.lproj/ViewController_iPad.xib; sourceTree = "<group>"; };
		F383C19A158B874C00B91F31 /* AlarmView.h */ = {isa = PBXFileReference; fileEncoding = 4; lastKnownFileType = sourcecode.c.h; name = AlarmView.h; path = views/AlarmView.h; sourceTree = "<group>"; };
		F383C19B158B874C00B91F31 /* AlarmView.m */ = {isa = PBXFileReference; fileEncoding = 4; lastKnownFileType = sourcecode.c.objc; name = AlarmView.m; path = views/AlarmView.m; sourceTree = "<group>"; };
		F383C19D158B879F00B91F31 /* SelectAlarmView.h */ = {isa = PBXFileReference; fileEncoding = 4; lastKnownFileType = sourcecode.c.h; name = SelectAlarmView.h; path = views/SelectAlarmView.h; sourceTree = "<group>"; };
		F383C19E158B879F00B91F31 /* SelectAlarmView.m */ = {isa = PBXFileReference; fileEncoding = 4; lastKnownFileType = sourcecode.c.objc; name = SelectAlarmView.m; path = views/SelectAlarmView.m; sourceTree = "<group>"; };
		F383C1A3158B87F000B91F31 /* SelectSongView.h */ = {isa = PBXFileReference; fileEncoding = 4; lastKnownFileType = sourcecode.c.h; name = SelectSongView.h; path = views/SelectSongView.h; sourceTree = "<group>"; };
		F383C1A6158B880500B91F31 /* SelectActionView.h */ = {isa = PBXFileReference; fileEncoding = 4; lastKnownFileType = sourcecode.c.h; name = SelectActionView.h; path = views/SelectActionView.h; sourceTree = "<group>"; };
		F383C1A7158B880500B91F31 /* SelectActionView.m */ = {isa = PBXFileReference; fileEncoding = 4; lastKnownFileType = sourcecode.c.objc; name = SelectActionView.m; path = views/SelectActionView.m; sourceTree = "<group>"; };
		F3A392F315F95B9200CCD436 /* SelectSongView.m */ = {isa = PBXFileReference; fileEncoding = 4; lastKnownFileType = sourcecode.c.objc; path = SelectSongView.m; sourceTree = "<group>"; };
		F3C415F815F0437F00FA7165 /* tack-logo@2x.png */ = {isa = PBXFileReference; lastKnownFileType = image.png; path = "tack-logo@2x.png"; sourceTree = "<group>"; };
		F3C415FA15F043A300FA7165 /* bottom-fade.png */ = {isa = PBXFileReference; lastKnownFileType = image.png; path = "bottom-fade.png"; sourceTree = "<group>"; };
		F3C415FB15F043A300FA7165 /* bottom-fade@2x.png */ = {isa = PBXFileReference; lastKnownFileType = image.png; path = "bottom-fade@2x.png"; sourceTree = "<group>"; };
		F3C415FC15F043A400FA7165 /* reeder-icon@2x.png */ = {isa = PBXFileReference; lastKnownFileType = image.png; path = "reeder-icon@2x.png"; sourceTree = "<group>"; };
		F3CD846C158FB0A400703717 /* SelectedTimeView.h */ = {isa = PBXFileReference; fileEncoding = 4; lastKnownFileType = sourcecode.c.h; name = SelectedTimeView.h; path = views/SelectedTimeView.h; sourceTree = "<group>"; };
		F3CD846D158FB0A400703717 /* SelectedTimeView.m */ = {isa = PBXFileReference; fileEncoding = 4; lastKnownFileType = sourcecode.c.objc; name = SelectedTimeView.m; path = views/SelectedTimeView.m; sourceTree = "<group>"; };
		F3CE912215F9518000A14210 /* chamaeleon.png */ = {isa = PBXFileReference; lastKnownFileType = image.png; path = chamaeleon.png; sourceTree = "<group>"; };
		F3CE912315F9518000A14210 /* chamaeleon@2x.png */ = {isa = PBXFileReference; lastKnownFileType = image.png; path = "chamaeleon@2x.png"; sourceTree = "<group>"; };
		F3CE912415F9518000A14210 /* epsilon.png */ = {isa = PBXFileReference; lastKnownFileType = image.png; path = epsilon.png; sourceTree = "<group>"; };
		F3CE912515F9518000A14210 /* epsilon@2x.png */ = {isa = PBXFileReference; lastKnownFileType = image.png; path = "epsilon@2x.png"; sourceTree = "<group>"; };
		F3CE912615F9518000A14210 /* galaxy.png */ = {isa = PBXFileReference; lastKnownFileType = image.png; path = galaxy.png; sourceTree = "<group>"; };
		F3CE912715F9518000A14210 /* galaxy@2x.png */ = {isa = PBXFileReference; lastKnownFileType = image.png; path = "galaxy@2x.png"; sourceTree = "<group>"; };
		F3CE912815F9518000A14210 /* hydrus.png */ = {isa = PBXFileReference; lastKnownFileType = image.png; path = hydrus.png; sourceTree = "<group>"; };
		F3CE912915F9518000A14210 /* hydrus@2x.png */ = {isa = PBXFileReference; lastKnownFileType = image.png; path = "hydrus@2x.png"; sourceTree = "<group>"; };
		F3CE912A15F9518000A14210 /* lynx.png */ = {isa = PBXFileReference; lastKnownFileType = image.png; path = lynx.png; sourceTree = "<group>"; };
		F3CE912B15F9518000A14210 /* lynx@2x.png */ = {isa = PBXFileReference; lastKnownFileType = image.png; path = "lynx@2x.png"; sourceTree = "<group>"; };
		F3CE912C15F9518000A14210 /* pheonix.png */ = {isa = PBXFileReference; lastKnownFileType = image.png; path = pheonix.png; sourceTree = "<group>"; };
		F3CE912D15F9518000A14210 /* phoenix@2x.png */ = {isa = PBXFileReference; lastKnownFileType = image.png; path = "phoenix@2x.png"; sourceTree = "<group>"; };
		F3D82F6F15D45BA500E120B3 /* 1.wav */ = {isa = PBXFileReference; lastKnownFileType = audio.wav; path = 1.wav; sourceTree = "<group>"; };
		F3D82F7015D45BA500E120B3 /* 2.wav */ = {isa = PBXFileReference; lastKnownFileType = audio.wav; path = 2.wav; sourceTree = "<group>"; };
		F3D82F7115D45BA500E120B3 /* 3.wav */ = {isa = PBXFileReference; lastKnownFileType = audio.wav; path = 3.wav; sourceTree = "<group>"; };
		F3D82F7215D45BA500E120B3 /* 4.wav */ = {isa = PBXFileReference; lastKnownFileType = audio.wav; path = 4.wav; sourceTree = "<group>"; };
		F3D82F7315D45BA500E120B3 /* 5.wav */ = {isa = PBXFileReference; lastKnownFileType = audio.wav; path = 5.wav; sourceTree = "<group>"; };
		F3D82F7415D45BA500E120B3 /* 6.wav */ = {isa = PBXFileReference; lastKnownFileType = audio.wav; path = 6.wav; sourceTree = "<group>"; };
		F3D82F7E15D96D4A00E120B3 /* SettingsView.h */ = {isa = PBXFileReference; fileEncoding = 4; lastKnownFileType = sourcecode.c.h; path = SettingsView.h; sourceTree = "<group>"; };
		F3D82F7F15D96D4A00E120B3 /* SettingsView.m */ = {isa = PBXFileReference; fileEncoding = 4; lastKnownFileType = sourcecode.c.objc; path = SettingsView.m; sourceTree = "<group>"; };
		F3E5C39315BDBE10006959F4 /* NPTableView.h */ = {isa = PBXFileReference; fileEncoding = 4; lastKnownFileType = sourcecode.c.h; name = NPTableView.h; path = views/NPTableView.h; sourceTree = "<group>"; };
		F3E5C39415BDBE10006959F4 /* NPTableView.m */ = {isa = PBXFileReference; fileEncoding = 4; lastKnownFileType = sourcecode.c.objc; name = NPTableView.m; path = views/NPTableView.m; sourceTree = "<group>"; };
		F3E78B6915C8BA2C0028ED08 /* Treescape.png */ = {isa = PBXFileReference; lastKnownFileType = image.png; path = Treescape.png; sourceTree = "<group>"; };
		F3E78B6A15C8BA2C0028ED08 /* Treescape@2x.png */ = {isa = PBXFileReference; lastKnownFileType = image.png; path = "Treescape@2x.png"; sourceTree = "<group>"; };
		F3F17DE815FFD4080067D510 /* create-icon.png */ = {isa = PBXFileReference; lastKnownFileType = image.png; path = "create-icon.png"; sourceTree = "<group>"; };
		F3F17DE915FFD4080067D510 /* create-icon@2x.png */ = {isa = PBXFileReference; lastKnownFileType = image.png; path = "create-icon@2x.png"; sourceTree = "<group>"; };
		F3F17DEA15FFD4080067D510 /* flick-down-icon.png */ = {isa = PBXFileReference; lastKnownFileType = image.png; path = "flick-down-icon.png"; sourceTree = "<group>"; };
		F3F17DEB15FFD4080067D510 /* flick-down-icon@2x.png */ = {isa = PBXFileReference; lastKnownFileType = image.png; path = "flick-down-icon@2x.png"; sourceTree = "<group>"; };
		F3F17DEC15FFD4080067D510 /* flick-up-icon.png */ = {isa = PBXFileReference; lastKnownFileType = image.png; path = "flick-up-icon.png"; sourceTree = "<group>"; };
		F3F17DED15FFD4090067D510 /* flick-up-icon@2x.png */ = {isa = PBXFileReference; lastKnownFileType = image.png; path = "flick-up-icon@2x.png"; sourceTree = "<group>"; };
		F3F17DEE15FFD4090067D510 /* pinch-icon.png */ = {isa = PBXFileReference; lastKnownFileType = image.png; path = "pinch-icon.png"; sourceTree = "<group>"; };
		F3F17DEF15FFD4090067D510 /* pinch-icon@2x.png */ = {isa = PBXFileReference; lastKnownFileType = image.png; path = "pinch-icon@2x.png"; sourceTree = "<group>"; };
		F3F17DF015FFD4090067D510 /* set-icon.png */ = {isa = PBXFileReference; lastKnownFileType = image.png; path = "set-icon.png"; sourceTree = "<group>"; };
		F3F17DF115FFD4090067D510 /* set-icon@2x.png */ = {isa = PBXFileReference; lastKnownFileType = image.png; path = "set-icon@2x.png"; sourceTree = "<group>"; };
		F3F825C41598CCD00017B752 /* toolbarBG.png */ = {isa = PBXFileReference; lastKnownFileType = image.png; name = toolbarBG.png; path = img/toolbarBG.png; sourceTree = "<group>"; };
		F3F825CA1598E63C0017B752 /* Roboto-Light.ttf */ = {isa = PBXFileReference; lastKnownFileType = file; path = "Roboto-Light.ttf"; sourceTree = "<group>"; };
		F3FD676915A740E90002AFC9 /* libTestFlight.a */ = {isa = PBXFileReference; lastKnownFileType = archive.ar; path = libTestFlight.a; sourceTree = "<group>"; };
		F3FD676A15A740E90002AFC9 /* README.txt */ = {isa = PBXFileReference; fileEncoding = 4; lastKnownFileType = text; path = README.txt; sourceTree = "<group>"; };
		F3FD676B15A740E90002AFC9 /* release_notes.txt */ = {isa = PBXFileReference; fileEncoding = 4; lastKnownFileType = text; path = release_notes.txt; sourceTree = "<group>"; };
		F3FD676C15A740E90002AFC9 /* TestFlight.h */ = {isa = PBXFileReference; fileEncoding = 4; lastKnownFileType = sourcecode.c.h; path = TestFlight.h; sourceTree = "<group>"; };
		F3FD677115A741730002AFC9 /* libz.dylib */ = {isa = PBXFileReference; lastKnownFileType = "compiled.mach-o.dylib"; name = libz.dylib; path = usr/lib/libz.dylib; sourceTree = SDKROOT; };
		F3FD677315A7592B0002AFC9 /* actions.plist */ = {isa = PBXFileReference; fileEncoding = 4; lastKnownFileType = text.plist.xml; path = actions.plist; sourceTree = "<group>"; };
		F3FD677415A7592B0002AFC9 /* alarms.plist */ = {isa = PBXFileReference; fileEncoding = 4; lastKnownFileType = text.plist.xml; path = alarms.plist; sourceTree = "<group>"; };
		F3FD677515A7592B0002AFC9 /* presetSongs.plist */ = {isa = PBXFileReference; fileEncoding = 4; lastKnownFileType = text.plist.xml; path = presetSongs.plist; sourceTree = "<group>"; };
		F3FD677615A7592B0002AFC9 /* themes.plist */ = {isa = PBXFileReference; fileEncoding = 4; lastKnownFileType = text.plist.xml; path = themes.plist; sourceTree = "<group>"; };
		F3FD677B15AB67E40002AFC9 /* LeftHeaderView.h */ = {isa = PBXFileReference; fileEncoding = 4; lastKnownFileType = sourcecode.c.h; name = LeftHeaderView.h; path = views/LeftHeaderView.h; sourceTree = "<group>"; };
		F3FD677C15AB67E50002AFC9 /* LeftHeaderView.m */ = {isa = PBXFileReference; fileEncoding = 4; lastKnownFileType = sourcecode.c.objc; name = LeftHeaderView.m; path = views/LeftHeaderView.m; sourceTree = "<group>"; };
		F3FEC0A115ABC3000032B893 /* ReturnButtonView.h */ = {isa = PBXFileReference; fileEncoding = 4; lastKnownFileType = sourcecode.c.h; name = ReturnButtonView.h; path = views/ReturnButtonView.h; sourceTree = "<group>"; };
		F3FEC0A215ABC3010032B893 /* ReturnButtonView.m */ = {isa = PBXFileReference; fileEncoding = 4; lastKnownFileType = sourcecode.c.objc; name = ReturnButtonView.m; path = views/ReturnButtonView.m; sourceTree = "<group>"; };
		F3FEC0A515AC86340032B893 /* CountdownView.h */ = {isa = PBXFileReference; fileEncoding = 4; lastKnownFileType = sourcecode.c.h; name = CountdownView.h; path = views/CountdownView.h; sourceTree = "<group>"; };
		F3FEC0A615AC86350032B893 /* CountdownView.m */ = {isa = PBXFileReference; fileEncoding = 4; lastKnownFileType = sourcecode.c.objc; name = CountdownView.m; path = views/CountdownView.m; sourceTree = "<group>"; };
/* End PBXFileReference section */

/* Begin PBXFrameworksBuildPhase section */
		F383C170158B851200B91F31 /* Frameworks */ = {
			isa = PBXFrameworksBuildPhase;
			buildActionMask = 2147483647;
			files = (
				F335A2D015D41BF700F0A552 /* AVFoundation.framework in Frameworks */,
				F335A2C615D035FA00F0A552 /* AudioToolbox.framework in Frameworks */,
				F326511615C9F1E500ABAF60 /* QuartzCore.framework in Frameworks */,
				F327EC9A15938BBF008B962F /* MediaPlayer.framework in Frameworks */,
				F383C178158B851200B91F31 /* UIKit.framework in Frameworks */,
				F383C17A158B851200B91F31 /* Foundation.framework in Frameworks */,
				F383C17C158B851200B91F31 /* CoreGraphics.framework in Frameworks */,
				F3FD677215A741730002AFC9 /* libz.dylib in Frameworks */,
				F3FD676D15A740E90002AFC9 /* libTestFlight.a in Frameworks */,
			);
			runOnlyForDeploymentPostprocessing = 0;
		};
/* End PBXFrameworksBuildPhase section */

/* Begin PBXGroup section */
		F3143CD915C4489C0098A276 /* NightSky */ = {
			isa = PBXGroup;
			children = (
				F3143CDB15C448CC0098A276 /* NightSky.png */,
				F3143CDC15C448CC0098A276 /* NightSky@2x.png */,
			);
			name = NightSky;
			sourceTree = "<group>";
		};
		F3143CDF15C454AC0098A276 /* OceanSide */ = {
			isa = PBXGroup;
			children = (
				F3143CE015C454BE0098A276 /* Oceanside.png */,
				F3143CE115C454BE0098A276 /* Oceanside@2x.png */,
			);
			name = OceanSide;
			sourceTree = "<group>";
		};
		F31670F715A24F8C00725274 /* icons */ = {
			isa = PBXGroup;
			children = (
				F3FEC0AC15AC8E5C0032B893 /* selectSong */,
				F317243215A66FCF00007124 /* search-divider.png */,
				F3FEC0AD15AC8E8C0032B893 /* SelectAction */,
			);
			name = icons;
			sourceTree = "<group>";
		};
		F326511C15CAD61C00ABAF60 /* Brandon */ = {
			isa = PBXGroup;
			children = (
				F326511815CAD61400ABAF60 /* Brandon.png */,
				F326511915CAD61400ABAF60 /* Brandon@2x.png */,
			);
			name = Brandon;
			sourceTree = "<group>";
		};
		F327EC9B15938BE0008B962F /* AlarmView */ = {
			isa = PBXGroup;
			children = (
				F383C19A158B874C00B91F31 /* AlarmView.h */,
				F383C19B158B874C00B91F31 /* AlarmView.m */,
				F36DA9941598EC92003A4F3C /* SelectSong */,
				F36DA99B1598F83A003A4F3C /* SelectAction */,
				F36DA9A115993BBF003A4F3C /* SelectDurationView.h */,
				F36DA9A215993BBF003A4F3C /* SelectDurationView.m */,
				F3CD846C158FB0A400703717 /* SelectedTimeView.h */,
				F3CD846D158FB0A400703717 /* SelectedTimeView.m */,
				F3FEC0A515AC86340032B893 /* CountdownView.h */,
				F3FEC0A615AC86350032B893 /* CountdownView.m */,
				F3143CE415C4D9AD0098A276 /* TimerView.h */,
				F3143CE515C4D9AE0098A276 /* TimerView.m */,
			);
			name = AlarmView;
			sourceTree = "<group>";
		};
		F335A2CC15D418DF00F0A552 /* Audio */ = {
			isa = PBXGroup;
			children = (
				F3D82F6F15D45BA500E120B3 /* 1.wav */,
				F3D82F7015D45BA500E120B3 /* 2.wav */,
				F3D82F7115D45BA500E120B3 /* 3.wav */,
				F3D82F7215D45BA500E120B3 /* 4.wav */,
				F3D82F7315D45BA500E120B3 /* 5.wav */,
				F3D82F7415D45BA500E120B3 /* 6.wav */,
			);
			name = Audio;
			sourceTree = "<group>";
		};
		F33F641B15951ED6000372AE /* Libs */ = {
			isa = PBXGroup;
			children = (
				F33F641C15951F10000372AE /* UIImage+StackBlur.h */,
				F33F641D15951F10000372AE /* UIImage+StackBlur.m */,
			);
			name = Libs;
			sourceTree = "<group>";
		};
		F33F642315967154000372AE /* img */ = {
			isa = PBXGroup;
			children = (
				F3FEC0AF15AC8FD00032B893 /* themes */,
				F3F17DE715FFD4080067D510 /* intro */,
				F3FEC0AE15AC8FC60032B893 /* misc */,
				F31670F715A24F8C00725274 /* icons */,
			);
			name = img;
			sourceTree = "<group>";
		};
		F36C5CAD15A6396D00CC80C0 /* pList */ = {
			isa = PBXGroup;
			children = (
				F3FD677315A7592B0002AFC9 /* actions.plist */,
				F3FD677415A7592B0002AFC9 /* alarms.plist */,
				F3FD677515A7592B0002AFC9 /* presetSongs.plist */,
				F3FD677615A7592B0002AFC9 /* themes.plist */,
			);
			name = pList;
			sourceTree = "<group>";
		};
		F36DA9941598EC92003A4F3C /* SelectSong */ = {
			isa = PBXGroup;
			children = (
				F383C1A3158B87F000B91F31 /* SelectSongView.h */,
				F3A392F315F95B9200CCD436 /* SelectSongView.m */,
				F36DA9981598EF0C003A4F3C /* SongCell.h */,
				F36DA9991598EF0C003A4F3C /* SongCell.m */,
				F31670E315A1109100725274 /* SearchSongCell.h */,
				F31670E415A1109200725274 /* SearchSongCell.m */,
				F3FD677B15AB67E40002AFC9 /* LeftHeaderView.h */,
				F3FD677C15AB67E50002AFC9 /* LeftHeaderView.m */,
				F3FEC0A115ABC3000032B893 /* ReturnButtonView.h */,
				F3FEC0A215ABC3010032B893 /* ReturnButtonView.m */,
			);
			name = SelectSong;
			sourceTree = "<group>";
		};
		F36DA99B1598F83A003A4F3C /* SelectAction */ = {
			isa = PBXGroup;
			children = (
				F383C1A6158B880500B91F31 /* SelectActionView.h */,
				F383C1A7158B880500B91F31 /* SelectActionView.m */,
				F36DA99C1598F855003A4F3C /* ActionCell.h */,
				F36DA99D1598F855003A4F3C /* ActionCell.m */,
			);
			name = SelectAction;
			sourceTree = "<group>";
		};
		F383C168158B851100B91F31 = {
			isa = PBXGroup;
			children = (
				F37C93CC15E97FEF000EBE07 /* Icon@2x.png */,
				F37C93CA15E97FEA000EBE07 /* Icon.png */,
				F335A2CF15D41BF600F0A552 /* AVFoundation.framework */,
				F335A2C515D035FA00F0A552 /* AudioToolbox.framework */,
				F326511515C9F1E500ABAF60 /* QuartzCore.framework */,
				F327EC9915938BBF008B962F /* MediaPlayer.framework */,
				F3FD677115A741730002AFC9 /* libz.dylib */,
				F3FD676815A740E90002AFC9 /* TestFlightSDK1.0 */,
				F383C17D158B851200B91F31 /* Start */,
				F383C176158B851200B91F31 /* Frameworks */,
				F383C174158B851200B91F31 /* Products */,
			);
			sourceTree = "<group>";
		};
		F383C174158B851200B91F31 /* Products */ = {
			isa = PBXGroup;
			children = (
				F383C173158B851200B91F31 /* Start.app */,
			);
			name = Products;
			sourceTree = "<group>";
		};
		F383C176158B851200B91F31 /* Frameworks */ = {
			isa = PBXGroup;
			children = (
				F383C177158B851200B91F31 /* UIKit.framework */,
				F383C179158B851200B91F31 /* Foundation.framework */,
				F383C17B158B851200B91F31 /* CoreGraphics.framework */,
			);
			name = Frameworks;
			sourceTree = "<group>";
		};
		F383C17D158B851200B91F31 /* Start */ = {
			isa = PBXGroup;
			children = (
				F383C186158B851200B91F31 /* AppDelegate.h */,
				F383C187158B851200B91F31 /* AppDelegate.m */,
				F383C197158B85D100B91F31 /* Xibs */,
				F383C198158B85E400B91F31 /* Controllers */,
				F383C199158B870400B91F31 /* Views */,
				F383C1B0158B8E4200B91F31 /* Models */,
				F33F641B15951ED6000372AE /* Libs */,
				F3F825C61598E56E0017B752 /* resources */,
				F383C17E158B851200B91F31 /* Supporting Files */,
			);
			path = Start;
			sourceTree = "<group>";
		};
		F383C17E158B851200B91F31 /* Supporting Files */ = {
			isa = PBXGroup;
			children = (
				F383C17F158B851200B91F31 /* Start-Info.plist */,
				F383C180158B851200B91F31 /* InfoPlist.strings */,
				F383C183158B851200B91F31 /* main.m */,
				F383C185158B851200B91F31 /* Start-Prefix.pch */,
			);
			name = "Supporting Files";
			sourceTree = "<group>";
		};
		F383C197158B85D100B91F31 /* Xibs */ = {
			isa = PBXGroup;
			children = (
				F383C18C158B851300B91F31 /* ViewController_iPhone.xib */,
				F383C18F158B851300B91F31 /* ViewController_iPad.xib */,
			);
			name = Xibs;
			sourceTree = "<group>";
		};
		F383C198158B85E400B91F31 /* Controllers */ = {
			isa = PBXGroup;
			children = (
				F383C189158B851200B91F31 /* MasterViewController.h */,
				F383C18A158B851200B91F31 /* MasterViewController.m */,
			);
			name = Controllers;
			sourceTree = "<group>";
		};
		F383C199158B870400B91F31 /* Views */ = {
			isa = PBXGroup;
			children = (
				F383C19D158B879F00B91F31 /* SelectAlarmView.h */,
				F383C19E158B879F00B91F31 /* SelectAlarmView.m */,
				F327EC9B15938BE0008B962F /* AlarmView */,
				F3E5C39315BDBE10006959F4 /* NPTableView.h */,
				F3E5C39415BDBE10006959F4 /* NPTableView.m */,
				F3D82F7E15D96D4A00E120B3 /* SettingsView.h */,
				F3D82F7F15D96D4A00E120B3 /* SettingsView.m */,
			);
			name = Views;
			sourceTree = "<group>";
		};
		F383C1B0158B8E4200B91F31 /* Models */ = {
			isa = PBXGroup;
			children = (
				F317239415A63C5200007124 /* PListModel.h */,
				F317239515A63C5200007124 /* PListModel.m */,
				F327EC9515938906008B962F /* MusicManager.h */,
				F327EC9615938906008B962F /* MusicManager.m */,
				F3721DA715BF5CF500A365D1 /* MusicPlayer.h */,
				F3721DA815BF5CF500A365D1 /* MusicPlayer.m */,
			);
			name = Models;
			sourceTree = "<group>";
		};
		F3E78B6815C8BA1C0028ED08 /* Treescape */ = {
			isa = PBXGroup;
			children = (
				F3E78B6915C8BA2C0028ED08 /* Treescape.png */,
				F3E78B6A15C8BA2C0028ED08 /* Treescape@2x.png */,
			);
			name = Treescape;
			sourceTree = "<group>";
		};
		F3F17DE715FFD4080067D510 /* intro */ = {
			isa = PBXGroup;
			children = (
				F3F17DE815FFD4080067D510 /* create-icon.png */,
				F3F17DE915FFD4080067D510 /* create-icon@2x.png */,
				F3F17DEA15FFD4080067D510 /* flick-down-icon.png */,
				F3F17DEB15FFD4080067D510 /* flick-down-icon@2x.png */,
				F3F17DEC15FFD4080067D510 /* flick-up-icon.png */,
				F3F17DED15FFD4090067D510 /* flick-up-icon@2x.png */,
				F3F17DEE15FFD4090067D510 /* pinch-icon.png */,
				F3F17DEF15FFD4090067D510 /* pinch-icon@2x.png */,
				F3F17DF015FFD4090067D510 /* set-icon.png */,
				F3F17DF115FFD4090067D510 /* set-icon@2x.png */,
			);
			path = intro;
			sourceTree = "<group>";
		};
		F3F825C61598E56E0017B752 /* resources */ = {
			isa = PBXGroup;
			children = (
				F335A2CC15D418DF00F0A552 /* Audio */,
				F36C5CAD15A6396D00CC80C0 /* pList */,
				F3F825C71598E57C0017B752 /* fonts */,
				F33F642315967154000372AE /* img */,
			);
			name = resources;
			sourceTree = "<group>";
		};
		F3F825C71598E57C0017B752 /* fonts */ = {
			isa = PBXGroup;
			children = (
				F36DA9911598EA1E003A4F3C /* Roboto-Thin.ttf */,
				F3F825CA1598E63C0017B752 /* Roboto-Light.ttf */,
			);
			name = fonts;
			sourceTree = "<group>";
		};
		F3FD676815A740E90002AFC9 /* TestFlightSDK1.0 */ = {
			isa = PBXGroup;
			children = (
				F3FD676915A740E90002AFC9 /* libTestFlight.a */,
				F3FD676A15A740E90002AFC9 /* README.txt */,
				F3FD676B15A740E90002AFC9 /* release_notes.txt */,
				F3FD676C15A740E90002AFC9 /* TestFlight.h */,
			);
			path = TestFlightSDK1.0;
			sourceTree = "<group>";
		};
		F3FEC0AC15AC8E5C0032B893 /* selectSong */ = {
			isa = PBXGroup;
			children = (
				F31723E815A66A4700007124 /* clear-icon.png */,
				F31723E915A66A4700007124 /* clear-icon@2x.png */,
				F317240015A66A4700007124 /* search-icon.png */,
				F317240115A66A4700007124 /* search-icon@2x.png */,
				F31723F215A66A4700007124 /* no-sound-icon.png */,
				F31723F315A66A4700007124 /* no-sound-icon@2x.png */,
				F317240215A66A4700007124 /* song-icon.png */,
				F317240315A66A4700007124 /* song-icon@2x.png */,
				F317240615A66A4700007124 /* tone-icon.png */,
				F317240715A66A4700007124 /* tone-icon@2x.png */,
			);
			name = selectSong;
			sourceTree = "<group>";
		};
		F3FEC0AD15AC8E8C0032B893 /* SelectAction */ = {
			isa = PBXGroup;
			children = (
				F3C415FC15F043A400FA7165 /* reeder-icon@2x.png */,
				F31723E615A66A4700007124 /* calendar-icon.png */,
				F31723E715A66A4700007124 /* calendar-icon@2x.png */,
				F31723EA15A66A4700007124 /* facebook-icon.png */,
				F31723EB15A66A4700007124 /* facebook-icon@2x.png */,
				F31723EC15A66A4700007124 /* instagram-icon.png */,
				F31723ED15A66A4700007124 /* instagram-icon@2x.png */,
				F31723EE15A66A4700007124 /* music-icon.png */,
				F31723EF15A66A4700007124 /* music-icon@2x.png */,
				F31723F015A66A4700007124 /* no-action-icon.png */,
				F31723F115A66A4700007124 /* no-action-icon@2x.png */,
				F31723F415A66A4700007124 /* pandora-icon.png */,
				F31723F515A66A4700007124 /* pandora-icon@2x.png */,
				F31723F615A66A4700007124 /* path-icon.png */,
				F31723F715A66A4700007124 /* path-icon@2x.png */,
				F31723F815A66A4700007124 /* rdio-icon.png */,
				F31723F915A66A4700007124 /* rdio-icon@2x.png */,
				F31723FA15A66A4700007124 /* recent-icon.png */,
				F31723FB15A66A4700007124 /* recent-icon@2x.png */,
				F31723FC15A66A4700007124 /* reeder-icon.png */,
				F31723FD15A66A4700007124 /* reeder-icon@2x.png */,
				F31723FE15A66A4700007124 /* safari-icon.png */,
				F31723FF15A66A4700007124 /* safari-icon@2x.png */,
				F317240415A66A4700007124 /* spotify-icon.png */,
				F317240515A66A4700007124 /* spotify-icon@2x.png */,
				F317240815A66A4700007124 /* twitter-icon.png */,
				F317240915A66A4700007124 /* twitter-icon@2x.png */,
				F317240A15A66A4700007124 /* weather-icon.png */,
				F317240B15A66A4700007124 /* weather-icon@2x.png */,
			);
			name = SelectAction;
			sourceTree = "<group>";
		};
		F3FEC0AE15AC8FC60032B893 /* misc */ = {
			isa = PBXGroup;
			children = (
				F3C415FA15F043A300FA7165 /* bottom-fade.png */,
				F3C415FB15F043A300FA7165 /* bottom-fade@2x.png */,
				F37203AC15EFDFB600D75E9E /* Default.png */,
				F37203AD15EFDFB600D75E9E /* Default@2x.png */,
				F37C93D215E981C1000EBE07 /* grid.png */,
				F37C93D315E981C2000EBE07 /* grid@2x.png */,
				F37203AE15EFDFB600D75E9E /* Icon.png */,
				F37203AF15EFDFB600D75E9E /* Icon@2x.png */,
				F36DA9A415993C67003A4F3C /* plusButton.png */,
				F37203B015EFDFB600D75E9E /* tack-logo.png */,
				F3C415F815F0437F00FA7165 /* tack-logo@2x.png */,
				F3F825C41598CCD00017B752 /* toolbarBG.png */,
			);
			name = misc;
			sourceTree = "<group>";
		};
		F3FEC0AF15AC8FD00032B893 /* themes */ = {
			isa = PBXGroup;
			children = (
				F3CE912215F9518000A14210 /* chamaeleon.png */,
				F3CE912315F9518000A14210 /* chamaeleon@2x.png */,
				F3CE912415F9518000A14210 /* epsilon.png */,
				F3CE912515F9518000A14210 /* epsilon@2x.png */,
				F3CE912615F9518000A14210 /* galaxy.png */,
				F3CE912715F9518000A14210 /* galaxy@2x.png */,
				F3CE912815F9518000A14210 /* hydrus.png */,
				F3CE912915F9518000A14210 /* hydrus@2x.png */,
				F3CE912A15F9518000A14210 /* lynx.png */,
				F3CE912B15F9518000A14210 /* lynx@2x.png */,
				F3CE912C15F9518000A14210 /* pheonix.png */,
				F3CE912D15F9518000A14210 /* phoenix@2x.png */,
				F326511C15CAD61C00ABAF60 /* Brandon */,
				F3E78B6815C8BA1C0028ED08 /* Treescape */,
				F3143CDF15C454AC0098A276 /* OceanSide */,
				F3143CD915C4489C0098A276 /* NightSky */,
			);
			name = themes;
			sourceTree = "<group>";
		};
/* End PBXGroup section */

/* Begin PBXNativeTarget section */
		F383C172158B851200B91F31 /* Start */ = {
			isa = PBXNativeTarget;
			buildConfigurationList = F383C194158B851300B91F31 /* Build configuration list for PBXNativeTarget "Start" */;
			buildPhases = (
				F383C16F158B851200B91F31 /* Sources */,
				F383C170158B851200B91F31 /* Frameworks */,
				F383C171158B851200B91F31 /* Resources */,
			);
			buildRules = (
			);
			dependencies = (
			);
			name = Start;
			productName = Start;
			productReference = F383C173158B851200B91F31 /* Start.app */;
			productType = "com.apple.product-type.application";
		};
/* End PBXNativeTarget section */

/* Begin PBXProject section */
		F383C16A158B851100B91F31 /* Project object */ = {
			isa = PBXProject;
			attributes = {
				LastUpgradeCheck = 0430;
			};
			buildConfigurationList = F383C16D158B851100B91F31 /* Build configuration list for PBXProject "Start" */;
			compatibilityVersion = "Xcode 3.2";
			developmentRegion = English;
			hasScannedForEncodings = 0;
			knownRegions = (
				en,
			);
			mainGroup = F383C168158B851100B91F31;
			productRefGroup = F383C174158B851200B91F31 /* Products */;
			projectDirPath = "";
			projectRoot = "";
			targets = (
				F383C172158B851200B91F31 /* Start */,
			);
		};
/* End PBXProject section */

/* Begin PBXResourcesBuildPhase section */
		F383C171158B851200B91F31 /* Resources */ = {
			isa = PBXResourcesBuildPhase;
			buildActionMask = 2147483647;
			files = (
				F383C182158B851200B91F31 /* InfoPlist.strings in Resources */,
				F383C18E158B851300B91F31 /* ViewController_iPhone.xib in Resources */,
				F383C191158B851300B91F31 /* ViewController_iPad.xib in Resources */,
				F3F825C51598CCD00017B752 /* toolbarBG.png in Resources */,
				F3F825CB1598E63C0017B752 /* Roboto-Light.ttf in Resources */,
				F36DA9921598EA1E003A4F3C /* Roboto-Thin.ttf in Resources */,
				F36DA9A515993C67003A4F3C /* plusButton.png in Resources */,
				F317240C15A66A4700007124 /* calendar-icon.png in Resources */,
				F317240D15A66A4700007124 /* calendar-icon@2x.png in Resources */,
				F317240E15A66A4700007124 /* clear-icon.png in Resources */,
				F317240F15A66A4700007124 /* clear-icon@2x.png in Resources */,
				F317241015A66A4700007124 /* facebook-icon.png in Resources */,
				F317241115A66A4700007124 /* facebook-icon@2x.png in Resources */,
				F317241215A66A4700007124 /* instagram-icon.png in Resources */,
				F317241315A66A4700007124 /* instagram-icon@2x.png in Resources */,
				F317241415A66A4700007124 /* music-icon.png in Resources */,
				F317241515A66A4700007124 /* music-icon@2x.png in Resources */,
				F317241615A66A4700007124 /* no-action-icon.png in Resources */,
				F317241715A66A4700007124 /* no-action-icon@2x.png in Resources */,
				F317241815A66A4800007124 /* no-sound-icon.png in Resources */,
				F317241915A66A4800007124 /* no-sound-icon@2x.png in Resources */,
				F317241A15A66A4800007124 /* pandora-icon.png in Resources */,
				F317241B15A66A4800007124 /* pandora-icon@2x.png in Resources */,
				F317241C15A66A4800007124 /* path-icon.png in Resources */,
				F317241D15A66A4800007124 /* path-icon@2x.png in Resources */,
				F317241E15A66A4800007124 /* rdio-icon.png in Resources */,
				F317241F15A66A4800007124 /* rdio-icon@2x.png in Resources */,
				F317242015A66A4800007124 /* recent-icon.png in Resources */,
				F317242115A66A4800007124 /* recent-icon@2x.png in Resources */,
				F317242215A66A4800007124 /* reeder-icon.png in Resources */,
				F317242315A66A4800007124 /* reeder-icon@2x.png in Resources */,
				F317242415A66A4800007124 /* safari-icon.png in Resources */,
				F317242515A66A4800007124 /* safari-icon@2x.png in Resources */,
				F317242615A66A4800007124 /* search-icon.png in Resources */,
				F317242715A66A4800007124 /* search-icon@2x.png in Resources */,
				F317242815A66A4800007124 /* song-icon.png in Resources */,
				F317242915A66A4800007124 /* song-icon@2x.png in Resources */,
				F317242A15A66A4800007124 /* spotify-icon.png in Resources */,
				F317242B15A66A4800007124 /* spotify-icon@2x.png in Resources */,
				F317242C15A66A4800007124 /* tone-icon.png in Resources */,
				F317242D15A66A4800007124 /* tone-icon@2x.png in Resources */,
				F317242E15A66A4800007124 /* twitter-icon.png in Resources */,
				F317242F15A66A4800007124 /* twitter-icon@2x.png in Resources */,
				F317243015A66A4800007124 /* weather-icon.png in Resources */,
				F317243115A66A4800007124 /* weather-icon@2x.png in Resources */,
				F317243315A66FD000007124 /* search-divider.png in Resources */,
				F3FD676E15A740E90002AFC9 /* README.txt in Resources */,
				F3FD676F15A740E90002AFC9 /* release_notes.txt in Resources */,
				F3FD677715A7592B0002AFC9 /* actions.plist in Resources */,
				F3FD677815A7592B0002AFC9 /* alarms.plist in Resources */,
				F3FD677915A7592B0002AFC9 /* presetSongs.plist in Resources */,
				F3FD677A15A7592B0002AFC9 /* themes.plist in Resources */,
				F3143CDD15C448CC0098A276 /* NightSky.png in Resources */,
				F3143CDE15C448CC0098A276 /* NightSky@2x.png in Resources */,
				F3143CE215C454BE0098A276 /* Oceanside.png in Resources */,
				F3143CE315C454BE0098A276 /* Oceanside@2x.png in Resources */,
				F3E78B6B15C8BA2C0028ED08 /* Treescape.png in Resources */,
				F3E78B6C15C8BA2C0028ED08 /* Treescape@2x.png in Resources */,
				F326511A15CAD61400ABAF60 /* Brandon.png in Resources */,
				F326511B15CAD61400ABAF60 /* Brandon@2x.png in Resources */,
				F3D82F7515D45BA500E120B3 /* 1.wav in Resources */,
				F3D82F7615D45BA500E120B3 /* 2.wav in Resources */,
				F3D82F7715D45BA500E120B3 /* 3.wav in Resources */,
				F3D82F7815D45BA500E120B3 /* 4.wav in Resources */,
				F3D82F7915D45BA500E120B3 /* 5.wav in Resources */,
				F3D82F7A15D45BA500E120B3 /* 6.wav in Resources */,
				F37C93CB15E97FEA000EBE07 /* Icon.png in Resources */,
				F37C93CD15E97FF0000EBE07 /* Icon@2x.png in Resources */,
				F37C93D415E981C2000EBE07 /* grid.png in Resources */,
				F37C93D515E981C2000EBE07 /* grid@2x.png in Resources */,
				F37203B215EFDFB600D75E9E /* Default.png in Resources */,
				F37203B315EFDFB600D75E9E /* Default@2x.png in Resources */,
				F37203B415EFDFB600D75E9E /* Icon.png in Resources */,
				F37203B515EFDFB600D75E9E /* Icon@2x.png in Resources */,
				F37203B615EFDFB600D75E9E /* tack-logo.png in Resources */,
				F3C415F915F0437F00FA7165 /* tack-logo@2x.png in Resources */,
				F3C415FD15F043A400FA7165 /* bottom-fade.png in Resources */,
				F3C415FE15F043A400FA7165 /* bottom-fade@2x.png in Resources */,
				F3C415FF15F043A400FA7165 /* reeder-icon@2x.png in Resources */,
				F3CE912E15F9518000A14210 /* chamaeleon.png in Resources */,
				F3CE912F15F9518000A14210 /* chamaeleon@2x.png in Resources */,
				F3CE913015F9518000A14210 /* epsilon.png in Resources */,
				F3CE913115F9518000A14210 /* epsilon@2x.png in Resources */,
				F3CE913215F9518000A14210 /* galaxy.png in Resources */,
				F3CE913315F9518000A14210 /* galaxy@2x.png in Resources */,
				F3CE913415F9518000A14210 /* hydrus.png in Resources */,
				F3CE913515F9518000A14210 /* hydrus@2x.png in Resources */,
				F3CE913615F9518000A14210 /* lynx.png in Resources */,
				F3CE913715F9518000A14210 /* lynx@2x.png in Resources */,
				F3CE913815F9518000A14210 /* pheonix.png in Resources */,
				F3CE913915F9518000A14210 /* phoenix@2x.png in Resources */,
				F3F17DF215FFD4090067D510 /* create-icon.png in Resources */,
				F3F17DF315FFD4090067D510 /* create-icon@2x.png in Resources */,
				F3F17DF415FFD4090067D510 /* flick-down-icon.png in Resources */,
				F3F17DF515FFD4090067D510 /* flick-down-icon@2x.png in Resources */,
				F3F17DF615FFD4090067D510 /* flick-up-icon.png in Resources */,
				F3F17DF715FFD4090067D510 /* flick-up-icon@2x.png in Resources */,
				F3F17DF815FFD4090067D510 /* pinch-icon.png in Resources */,
				F3F17DF915FFD4090067D510 /* pinch-icon@2x.png in Resources */,
				F3F17DFA15FFD4090067D510 /* set-icon.png in Resources */,
				F3F17DFB15FFD4090067D510 /* set-icon@2x.png in Resources */,
			);
			runOnlyForDeploymentPostprocessing = 0;
		};
/* End PBXResourcesBuildPhase section */

/* Begin PBXSourcesBuildPhase section */
		F383C16F158B851200B91F31 /* Sources */ = {
			isa = PBXSourcesBuildPhase;
			buildActionMask = 2147483647;
			files = (
				F383C184158B851200B91F31 /* main.m in Sources */,
				F383C188158B851200B91F31 /* AppDelegate.m in Sources */,
				F383C18B158B851200B91F31 /* MasterViewController.m in Sources */,
				F383C19C158B874C00B91F31 /* AlarmView.m in Sources */,
				F383C19F158B879F00B91F31 /* SelectAlarmView.m in Sources */,
				F383C1A8158B880500B91F31 /* SelectActionView.m in Sources */,
				F3CD846E158FB0A400703717 /* SelectedTimeView.m in Sources */,
				F327EC9715938906008B962F /* MusicManager.m in Sources */,
				F33F641E15951F10000372AE /* UIImage+StackBlur.m in Sources */,
				F36DA99A1598EF0C003A4F3C /* SongCell.m in Sources */,
				F36DA99E1598F855003A4F3C /* ActionCell.m in Sources */,
				F36DA9A315993BBF003A4F3C /* SelectDurationView.m in Sources */,
				F31670E515A1109200725274 /* SearchSongCell.m in Sources */,
				F317239615A63C5200007124 /* PListModel.m in Sources */,
				F3FD677D15AB67E50002AFC9 /* LeftHeaderView.m in Sources */,
				F3FEC0A315ABC3010032B893 /* ReturnButtonView.m in Sources */,
				F3FEC0A715AC86360032B893 /* CountdownView.m in Sources */,
				F3E5C39515BDBE10006959F4 /* NPTableView.m in Sources */,
				F3721DA915BF5CF500A365D1 /* MusicPlayer.m in Sources */,
				F3143CE615C4D9AE0098A276 /* TimerView.m in Sources */,
				F3D82F8015D96D4B00E120B3 /* SettingsView.m in Sources */,
				F3A392F415F95B9200CCD436 /* SelectSongView.m in Sources */,
			);
			runOnlyForDeploymentPostprocessing = 0;
		};
/* End PBXSourcesBuildPhase section */

/* Begin PBXVariantGroup section */
		F383C180158B851200B91F31 /* InfoPlist.strings */ = {
			isa = PBXVariantGroup;
			children = (
				F383C181158B851200B91F31 /* en */,
			);
			name = InfoPlist.strings;
			sourceTree = "<group>";
		};
		F383C18C158B851300B91F31 /* ViewController_iPhone.xib */ = {
			isa = PBXVariantGroup;
			children = (
				F383C18D158B851300B91F31 /* en */,
			);
			name = ViewController_iPhone.xib;
			sourceTree = "<group>";
		};
		F383C18F158B851300B91F31 /* ViewController_iPad.xib */ = {
			isa = PBXVariantGroup;
			children = (
				F383C190158B851300B91F31 /* en */,
			);
			name = ViewController_iPad.xib;
			sourceTree = "<group>";
		};
/* End PBXVariantGroup section */

/* Begin XCBuildConfiguration section */
		F383C192158B851300B91F31 /* Debug */ = {
			isa = XCBuildConfiguration;
			buildSettings = {
				ALWAYS_SEARCH_USER_PATHS = NO;
				ARCHS = "$(ARCHS_STANDARD_32_BIT)";
				CLANG_ENABLE_OBJC_ARC = YES;
				"CODE_SIGN_IDENTITY[sdk=iphoneos*]" = "iPhone Developer";
				COPY_PHASE_STRIP = NO;
				GCC_C_LANGUAGE_STANDARD = gnu99;
				GCC_DYNAMIC_NO_PIC = NO;
				GCC_OPTIMIZATION_LEVEL = 0;
				GCC_PREPROCESSOR_DEFINITIONS = (
					"DEBUG=1",
					"$(inherited)",
				);
				GCC_SYMBOLS_PRIVATE_EXTERN = NO;
				GCC_VERSION = com.apple.compilers.llvm.clang.1_0;
				GCC_WARN_ABOUT_RETURN_TYPE = YES;
				GCC_WARN_UNINITIALIZED_AUTOS = YES;
				GCC_WARN_UNUSED_VARIABLE = YES;
				IPHONEOS_DEPLOYMENT_TARGET = 5.1;
				SDKROOT = iphoneos;
				STRIP_INSTALLED_PRODUCT = NO;
				TARGETED_DEVICE_FAMILY = "1,2";
			};
			name = Debug;
		};
		F383C193158B851300B91F31 /* Release */ = {
			isa = XCBuildConfiguration;
			buildSettings = {
				ALWAYS_SEARCH_USER_PATHS = NO;
				ARCHS = "$(ARCHS_STANDARD_32_BIT)";
				CLANG_ENABLE_OBJC_ARC = YES;
				"CODE_SIGN_IDENTITY[sdk=iphoneos*]" = "iPhone Developer";
				COPY_PHASE_STRIP = NO;
				GCC_C_LANGUAGE_STANDARD = gnu99;
				GCC_VERSION = com.apple.compilers.llvm.clang.1_0;
				GCC_WARN_ABOUT_RETURN_TYPE = YES;
				GCC_WARN_UNINITIALIZED_AUTOS = YES;
				GCC_WARN_UNUSED_VARIABLE = YES;
				IPHONEOS_DEPLOYMENT_TARGET = 5.1;
				OTHER_CFLAGS = "-DNS_BLOCK_ASSERTIONS=1";
				SDKROOT = iphoneos;
				STRIP_INSTALLED_PRODUCT = NO;
				TARGETED_DEVICE_FAMILY = "1,2";
				VALIDATE_PRODUCT = YES;
			};
			name = Release;
		};
		F383C195158B851300B91F31 /* Debug */ = {
			isa = XCBuildConfiguration;
			buildSettings = {
				CODE_SIGN_IDENTITY = "iPhone Developer";
				GCC_PRECOMPILE_PREFIX_HEADER = YES;
				GCC_PREFIX_HEADER = "Start/Start-Prefix.pch";
				INFOPLIST_FILE = "Start/Start-Info.plist";
				IPHONEOS_DEPLOYMENT_TARGET = 5.0;
				LIBRARY_SEARCH_PATHS = (
					"$(inherited)",
					"\"$(SRCROOT)/TestFlightSDK1.0\"",
				);
				PRODUCT_NAME = "$(TARGET_NAME)";
				PROVISIONING_PROFILE = "";
				WRAPPER_EXTENSION = app;
			};
			name = Debug;
		};
		F383C196158B851300B91F31 /* Release */ = {
			isa = XCBuildConfiguration;
			buildSettings = {
				CODE_SIGN_IDENTITY = "iPhone Developer";
				GCC_PRECOMPILE_PREFIX_HEADER = YES;
				GCC_PREFIX_HEADER = "Start/Start-Prefix.pch";
				INFOPLIST_FILE = "Start/Start-Info.plist";
				IPHONEOS_DEPLOYMENT_TARGET = 5.0;
				LIBRARY_SEARCH_PATHS = (
					"$(inherited)",
					"\"$(SRCROOT)/TestFlightSDK1.0\"",
				);
				PRODUCT_NAME = "$(TARGET_NAME)";
				PROVISIONING_PROFILE = "";
				WRAPPER_EXTENSION = app;
			};
			name = Release;
		};
/* End XCBuildConfiguration section */

/* Begin XCConfigurationList section */
		F383C16D158B851100B91F31 /* Build configuration list for PBXProject "Start" */ = {
			isa = XCConfigurationList;
			buildConfigurations = (
				F383C192158B851300B91F31 /* Debug */,
				F383C193158B851300B91F31 /* Release */,
			);
			defaultConfigurationIsVisible = 0;
			defaultConfigurationName = Release;
		};
		F383C194158B851300B91F31 /* Build configuration list for PBXNativeTarget "Start" */ = {
			isa = XCConfigurationList;
			buildConfigurations = (
				F383C195158B851300B91F31 /* Debug */,
				F383C196158B851300B91F31 /* Release */,
			);
			defaultConfigurationIsVisible = 0;
			defaultConfigurationName = Release;
		};
/* End XCConfigurationList section */
	};
	rootObject = F383C16A158B851100B91F31 /* Project object */;
}
