// !$*UTF8*$!
{
	archiveVersion = 1;
	classes = {
	};
	objectVersion = 46;
	objects = {

/* Begin PBXBuildFile section */
		961FC3C116667EEA0078219B /* tweetbot-icon.png in Resources */ = {isa = PBXBuildFile; fileRef = 961FC3BF16667EEA0078219B /* tweetbot-icon.png */; };
		961FC3C216667EEA0078219B /* tweetbot-icon@2x.png in Resources */ = {isa = PBXBuildFile; fileRef = 961FC3C016667EEA0078219B /* tweetbot-icon@2x.png */; };
		965179D0166D3079004A18A1 /* Icon-72.png in Resources */ = {isa = PBXBuildFile; fileRef = 965179CF166D3079004A18A1 /* Icon-72.png */; };
		965179D2166D3082004A18A1 /* Icon-72@2x.png in Resources */ = {isa = PBXBuildFile; fileRef = 965179D1166D3082004A18A1 /* Icon-72@2x.png */; };
		966D3A651624B0CC006CE871 /* libTestFlight.a in Frameworks */ = {isa = PBXBuildFile; fileRef = 966D3A611624B0CC006CE871 /* libTestFlight.a */; };
		966D3A661624B0CC006CE871 /* README.md in Resources */ = {isa = PBXBuildFile; fileRef = 966D3A621624B0CC006CE871 /* README.md */; };
		966D3A671624B0CC006CE871 /* release_notes.md in Resources */ = {isa = PBXBuildFile; fileRef = 966D3A631624B0CC006CE871 /* release_notes.md */; };
		967095FF163095BE004611ED /* lynx2.wav in Resources */ = {isa = PBXBuildFile; fileRef = 967095FE163095BE004611ED /* lynx2.wav */; };
		96861C131631C47C00390DEF /* about.png in Resources */ = {isa = PBXBuildFile; fileRef = 96861C111631C47C00390DEF /* about.png */; };
		96861C141631C47C00390DEF /* about@2x.png in Resources */ = {isa = PBXBuildFile; fileRef = 96861C121631C47C00390DEF /* about@2x.png */; };
		969A68CC16371E8F008676D3 /* about-568h@2x.png in Resources */ = {isa = PBXBuildFile; fileRef = 969A68CA16371E8F008676D3 /* about-568h@2x.png */; };
		969A68CD16371E8F008676D3 /* grid-background-568h@2x.png in Resources */ = {isa = PBXBuildFile; fileRef = 969A68CB16371E8F008676D3 /* grid-background-568h@2x.png */; };
		969CB934163EE2C0006D2E1B /* pinch-icon.png in Resources */ = {isa = PBXBuildFile; fileRef = 969CB932163EE2C0006D2E1B /* pinch-icon.png */; };
		969CB935163EE2C0006D2E1B /* pinch-icon@2x.png in Resources */ = {isa = PBXBuildFile; fileRef = 969CB933163EE2C0006D2E1B /* pinch-icon@2x.png */; };
		96A58E1C167F964E003C2E5C /* flipboard-icon.png in Resources */ = {isa = PBXBuildFile; fileRef = 96A58E1A167F964E003C2E5C /* flipboard-icon.png */; };
		96A58E1D167F964E003C2E5C /* flipboard-icon@2x.png in Resources */ = {isa = PBXBuildFile; fileRef = 96A58E1B167F964E003C2E5C /* flipboard-icon@2x.png */; };
		96A58E20167F9657003C2E5C /* zite-icon.png in Resources */ = {isa = PBXBuildFile; fileRef = 96A58E1E167F9657003C2E5C /* zite-icon.png */; };
		96A58E21167F9657003C2E5C /* zite-icon@2x.png in Resources */ = {isa = PBXBuildFile; fileRef = 96A58E1F167F9657003C2E5C /* zite-icon@2x.png */; };
		96A6D504166D13B800679908 /* fantastical-icon.png in Resources */ = {isa = PBXBuildFile; fileRef = 96A6D502166D13B800679908 /* fantastical-icon.png */; };
		96A6D505166D13B800679908 /* fantastical-icon@2x.png in Resources */ = {isa = PBXBuildFile; fileRef = 96A6D503166D13B800679908 /* fantastical-icon@2x.png */; };
		96A6D509166D13EA00679908 /* sparrow-icon.png in Resources */ = {isa = PBXBuildFile; fileRef = 96A6D507166D13EA00679908 /* sparrow-icon.png */; };
		96A6D50A166D13EA00679908 /* sparrow-icon@2x.png in Resources */ = {isa = PBXBuildFile; fileRef = 96A6D508166D13EA00679908 /* sparrow-icon@2x.png */; };
		96BC44DA1635B07000707007 /* chamaeleon2.wav in Resources */ = {isa = PBXBuildFile; fileRef = 96BC44D91635B07000707007 /* chamaeleon2.wav */; };
		96BC44DD1635B0CB00707007 /* epsilon2.wav in Resources */ = {isa = PBXBuildFile; fileRef = 96BC44DC1635B0CB00707007 /* epsilon2.wav */; };
		96BC44DF1635B12700707007 /* hydrus2.wav in Resources */ = {isa = PBXBuildFile; fileRef = 96BC44DE1635B12700707007 /* hydrus2.wav */; };
		96BC44E11635B19100707007 /* phoenix2.wav in Resources */ = {isa = PBXBuildFile; fileRef = 96BC44E01635B19100707007 /* phoenix2.wav */; };
		96BC44E31635EA7000707007 /* Default-568h@2x.png in Resources */ = {isa = PBXBuildFile; fileRef = 96BC44E21635EA7000707007 /* Default-568h@2x.png */; };
		96D707A5167A35FC00DC4C89 /* twitterrific-icon.png in Resources */ = {isa = PBXBuildFile; fileRef = 96D707A3167A35FC00DC4C89 /* twitterrific-icon.png */; };
		96D707A6167A35FC00DC4C89 /* twitterrific-icon@2x.png in Resources */ = {isa = PBXBuildFile; fileRef = 96D707A4167A35FC00DC4C89 /* twitterrific-icon@2x.png */; };
		96D707AF167A3FD800DC4C89 /* gmail-icon.png in Resources */ = {isa = PBXBuildFile; fileRef = 96D707AD167A3FD800DC4C89 /* gmail-icon.png */; };
		96D707B0167A3FD800DC4C89 /* gmail-icon@2x.png in Resources */ = {isa = PBXBuildFile; fileRef = 96D707AE167A3FD800DC4C89 /* gmail-icon@2x.png */; };
		96E2A95F1625E0E800C45C27 /* chamaeleon.wav in Resources */ = {isa = PBXBuildFile; fileRef = EA13EE1915FD124E004E16C7 /* chamaeleon.wav */; };
		96E2A9601625E0E800C45C27 /* epsilon.wav in Resources */ = {isa = PBXBuildFile; fileRef = EA13EE1A15FD124E004E16C7 /* epsilon.wav */; };
		96E2A9611625E0E800C45C27 /* galaxy.wav in Resources */ = {isa = PBXBuildFile; fileRef = EA13EE1B15FD124E004E16C7 /* galaxy.wav */; };
		96E2A9621625E0E800C45C27 /* hydrus.wav in Resources */ = {isa = PBXBuildFile; fileRef = EA13EE1C15FD124E004E16C7 /* hydrus.wav */; };
		96E2A9631625E0E800C45C27 /* lynx.wav in Resources */ = {isa = PBXBuildFile; fileRef = EA13EE2115FD1A5E004E16C7 /* lynx.wav */; };
		96E2A9641625E0E800C45C27 /* phoenix.wav in Resources */ = {isa = PBXBuildFile; fileRef = EA13EE2315FD260A004E16C7 /* phoenix.wav */; };
		96E58C9F1639A51000D5653E /* tack-logo.png in Resources */ = {isa = PBXBuildFile; fileRef = 96E58C9E1639A51000D5653E /* tack-logo.png */; };
		96E58CA11639A5A500D5653E /* tack-logo@2x.png in Resources */ = {isa = PBXBuildFile; fileRef = 96E58CA01639A5A500D5653E /* tack-logo@2x.png */; };
		96F70071168377900020A6CB /* pocket-icon.png in Resources */ = {isa = PBXBuildFile; fileRef = 96F7006F168377900020A6CB /* pocket-icon.png */; };
		96F70072168377900020A6CB /* pocket-icon@2x.png in Resources */ = {isa = PBXBuildFile; fileRef = 96F70070168377900020A6CB /* pocket-icon@2x.png */; };
		96F700761683779A0020A6CB /* anydo-icon.png in Resources */ = {isa = PBXBuildFile; fileRef = 96F700741683779A0020A6CB /* anydo-icon.png */; };
		96F700771683779A0020A6CB /* anydo-icon@2x.png in Resources */ = {isa = PBXBuildFile; fileRef = 96F700751683779A0020A6CB /* anydo-icon@2x.png */; };
		F3143CE615C4D9AE0098A276 /* TimerView.m in Sources */ = {isa = PBXBuildFile; fileRef = F3143CE515C4D9AE0098A276 /* TimerView.m */; };
		F31670E515A1109200725274 /* SearchSongCell.m in Sources */ = {isa = PBXBuildFile; fileRef = F31670E415A1109200725274 /* SearchSongCell.m */; };
		F317239615A63C5200007124 /* PListModel.m in Sources */ = {isa = PBXBuildFile; fileRef = F317239515A63C5200007124 /* PListModel.m */; };
		F326511615C9F1E500ABAF60 /* QuartzCore.framework in Frameworks */ = {isa = PBXBuildFile; fileRef = F326511515C9F1E500ABAF60 /* QuartzCore.framework */; };
		F327EC9715938906008B962F /* MusicManager.m in Sources */ = {isa = PBXBuildFile; fileRef = F327EC9615938906008B962F /* MusicManager.m */; };
		F327EC9A15938BBF008B962F /* MediaPlayer.framework in Frameworks */ = {isa = PBXBuildFile; fileRef = F327EC9915938BBF008B962F /* MediaPlayer.framework */; };
		F3292F46168C038B003D5F9A /* RingFillShapeLayer.m in Sources */ = {isa = PBXBuildFile; fileRef = F3292F45168C038B003D5F9A /* RingFillShapeLayer.m */; };
		F335A2C615D035FA00F0A552 /* AudioToolbox.framework in Frameworks */ = {isa = PBXBuildFile; fileRef = F335A2C515D035FA00F0A552 /* AudioToolbox.framework */; };
		F335A2D015D41BF700F0A552 /* AVFoundation.framework in Frameworks */ = {isa = PBXBuildFile; fileRef = F335A2CF15D41BF600F0A552 /* AVFoundation.framework */; };
		F335FA1E16CB5E9800ECF8AB /* readmill-icon.png in Resources */ = {isa = PBXBuildFile; fileRef = F335FA1C16CB5E9800ECF8AB /* readmill-icon.png */; };
		F335FA1F16CB5E9800ECF8AB /* readmill-icon@2x.png in Resources */ = {isa = PBXBuildFile; fileRef = F335FA1D16CB5E9800ECF8AB /* readmill-icon@2x.png */; };
		F335FA3316CB623B00ECF8AB /* tap-icon.png in Resources */ = {isa = PBXBuildFile; fileRef = F335FA3116CB623B00ECF8AB /* tap-icon.png */; };
		F335FA3416CB623B00ECF8AB /* tap-icon@2x.png in Resources */ = {isa = PBXBuildFile; fileRef = F335FA3216CB623B00ECF8AB /* tap-icon@2x.png */; };
		F33F641E15951F10000372AE /* UIImage+StackBlur.m in Sources */ = {isa = PBXBuildFile; fileRef = F33F641D15951F10000372AE /* UIImage+StackBlur.m */; };
		F36DA9921598EA1E003A4F3C /* Roboto-Thin.ttf in Resources */ = {isa = PBXBuildFile; fileRef = F36DA9911598EA1E003A4F3C /* Roboto-Thin.ttf */; };
		F36DA99A1598EF0C003A4F3C /* SongCell.m in Sources */ = {isa = PBXBuildFile; fileRef = F36DA9991598EF0C003A4F3C /* SongCell.m */; };
		F36DA99E1598F855003A4F3C /* ActionCell.m in Sources */ = {isa = PBXBuildFile; fileRef = F36DA99D1598F855003A4F3C /* ActionCell.m */; };
		F36DA9A315993BBF003A4F3C /* SelectDurationView.m in Sources */ = {isa = PBXBuildFile; fileRef = F36DA9A215993BBF003A4F3C /* SelectDurationView.m */; };
		F37203B215EFDFB600D75E9E /* Default.png in Resources */ = {isa = PBXBuildFile; fileRef = F37203AC15EFDFB600D75E9E /* Default.png */; };
		F37203B315EFDFB600D75E9E /* Default@2x.png in Resources */ = {isa = PBXBuildFile; fileRef = F37203AD15EFDFB600D75E9E /* Default@2x.png */; };
		F3721DA915BF5CF500A365D1 /* MusicPlayer.m in Sources */ = {isa = PBXBuildFile; fileRef = F3721DA815BF5CF500A365D1 /* MusicPlayer.m */; };
		F37A059816C00BDC0002AAA2 /* dayone-icon.png in Resources */ = {isa = PBXBuildFile; fileRef = F37A059616C00BDC0002AAA2 /* dayone-icon.png */; };
		F37A059916C00BDC0002AAA2 /* dayone-icon@2x.png in Resources */ = {isa = PBXBuildFile; fileRef = F37A059716C00BDC0002AAA2 /* dayone-icon@2x.png */; };
		F37C93CB15E97FEA000EBE07 /* Icon.png in Resources */ = {isa = PBXBuildFile; fileRef = F37C93CA15E97FEA000EBE07 /* Icon.png */; };
		F37C93CD15E97FF0000EBE07 /* Icon@2x.png in Resources */ = {isa = PBXBuildFile; fileRef = F37C93CC15E97FEF000EBE07 /* Icon@2x.png */; };
		F37E556C1680FB3D002FB2EB /* StopwatchViewController.m in Sources */ = {isa = PBXBuildFile; fileRef = F37E556B1680FB3D002FB2EB /* StopwatchViewController.m */; };
		F383C178158B851200B91F31 /* UIKit.framework in Frameworks */ = {isa = PBXBuildFile; fileRef = F383C177158B851200B91F31 /* UIKit.framework */; };
		F383C17A158B851200B91F31 /* Foundation.framework in Frameworks */ = {isa = PBXBuildFile; fileRef = F383C179158B851200B91F31 /* Foundation.framework */; };
		F383C17C158B851200B91F31 /* CoreGraphics.framework in Frameworks */ = {isa = PBXBuildFile; fileRef = F383C17B158B851200B91F31 /* CoreGraphics.framework */; };
		F383C182158B851200B91F31 /* InfoPlist.strings in Resources */ = {isa = PBXBuildFile; fileRef = F383C180158B851200B91F31 /* InfoPlist.strings */; };
		F383C184158B851200B91F31 /* main.m in Sources */ = {isa = PBXBuildFile; fileRef = F383C183158B851200B91F31 /* main.m */; };
		F383C188158B851200B91F31 /* AppDelegate.m in Sources */ = {isa = PBXBuildFile; fileRef = F383C187158B851200B91F31 /* AppDelegate.m */; };
		F383C18B158B851200B91F31 /* MasterViewController.m in Sources */ = {isa = PBXBuildFile; fileRef = F383C18A158B851200B91F31 /* MasterViewController.m */; };
		F383C18E158B851300B91F31 /* ViewController_iPhone.xib in Resources */ = {isa = PBXBuildFile; fileRef = F383C18C158B851300B91F31 /* ViewController_iPhone.xib */; };
		F383C191158B851300B91F31 /* ViewController_iPad.xib in Resources */ = {isa = PBXBuildFile; fileRef = F383C18F158B851300B91F31 /* ViewController_iPad.xib */; };
		F383C19C158B874C00B91F31 /* AlarmView.m in Sources */ = {isa = PBXBuildFile; fileRef = F383C19B158B874C00B91F31 /* AlarmView.m */; };
		F383C19F158B879F00B91F31 /* SelectAlarmView.m in Sources */ = {isa = PBXBuildFile; fileRef = F383C19E158B879F00B91F31 /* SelectAlarmView.m */; };
		F383C1A8158B880500B91F31 /* SelectActionView.m in Sources */ = {isa = PBXBuildFile; fileRef = F383C1A7158B880500B91F31 /* SelectActionView.m */; };
		F3AE566D16151F2700266DAD /* SelectSongView.m in Sources */ = {isa = PBXBuildFile; fileRef = F3AE566C16151F2700266DAD /* SelectSongView.m */; };
		F3CA96381602328C00D237FC /* SettingsView.m in Sources */ = {isa = PBXBuildFile; fileRef = F3CA96371602328C00D237FC /* SettingsView.m */; };
		F3CA9654160232BE00D237FC /* chamaeleon.png in Resources */ = {isa = PBXBuildFile; fileRef = F3CA9648160232BE00D237FC /* chamaeleon.png */; };
		F3CA9655160232BE00D237FC /* chamaeleon@2x.png in Resources */ = {isa = PBXBuildFile; fileRef = F3CA9649160232BE00D237FC /* chamaeleon@2x.png */; };
		F3CA9656160232BE00D237FC /* epsilon.png in Resources */ = {isa = PBXBuildFile; fileRef = F3CA964A160232BE00D237FC /* epsilon.png */; };
		F3CA9657160232BE00D237FC /* epsilon@2x.png in Resources */ = {isa = PBXBuildFile; fileRef = F3CA964B160232BE00D237FC /* epsilon@2x.png */; };
		F3CA9658160232BE00D237FC /* galaxy.png in Resources */ = {isa = PBXBuildFile; fileRef = F3CA964C160232BE00D237FC /* galaxy.png */; };
		F3CA9659160232BE00D237FC /* galaxy@2x.png in Resources */ = {isa = PBXBuildFile; fileRef = F3CA964D160232BE00D237FC /* galaxy@2x.png */; };
		F3CA965A160232BE00D237FC /* hydrus.png in Resources */ = {isa = PBXBuildFile; fileRef = F3CA964E160232BE00D237FC /* hydrus.png */; };
		F3CA965B160232BE00D237FC /* hydrus@2x.png in Resources */ = {isa = PBXBuildFile; fileRef = F3CA964F160232BE00D237FC /* hydrus@2x.png */; };
		F3CA965C160232BE00D237FC /* lynx.png in Resources */ = {isa = PBXBuildFile; fileRef = F3CA9650160232BE00D237FC /* lynx.png */; };
		F3CA965D160232BE00D237FC /* lynx@2x.png in Resources */ = {isa = PBXBuildFile; fileRef = F3CA9651160232BE00D237FC /* lynx@2x.png */; };
		F3CA965E160232BE00D237FC /* pheonix.png in Resources */ = {isa = PBXBuildFile; fileRef = F3CA9652160232BE00D237FC /* pheonix.png */; };
		F3CA965F160232BE00D237FC /* phoenix@2x.png in Resources */ = {isa = PBXBuildFile; fileRef = F3CA9653160232BE00D237FC /* phoenix@2x.png */; };
		F3CA966B1602330600D237FC /* bottom-fade.png in Resources */ = {isa = PBXBuildFile; fileRef = F3CA96601602330600D237FC /* bottom-fade.png */; };
		F3CA966C1602330600D237FC /* bottom-fade@2x.png in Resources */ = {isa = PBXBuildFile; fileRef = F3CA96611602330600D237FC /* bottom-fade@2x.png */; };
		F3CA966D1602330600D237FC /* grid-background.png in Resources */ = {isa = PBXBuildFile; fileRef = F3CA96621602330600D237FC /* grid-background.png */; };
		F3CA966E1602330600D237FC /* grid-background@2x.png in Resources */ = {isa = PBXBuildFile; fileRef = F3CA96631602330600D237FC /* grid-background@2x.png */; };
		F3CA966F1602330600D237FC /* grid.png in Resources */ = {isa = PBXBuildFile; fileRef = F3CA96641602330600D237FC /* grid.png */; };
		F3CA96701602330600D237FC /* grid@2x.png in Resources */ = {isa = PBXBuildFile; fileRef = F3CA96651602330600D237FC /* grid@2x.png */; };
		F3CA96711602330600D237FC /* plusButton.png in Resources */ = {isa = PBXBuildFile; fileRef = F3CA96661602330600D237FC /* plusButton.png */; };
		F3CA96721602330600D237FC /* search-divider.png in Resources */ = {isa = PBXBuildFile; fileRef = F3CA96671602330600D237FC /* search-divider.png */; };
		F3CA96731602330600D237FC /* tack-logo1.png in Resources */ = {isa = PBXBuildFile; fileRef = F3CA96681602330600D237FC /* tack-logo1.png */; };
		F3CA96741602330600D237FC /* tack-logo1@2x.png in Resources */ = {isa = PBXBuildFile; fileRef = F3CA96691602330600D237FC /* tack-logo1@2x.png */; };
		F3CA96751602330600D237FC /* toolbarBG.png in Resources */ = {isa = PBXBuildFile; fileRef = F3CA966A1602330600D237FC /* toolbarBG.png */; };
		F3CA969C1602332B00D237FC /* calendar-icon.png in Resources */ = {isa = PBXBuildFile; fileRef = F3CA96761602332B00D237FC /* calendar-icon.png */; };
		F3CA969D1602332B00D237FC /* calendar-icon@2x.png in Resources */ = {isa = PBXBuildFile; fileRef = F3CA96771602332B00D237FC /* calendar-icon@2x.png */; };
		F3CA969E1602332B00D237FC /* clear-icon.png in Resources */ = {isa = PBXBuildFile; fileRef = F3CA96781602332B00D237FC /* clear-icon.png */; };
		F3CA969F1602332B00D237FC /* clear-icon@2x.png in Resources */ = {isa = PBXBuildFile; fileRef = F3CA96791602332B00D237FC /* clear-icon@2x.png */; };
		F3CA96A01602332B00D237FC /* facebook-icon.png in Resources */ = {isa = PBXBuildFile; fileRef = F3CA967A1602332B00D237FC /* facebook-icon.png */; };
		F3CA96A11602332B00D237FC /* facebook-icon@2x.png in Resources */ = {isa = PBXBuildFile; fileRef = F3CA967B1602332B00D237FC /* facebook-icon@2x.png */; };
		F3CA96A21602332B00D237FC /* instagram-icon.png in Resources */ = {isa = PBXBuildFile; fileRef = F3CA967C1602332B00D237FC /* instagram-icon.png */; };
		F3CA96A31602332B00D237FC /* instagram-icon@2x.png in Resources */ = {isa = PBXBuildFile; fileRef = F3CA967D1602332B00D237FC /* instagram-icon@2x.png */; };
		F3CA96A41602332B00D237FC /* music-icon.png in Resources */ = {isa = PBXBuildFile; fileRef = F3CA967E1602332B00D237FC /* music-icon.png */; };
		F3CA96A51602332B00D237FC /* music-icon@2x.png in Resources */ = {isa = PBXBuildFile; fileRef = F3CA967F1602332B00D237FC /* music-icon@2x.png */; };
		F3CA96A61602332B00D237FC /* no-action-icon.png in Resources */ = {isa = PBXBuildFile; fileRef = F3CA96801602332B00D237FC /* no-action-icon.png */; };
		F3CA96A71602332B00D237FC /* no-action-icon@2x.png in Resources */ = {isa = PBXBuildFile; fileRef = F3CA96811602332B00D237FC /* no-action-icon@2x.png */; };
		F3CA96A81602332B00D237FC /* no-sound-icon.png in Resources */ = {isa = PBXBuildFile; fileRef = F3CA96821602332B00D237FC /* no-sound-icon.png */; };
		F3CA96A91602332B00D237FC /* no-sound-icon@2x.png in Resources */ = {isa = PBXBuildFile; fileRef = F3CA96831602332B00D237FC /* no-sound-icon@2x.png */; };
		F3CA96AA1602332B00D237FC /* pandora-icon.png in Resources */ = {isa = PBXBuildFile; fileRef = F3CA96841602332B00D237FC /* pandora-icon.png */; };
		F3CA96AB1602332B00D237FC /* pandora-icon@2x.png in Resources */ = {isa = PBXBuildFile; fileRef = F3CA96851602332B00D237FC /* pandora-icon@2x.png */; };
		F3CA96AC1602332B00D237FC /* path-icon.png in Resources */ = {isa = PBXBuildFile; fileRef = F3CA96861602332B00D237FC /* path-icon.png */; };
		F3CA96AD1602332B00D237FC /* path-icon@2x.png in Resources */ = {isa = PBXBuildFile; fileRef = F3CA96871602332B00D237FC /* path-icon@2x.png */; };
		F3CA96AE1602332B00D237FC /* rdio-icon.png in Resources */ = {isa = PBXBuildFile; fileRef = F3CA96881602332B00D237FC /* rdio-icon.png */; };
		F3CA96AF1602332B00D237FC /* rdio-icon@2x.png in Resources */ = {isa = PBXBuildFile; fileRef = F3CA96891602332B00D237FC /* rdio-icon@2x.png */; };
		F3CA96B01602332B00D237FC /* recent-icon.png in Resources */ = {isa = PBXBuildFile; fileRef = F3CA968A1602332B00D237FC /* recent-icon.png */; };
		F3CA96B11602332B00D237FC /* recent-icon@2x.png in Resources */ = {isa = PBXBuildFile; fileRef = F3CA968B1602332B00D237FC /* recent-icon@2x.png */; };
		F3CA96B21602332B00D237FC /* reeder-icon.png in Resources */ = {isa = PBXBuildFile; fileRef = F3CA968C1602332B00D237FC /* reeder-icon.png */; };
		F3CA96B31602332B00D237FC /* reeder-icon@2x.png in Resources */ = {isa = PBXBuildFile; fileRef = F3CA968D1602332B00D237FC /* reeder-icon@2x.png */; };
		F3CA96B41602332B00D237FC /* safari-icon.png in Resources */ = {isa = PBXBuildFile; fileRef = F3CA968E1602332B00D237FC /* safari-icon.png */; };
		F3CA96B51602332B00D237FC /* safari-icon@2x.png in Resources */ = {isa = PBXBuildFile; fileRef = F3CA968F1602332B00D237FC /* safari-icon@2x.png */; };
		F3CA96B61602332B00D237FC /* search-icon.png in Resources */ = {isa = PBXBuildFile; fileRef = F3CA96901602332B00D237FC /* search-icon.png */; };
		F3CA96B71602332B00D237FC /* search-icon@2x.png in Resources */ = {isa = PBXBuildFile; fileRef = F3CA96911602332B00D237FC /* search-icon@2x.png */; };
		F3CA96B81602332B00D237FC /* song-icon.png in Resources */ = {isa = PBXBuildFile; fileRef = F3CA96921602332B00D237FC /* song-icon.png */; };
		F3CA96B91602332B00D237FC /* song-icon@2x.png in Resources */ = {isa = PBXBuildFile; fileRef = F3CA96931602332B00D237FC /* song-icon@2x.png */; };
		F3CA96BA1602332B00D237FC /* spotify-icon.png in Resources */ = {isa = PBXBuildFile; fileRef = F3CA96941602332B00D237FC /* spotify-icon.png */; };
		F3CA96BB1602332B00D237FC /* spotify-icon@2x.png in Resources */ = {isa = PBXBuildFile; fileRef = F3CA96951602332B00D237FC /* spotify-icon@2x.png */; };
		F3CA96BC1602332B00D237FC /* tone-icon.png in Resources */ = {isa = PBXBuildFile; fileRef = F3CA96961602332B00D237FC /* tone-icon.png */; };
		F3CA96BD1602332B00D237FC /* tone-icon@2x.png in Resources */ = {isa = PBXBuildFile; fileRef = F3CA96971602332B00D237FC /* tone-icon@2x.png */; };
		F3CA96BE1602332B00D237FC /* twitter-icon.png in Resources */ = {isa = PBXBuildFile; fileRef = F3CA96981602332B00D237FC /* twitter-icon.png */; };
		F3CA96BF1602332B00D237FC /* twitter-icon@2x.png in Resources */ = {isa = PBXBuildFile; fileRef = F3CA96991602332B00D237FC /* twitter-icon@2x.png */; };
		F3CA96C01602332B00D237FC /* weather-icon.png in Resources */ = {isa = PBXBuildFile; fileRef = F3CA969A1602332B00D237FC /* weather-icon.png */; };
		F3CA96C11602332B00D237FC /* weather-icon@2x.png in Resources */ = {isa = PBXBuildFile; fileRef = F3CA969B1602332B00D237FC /* weather-icon@2x.png */; };
		F3CA96CE1602333D00D237FC /* create-icon.png in Resources */ = {isa = PBXBuildFile; fileRef = F3CA96C21602333D00D237FC /* create-icon.png */; };
		F3CA96CF1602333D00D237FC /* create-icon@2x.png in Resources */ = {isa = PBXBuildFile; fileRef = F3CA96C31602333D00D237FC /* create-icon@2x.png */; };
		F3CA96D01602333D00D237FC /* flick-down-icon.png in Resources */ = {isa = PBXBuildFile; fileRef = F3CA96C41602333D00D237FC /* flick-down-icon.png */; };
		F3CA96D11602333D00D237FC /* flick-down-icon@2x.png in Resources */ = {isa = PBXBuildFile; fileRef = F3CA96C51602333D00D237FC /* flick-down-icon@2x.png */; };
		F3CA96D21602333D00D237FC /* flick-up-icon.png in Resources */ = {isa = PBXBuildFile; fileRef = F3CA96C61602333D00D237FC /* flick-up-icon.png */; };
		F3CA96D31602333D00D237FC /* flick-up-icon@2x.png in Resources */ = {isa = PBXBuildFile; fileRef = F3CA96C71602333D00D237FC /* flick-up-icon@2x.png */; };
		F3CA96D81602333D00D237FC /* set-icon.png in Resources */ = {isa = PBXBuildFile; fileRef = F3CA96CC1602333D00D237FC /* set-icon.png */; };
		F3CA96D91602333D00D237FC /* set-icon@2x.png in Resources */ = {isa = PBXBuildFile; fileRef = F3CA96CD1602333D00D237FC /* set-icon@2x.png */; };
		F3CA96DD1602364000D237FC /* RadialGradientView.m in Sources */ = {isa = PBXBuildFile; fileRef = F3CA96DC1602364000D237FC /* RadialGradientView.m */; };
		F3CD846E158FB0A400703717 /* SelectedTimeView.m in Sources */ = {isa = PBXBuildFile; fileRef = F3CD846D158FB0A400703717 /* SelectedTimeView.m */; };
		F3E5C39515BDBE10006959F4 /* NPTableView.m in Sources */ = {isa = PBXBuildFile; fileRef = F3E5C39415BDBE10006959F4 /* NPTableView.m */; };
		F3F825CB1598E63C0017B752 /* Roboto-Light.ttf in Resources */ = {isa = PBXBuildFile; fileRef = F3F825CA1598E63C0017B752 /* Roboto-Light.ttf */; };
		F3FD677215A741730002AFC9 /* libz.dylib in Frameworks */ = {isa = PBXBuildFile; fileRef = F3FD677115A741730002AFC9 /* libz.dylib */; };
		F3FD677715A7592B0002AFC9 /* actions.plist in Resources */ = {isa = PBXBuildFile; fileRef = F3FD677315A7592B0002AFC9 /* actions.plist */; };
		F3FD677815A7592B0002AFC9 /* alarms.plist in Resources */ = {isa = PBXBuildFile; fileRef = F3FD677415A7592B0002AFC9 /* alarms.plist */; };
		F3FD677915A7592B0002AFC9 /* presetSongs.plist in Resources */ = {isa = PBXBuildFile; fileRef = F3FD677515A7592B0002AFC9 /* presetSongs.plist */; };
		F3FD677A15A7592B0002AFC9 /* themes.plist in Resources */ = {isa = PBXBuildFile; fileRef = F3FD677615A7592B0002AFC9 /* themes.plist */; };
		F3FD677D15AB67E50002AFC9 /* LeftHeaderView.m in Sources */ = {isa = PBXBuildFile; fileRef = F3FD677C15AB67E50002AFC9 /* LeftHeaderView.m */; };
		F3FEC0A315ABC3010032B893 /* ReturnButtonView.m in Sources */ = {isa = PBXBuildFile; fileRef = F3FEC0A215ABC3010032B893 /* ReturnButtonView.m */; };
		F3FEC0A715AC86360032B893 /* CountdownView.m in Sources */ = {isa = PBXBuildFile; fileRef = F3FEC0A615AC86350032B893 /* CountdownView.m */; };
/* End PBXBuildFile section */

/* Begin PBXFileReference section */
		961FC3BF16667EEA0078219B /* tweetbot-icon.png */ = {isa = PBXFileReference; lastKnownFileType = image.png; path = "tweetbot-icon.png"; sourceTree = "<group>"; };
		961FC3C016667EEA0078219B /* tweetbot-icon@2x.png */ = {isa = PBXFileReference; lastKnownFileType = image.png; path = "tweetbot-icon@2x.png"; sourceTree = "<group>"; };
		965179CF166D3079004A18A1 /* Icon-72.png */ = {isa = PBXFileReference; lastKnownFileType = image.png; path = "Icon-72.png"; sourceTree = "<group>"; };
		965179D1166D3082004A18A1 /* Icon-72@2x.png */ = {isa = PBXFileReference; lastKnownFileType = image.png; path = "Icon-72@2x.png"; sourceTree = "<group>"; };
		966D3A611624B0CC006CE871 /* libTestFlight.a */ = {isa = PBXFileReference; lastKnownFileType = archive.ar; path = libTestFlight.a; sourceTree = "<group>"; };
		966D3A621624B0CC006CE871 /* README.md */ = {isa = PBXFileReference; fileEncoding = 4; lastKnownFileType = text; path = README.md; sourceTree = "<group>"; };
		966D3A631624B0CC006CE871 /* release_notes.md */ = {isa = PBXFileReference; fileEncoding = 4; lastKnownFileType = text; path = release_notes.md; sourceTree = "<group>"; };
		966D3A641624B0CC006CE871 /* TestFlight.h */ = {isa = PBXFileReference; fileEncoding = 4; lastKnownFileType = sourcecode.c.h; path = TestFlight.h; sourceTree = "<group>"; };
		967095FE163095BE004611ED /* lynx2.wav */ = {isa = PBXFileReference; lastKnownFileType = audio.wav; path = lynx2.wav; sourceTree = "<group>"; };
		96861C111631C47C00390DEF /* about.png */ = {isa = PBXFileReference; lastKnownFileType = image.png; path = about.png; sourceTree = "<group>"; };
		96861C121631C47C00390DEF /* about@2x.png */ = {isa = PBXFileReference; lastKnownFileType = image.png; path = "about@2x.png"; sourceTree = "<group>"; };
		969A68CA16371E8F008676D3 /* about-568h@2x.png */ = {isa = PBXFileReference; lastKnownFileType = image.png; path = "about-568h@2x.png"; sourceTree = "<group>"; };
		969A68CB16371E8F008676D3 /* grid-background-568h@2x.png */ = {isa = PBXFileReference; lastKnownFileType = image.png; path = "grid-background-568h@2x.png"; sourceTree = "<group>"; };
		969CB932163EE2C0006D2E1B /* pinch-icon.png */ = {isa = PBXFileReference; lastKnownFileType = image.png; path = "pinch-icon.png"; sourceTree = "<group>"; };
		969CB933163EE2C0006D2E1B /* pinch-icon@2x.png */ = {isa = PBXFileReference; lastKnownFileType = image.png; path = "pinch-icon@2x.png"; sourceTree = "<group>"; };
		96A58E1A167F964E003C2E5C /* flipboard-icon.png */ = {isa = PBXFileReference; lastKnownFileType = image.png; path = "flipboard-icon.png"; sourceTree = "<group>"; };
		96A58E1B167F964E003C2E5C /* flipboard-icon@2x.png */ = {isa = PBXFileReference; lastKnownFileType = image.png; path = "flipboard-icon@2x.png"; sourceTree = "<group>"; };
		96A58E1E167F9657003C2E5C /* zite-icon.png */ = {isa = PBXFileReference; lastKnownFileType = image.png; path = "zite-icon.png"; sourceTree = "<group>"; };
		96A58E1F167F9657003C2E5C /* zite-icon@2x.png */ = {isa = PBXFileReference; lastKnownFileType = image.png; path = "zite-icon@2x.png"; sourceTree = "<group>"; };
		96A6D502166D13B800679908 /* fantastical-icon.png */ = {isa = PBXFileReference; lastKnownFileType = image.png; path = "fantastical-icon.png"; sourceTree = "<group>"; };
		96A6D503166D13B800679908 /* fantastical-icon@2x.png */ = {isa = PBXFileReference; lastKnownFileType = image.png; path = "fantastical-icon@2x.png"; sourceTree = "<group>"; };
		96A6D507166D13EA00679908 /* sparrow-icon.png */ = {isa = PBXFileReference; lastKnownFileType = image.png; path = "sparrow-icon.png"; sourceTree = "<group>"; };
		96A6D508166D13EA00679908 /* sparrow-icon@2x.png */ = {isa = PBXFileReference; lastKnownFileType = image.png; path = "sparrow-icon@2x.png"; sourceTree = "<group>"; };
		96BC44D91635B07000707007 /* chamaeleon2.wav */ = {isa = PBXFileReference; lastKnownFileType = audio.wav; path = chamaeleon2.wav; sourceTree = "<group>"; };
		96BC44DC1635B0CB00707007 /* epsilon2.wav */ = {isa = PBXFileReference; lastKnownFileType = audio.wav; path = epsilon2.wav; sourceTree = "<group>"; };
		96BC44DE1635B12700707007 /* hydrus2.wav */ = {isa = PBXFileReference; lastKnownFileType = audio.wav; path = hydrus2.wav; sourceTree = "<group>"; };
		96BC44E01635B19100707007 /* phoenix2.wav */ = {isa = PBXFileReference; lastKnownFileType = audio.wav; path = phoenix2.wav; sourceTree = "<group>"; };
		96BC44E21635EA7000707007 /* Default-568h@2x.png */ = {isa = PBXFileReference; lastKnownFileType = image.png; path = "Default-568h@2x.png"; sourceTree = "<group>"; };
		96D707A3167A35FC00DC4C89 /* twitterrific-icon.png */ = {isa = PBXFileReference; lastKnownFileType = image.png; path = "twitterrific-icon.png"; sourceTree = "<group>"; };
		96D707A4167A35FC00DC4C89 /* twitterrific-icon@2x.png */ = {isa = PBXFileReference; lastKnownFileType = image.png; path = "twitterrific-icon@2x.png"; sourceTree = "<group>"; };
		96D707AD167A3FD800DC4C89 /* gmail-icon.png */ = {isa = PBXFileReference; lastKnownFileType = image.png; path = "gmail-icon.png"; sourceTree = "<group>"; };
		96D707AE167A3FD800DC4C89 /* gmail-icon@2x.png */ = {isa = PBXFileReference; lastKnownFileType = image.png; path = "gmail-icon@2x.png"; sourceTree = "<group>"; };
		96E58C9C16399FAB00D5653E /* Storyboard.storyboard */ = {isa = PBXFileReference; lastKnownFileType = file.storyboard; path = Storyboard.storyboard; sourceTree = "<group>"; };
		96E58C9E1639A51000D5653E /* tack-logo.png */ = {isa = PBXFileReference; lastKnownFileType = image.png; path = "tack-logo.png"; sourceTree = "<group>"; };
		96E58CA01639A5A500D5653E /* tack-logo@2x.png */ = {isa = PBXFileReference; lastKnownFileType = image.png; path = "tack-logo@2x.png"; sourceTree = "<group>"; };
		96F7006F168377900020A6CB /* pocket-icon.png */ = {isa = PBXFileReference; lastKnownFileType = image.png; path = "pocket-icon.png"; sourceTree = "<group>"; };
		96F70070168377900020A6CB /* pocket-icon@2x.png */ = {isa = PBXFileReference; lastKnownFileType = image.png; path = "pocket-icon@2x.png"; sourceTree = "<group>"; };
		96F700741683779A0020A6CB /* anydo-icon.png */ = {isa = PBXFileReference; lastKnownFileType = image.png; path = "anydo-icon.png"; sourceTree = "<group>"; };
		96F700751683779A0020A6CB /* anydo-icon@2x.png */ = {isa = PBXFileReference; lastKnownFileType = image.png; path = "anydo-icon@2x.png"; sourceTree = "<group>"; };
		EA13EE1915FD124E004E16C7 /* chamaeleon.wav */ = {isa = PBXFileReference; lastKnownFileType = audio.wav; path = chamaeleon.wav; sourceTree = "<group>"; };
		EA13EE1A15FD124E004E16C7 /* epsilon.wav */ = {isa = PBXFileReference; lastKnownFileType = audio.wav; path = epsilon.wav; sourceTree = "<group>"; };
		EA13EE1B15FD124E004E16C7 /* galaxy.wav */ = {isa = PBXFileReference; lastKnownFileType = audio.wav; path = galaxy.wav; sourceTree = "<group>"; };
		EA13EE1C15FD124E004E16C7 /* hydrus.wav */ = {isa = PBXFileReference; lastKnownFileType = audio.wav; path = hydrus.wav; sourceTree = "<group>"; };
		EA13EE2115FD1A5E004E16C7 /* lynx.wav */ = {isa = PBXFileReference; lastKnownFileType = audio.wav; path = lynx.wav; sourceTree = "<group>"; };
		EA13EE2315FD260A004E16C7 /* phoenix.wav */ = {isa = PBXFileReference; lastKnownFileType = audio.wav; path = phoenix.wav; sourceTree = "<group>"; };
		F3143CE415C4D9AD0098A276 /* TimerView.h */ = {isa = PBXFileReference; fileEncoding = 4; lastKnownFileType = sourcecode.c.h; name = TimerView.h; path = views/TimerView.h; sourceTree = "<group>"; };
		F3143CE515C4D9AE0098A276 /* TimerView.m */ = {isa = PBXFileReference; fileEncoding = 4; lastKnownFileType = sourcecode.c.objc; name = TimerView.m; path = views/TimerView.m; sourceTree = "<group>"; };
		F31670E315A1109100725274 /* SearchSongCell.h */ = {isa = PBXFileReference; fileEncoding = 4; lastKnownFileType = sourcecode.c.h; name = SearchSongCell.h; path = views/SearchSongCell.h; sourceTree = "<group>"; };
		F31670E415A1109200725274 /* SearchSongCell.m */ = {isa = PBXFileReference; fileEncoding = 4; lastKnownFileType = sourcecode.c.objc; name = SearchSongCell.m; path = views/SearchSongCell.m; sourceTree = "<group>"; };
		F317239415A63C5200007124 /* PListModel.h */ = {isa = PBXFileReference; fileEncoding = 4; lastKnownFileType = sourcecode.c.h; name = PListModel.h; path = models/PListModel.h; sourceTree = "<group>"; };
		F317239515A63C5200007124 /* PListModel.m */ = {isa = PBXFileReference; fileEncoding = 4; lastKnownFileType = sourcecode.c.objc; name = PListModel.m; path = models/PListModel.m; sourceTree = "<group>"; };
		F326511515C9F1E500ABAF60 /* QuartzCore.framework */ = {isa = PBXFileReference; lastKnownFileType = wrapper.framework; name = QuartzCore.framework; path = System/Library/Frameworks/QuartzCore.framework; sourceTree = SDKROOT; };
		F327EC9515938906008B962F /* MusicManager.h */ = {isa = PBXFileReference; fileEncoding = 4; lastKnownFileType = sourcecode.c.h; name = MusicManager.h; path = models/MusicManager.h; sourceTree = "<group>"; };
		F327EC9615938906008B962F /* MusicManager.m */ = {isa = PBXFileReference; fileEncoding = 4; lastKnownFileType = sourcecode.c.objc; name = MusicManager.m; path = models/MusicManager.m; sourceTree = "<group>"; };
		F327EC9915938BBF008B962F /* MediaPlayer.framework */ = {isa = PBXFileReference; lastKnownFileType = wrapper.framework; name = MediaPlayer.framework; path = System/Library/Frameworks/MediaPlayer.framework; sourceTree = SDKROOT; };
		F3292F44168C038B003D5F9A /* RingFillShapeLayer.h */ = {isa = PBXFileReference; fileEncoding = 4; lastKnownFileType = sourcecode.c.h; name = RingFillShapeLayer.h; path = layers/RingFillShapeLayer.h; sourceTree = "<group>"; };
		F3292F45168C038B003D5F9A /* RingFillShapeLayer.m */ = {isa = PBXFileReference; fileEncoding = 4; lastKnownFileType = sourcecode.c.objc; name = RingFillShapeLayer.m; path = layers/RingFillShapeLayer.m; sourceTree = "<group>"; };
		F335A2C515D035FA00F0A552 /* AudioToolbox.framework */ = {isa = PBXFileReference; lastKnownFileType = wrapper.framework; name = AudioToolbox.framework; path = System/Library/Frameworks/AudioToolbox.framework; sourceTree = SDKROOT; };
		F335A2CF15D41BF600F0A552 /* AVFoundation.framework */ = {isa = PBXFileReference; lastKnownFileType = wrapper.framework; name = AVFoundation.framework; path = System/Library/Frameworks/AVFoundation.framework; sourceTree = SDKROOT; };
		F335FA1C16CB5E9800ECF8AB /* readmill-icon.png */ = {isa = PBXFileReference; lastKnownFileType = image.png; path = "readmill-icon.png"; sourceTree = "<group>"; };
		F335FA1D16CB5E9800ECF8AB /* readmill-icon@2x.png */ = {isa = PBXFileReference; lastKnownFileType = image.png; path = "readmill-icon@2x.png"; sourceTree = "<group>"; };
		F335FA3116CB623B00ECF8AB /* tap-icon.png */ = {isa = PBXFileReference; lastKnownFileType = image.png; name = "tap-icon.png"; path = "Start/img/icons/tap-icon.png"; sourceTree = SOURCE_ROOT; };
		F335FA3216CB623B00ECF8AB /* tap-icon@2x.png */ = {isa = PBXFileReference; lastKnownFileType = image.png; name = "tap-icon@2x.png"; path = "Start/img/icons/tap-icon@2x.png"; sourceTree = SOURCE_ROOT; };
		F33F641C15951F10000372AE /* UIImage+StackBlur.h */ = {isa = PBXFileReference; fileEncoding = 4; lastKnownFileType = sourcecode.c.h; name = "UIImage+StackBlur.h"; path = "Libs/UIImage+StackBlur.h"; sourceTree = "<group>"; };
		F33F641D15951F10000372AE /* UIImage+StackBlur.m */ = {isa = PBXFileReference; fileEncoding = 4; lastKnownFileType = sourcecode.c.objc; name = "UIImage+StackBlur.m"; path = "Libs/UIImage+StackBlur.m"; sourceTree = "<group>"; };
		F36DA9911598EA1E003A4F3C /* Roboto-Thin.ttf */ = {isa = PBXFileReference; lastKnownFileType = file; path = "Roboto-Thin.ttf"; sourceTree = "<group>"; };
		F36DA9981598EF0C003A4F3C /* SongCell.h */ = {isa = PBXFileReference; fileEncoding = 4; lastKnownFileType = sourcecode.c.h; name = SongCell.h; path = views/SongCell.h; sourceTree = "<group>"; };
		F36DA9991598EF0C003A4F3C /* SongCell.m */ = {isa = PBXFileReference; fileEncoding = 4; lastKnownFileType = sourcecode.c.objc; name = SongCell.m; path = views/SongCell.m; sourceTree = "<group>"; };
		F36DA99C1598F855003A4F3C /* ActionCell.h */ = {isa = PBXFileReference; fileEncoding = 4; lastKnownFileType = sourcecode.c.h; name = ActionCell.h; path = views/ActionCell.h; sourceTree = "<group>"; };
		F36DA99D1598F855003A4F3C /* ActionCell.m */ = {isa = PBXFileReference; fileEncoding = 4; lastKnownFileType = sourcecode.c.objc; name = ActionCell.m; path = views/ActionCell.m; sourceTree = "<group>"; };
		F36DA9A115993BBF003A4F3C /* SelectDurationView.h */ = {isa = PBXFileReference; fileEncoding = 4; lastKnownFileType = sourcecode.c.h; name = SelectDurationView.h; path = views/SelectDurationView.h; sourceTree = "<group>"; };
		F36DA9A215993BBF003A4F3C /* SelectDurationView.m */ = {isa = PBXFileReference; fileEncoding = 4; lastKnownFileType = sourcecode.c.objc; name = SelectDurationView.m; path = views/SelectDurationView.m; sourceTree = "<group>"; };
		F37203AC15EFDFB600D75E9E /* Default.png */ = {isa = PBXFileReference; lastKnownFileType = image.png; path = Default.png; sourceTree = "<group>"; };
		F37203AD15EFDFB600D75E9E /* Default@2x.png */ = {isa = PBXFileReference; lastKnownFileType = image.png; path = "Default@2x.png"; sourceTree = "<group>"; };
		F3721DA715BF5CF500A365D1 /* MusicPlayer.h */ = {isa = PBXFileReference; fileEncoding = 4; lastKnownFileType = sourcecode.c.h; name = MusicPlayer.h; path = models/MusicPlayer.h; sourceTree = "<group>"; };
		F3721DA815BF5CF500A365D1 /* MusicPlayer.m */ = {isa = PBXFileReference; fileEncoding = 4; lastKnownFileType = sourcecode.c.objc; name = MusicPlayer.m; path = models/MusicPlayer.m; sourceTree = "<group>"; };
		F37A059616C00BDC0002AAA2 /* dayone-icon.png */ = {isa = PBXFileReference; lastKnownFileType = image.png; path = "dayone-icon.png"; sourceTree = "<group>"; };
		F37A059716C00BDC0002AAA2 /* dayone-icon@2x.png */ = {isa = PBXFileReference; lastKnownFileType = image.png; path = "dayone-icon@2x.png"; sourceTree = "<group>"; };
		F37C93CA15E97FEA000EBE07 /* Icon.png */ = {isa = PBXFileReference; lastKnownFileType = image.png; path = Icon.png; sourceTree = "<group>"; };
		F37C93CC15E97FEF000EBE07 /* Icon@2x.png */ = {isa = PBXFileReference; lastKnownFileType = image.png; path = "Icon@2x.png"; sourceTree = "<group>"; };
		F37E556A1680FB3D002FB2EB /* StopwatchViewController.h */ = {isa = PBXFileReference; fileEncoding = 4; lastKnownFileType = sourcecode.c.h; path = StopwatchViewController.h; sourceTree = "<group>"; };
		F37E556B1680FB3D002FB2EB /* StopwatchViewController.m */ = {isa = PBXFileReference; fileEncoding = 4; lastKnownFileType = sourcecode.c.objc; path = StopwatchViewController.m; sourceTree = "<group>"; };
		F383C173158B851200B91F31 /* Start.app */ = {isa = PBXFileReference; explicitFileType = wrapper.application; includeInIndex = 0; path = Start.app; sourceTree = BUILT_PRODUCTS_DIR; };
		F383C177158B851200B91F31 /* UIKit.framework */ = {isa = PBXFileReference; lastKnownFileType = wrapper.framework; name = UIKit.framework; path = System/Library/Frameworks/UIKit.framework; sourceTree = SDKROOT; };
		F383C179158B851200B91F31 /* Foundation.framework */ = {isa = PBXFileReference; lastKnownFileType = wrapper.framework; name = Foundation.framework; path = System/Library/Frameworks/Foundation.framework; sourceTree = SDKROOT; };
		F383C17B158B851200B91F31 /* CoreGraphics.framework */ = {isa = PBXFileReference; lastKnownFileType = wrapper.framework; name = CoreGraphics.framework; path = System/Library/Frameworks/CoreGraphics.framework; sourceTree = SDKROOT; };
		F383C17F158B851200B91F31 /* Start-Info.plist */ = {isa = PBXFileReference; lastKnownFileType = text.plist.xml; path = "Start-Info.plist"; sourceTree = "<group>"; };
		F383C181158B851200B91F31 /* en */ = {isa = PBXFileReference; lastKnownFileType = text.plist.strings; name = en; path = en.lproj/InfoPlist.strings; sourceTree = "<group>"; };
		F383C183158B851200B91F31 /* main.m */ = {isa = PBXFileReference; lastKnownFileType = sourcecode.c.objc; path = main.m; sourceTree = "<group>"; };
		F383C185158B851200B91F31 /* Start-Prefix.pch */ = {isa = PBXFileReference; lastKnownFileType = sourcecode.c.h; path = "Start-Prefix.pch"; sourceTree = "<group>"; };
		F383C186158B851200B91F31 /* AppDelegate.h */ = {isa = PBXFileReference; lastKnownFileType = sourcecode.c.h; path = AppDelegate.h; sourceTree = "<group>"; };
		F383C187158B851200B91F31 /* AppDelegate.m */ = {isa = PBXFileReference; lastKnownFileType = sourcecode.c.objc; path = AppDelegate.m; sourceTree = "<group>"; };
		F383C189158B851200B91F31 /* MasterViewController.h */ = {isa = PBXFileReference; lastKnownFileType = sourcecode.c.h; path = MasterViewController.h; sourceTree = "<group>"; };
		F383C18A158B851200B91F31 /* MasterViewController.m */ = {isa = PBXFileReference; lastKnownFileType = sourcecode.c.objc; path = MasterViewController.m; sourceTree = "<group>"; };
		F383C18D158B851300B91F31 /* en */ = {isa = PBXFileReference; lastKnownFileType = file.xib; name = en; path = en.lproj/ViewController_iPhone.xib; sourceTree = "<group>"; };
		F383C190158B851300B91F31 /* en */ = {isa = PBXFileReference; lastKnownFileType = file.xib; name = en; path = en.lproj/ViewController_iPad.xib; sourceTree = "<group>"; };
		F383C19A158B874C00B91F31 /* AlarmView.h */ = {isa = PBXFileReference; fileEncoding = 4; lastKnownFileType = sourcecode.c.h; name = AlarmView.h; path = views/AlarmView.h; sourceTree = "<group>"; };
		F383C19B158B874C00B91F31 /* AlarmView.m */ = {isa = PBXFileReference; fileEncoding = 4; lastKnownFileType = sourcecode.c.objc; name = AlarmView.m; path = views/AlarmView.m; sourceTree = "<group>"; };
		F383C19D158B879F00B91F31 /* SelectAlarmView.h */ = {isa = PBXFileReference; fileEncoding = 4; lastKnownFileType = sourcecode.c.h; name = SelectAlarmView.h; path = views/SelectAlarmView.h; sourceTree = "<group>"; };
		F383C19E158B879F00B91F31 /* SelectAlarmView.m */ = {isa = PBXFileReference; fileEncoding = 4; lastKnownFileType = sourcecode.c.objc; name = SelectAlarmView.m; path = views/SelectAlarmView.m; sourceTree = "<group>"; };
		F383C1A6158B880500B91F31 /* SelectActionView.h */ = {isa = PBXFileReference; fileEncoding = 4; lastKnownFileType = sourcecode.c.h; name = SelectActionView.h; path = views/SelectActionView.h; sourceTree = "<group>"; };
		F383C1A7158B880500B91F31 /* SelectActionView.m */ = {isa = PBXFileReference; fileEncoding = 4; lastKnownFileType = sourcecode.c.objc; name = SelectActionView.m; path = views/SelectActionView.m; sourceTree = "<group>"; };
		F3AE566B16151F2700266DAD /* SelectSongView.h */ = {isa = PBXFileReference; fileEncoding = 4; lastKnownFileType = sourcecode.c.h; name = SelectSongView.h; path = views/SelectSongView.h; sourceTree = "<group>"; };
		F3AE566C16151F2700266DAD /* SelectSongView.m */ = {isa = PBXFileReference; fileEncoding = 4; lastKnownFileType = sourcecode.c.objc; name = SelectSongView.m; path = views/SelectSongView.m; sourceTree = "<group>"; };
		F3CA96361602328C00D237FC /* SettingsView.h */ = {isa = PBXFileReference; fileEncoding = 4; lastKnownFileType = sourcecode.c.h; name = SettingsView.h; path = views/SettingsView.h; sourceTree = "<group>"; };
		F3CA96371602328C00D237FC /* SettingsView.m */ = {isa = PBXFileReference; fileEncoding = 4; lastKnownFileType = sourcecode.c.objc; name = SettingsView.m; path = views/SettingsView.m; sourceTree = "<group>"; };
		F3CA9648160232BE00D237FC /* chamaeleon.png */ = {isa = PBXFileReference; lastKnownFileType = image.png; name = chamaeleon.png; path = img/themes/chamaeleon.png; sourceTree = "<group>"; };
		F3CA9649160232BE00D237FC /* chamaeleon@2x.png */ = {isa = PBXFileReference; lastKnownFileType = image.png; name = "chamaeleon@2x.png"; path = "img/themes/chamaeleon@2x.png"; sourceTree = "<group>"; };
		F3CA964A160232BE00D237FC /* epsilon.png */ = {isa = PBXFileReference; lastKnownFileType = image.png; name = epsilon.png; path = img/themes/epsilon.png; sourceTree = "<group>"; };
		F3CA964B160232BE00D237FC /* epsilon@2x.png */ = {isa = PBXFileReference; lastKnownFileType = image.png; name = "epsilon@2x.png"; path = "img/themes/epsilon@2x.png"; sourceTree = "<group>"; };
		F3CA964C160232BE00D237FC /* galaxy.png */ = {isa = PBXFileReference; lastKnownFileType = image.png; name = galaxy.png; path = img/themes/galaxy.png; sourceTree = "<group>"; };
		F3CA964D160232BE00D237FC /* galaxy@2x.png */ = {isa = PBXFileReference; lastKnownFileType = image.png; name = "galaxy@2x.png"; path = "img/themes/galaxy@2x.png"; sourceTree = "<group>"; };
		F3CA964E160232BE00D237FC /* hydrus.png */ = {isa = PBXFileReference; lastKnownFileType = image.png; name = hydrus.png; path = img/themes/hydrus.png; sourceTree = "<group>"; };
		F3CA964F160232BE00D237FC /* hydrus@2x.png */ = {isa = PBXFileReference; lastKnownFileType = image.png; name = "hydrus@2x.png"; path = "img/themes/hydrus@2x.png"; sourceTree = "<group>"; };
		F3CA9650160232BE00D237FC /* lynx.png */ = {isa = PBXFileReference; lastKnownFileType = image.png; name = lynx.png; path = img/themes/lynx.png; sourceTree = "<group>"; };
		F3CA9651160232BE00D237FC /* lynx@2x.png */ = {isa = PBXFileReference; lastKnownFileType = image.png; name = "lynx@2x.png"; path = "img/themes/lynx@2x.png"; sourceTree = "<group>"; };
		F3CA9652160232BE00D237FC /* pheonix.png */ = {isa = PBXFileReference; lastKnownFileType = image.png; name = pheonix.png; path = img/themes/pheonix.png; sourceTree = "<group>"; };
		F3CA9653160232BE00D237FC /* phoenix@2x.png */ = {isa = PBXFileReference; lastKnownFileType = image.png; name = "phoenix@2x.png"; path = "img/themes/phoenix@2x.png"; sourceTree = "<group>"; };
		F3CA96601602330600D237FC /* bottom-fade.png */ = {isa = PBXFileReference; lastKnownFileType = image.png; name = "bottom-fade.png"; path = "img/misc/bottom-fade.png"; sourceTree = "<group>"; };
		F3CA96611602330600D237FC /* bottom-fade@2x.png */ = {isa = PBXFileReference; lastKnownFileType = image.png; name = "bottom-fade@2x.png"; path = "img/misc/bottom-fade@2x.png"; sourceTree = "<group>"; };
		F3CA96621602330600D237FC /* grid-background.png */ = {isa = PBXFileReference; lastKnownFileType = image.png; name = "grid-background.png"; path = "img/misc/grid-background.png"; sourceTree = "<group>"; };
		F3CA96631602330600D237FC /* grid-background@2x.png */ = {isa = PBXFileReference; lastKnownFileType = image.png; name = "grid-background@2x.png"; path = "img/misc/grid-background@2x.png"; sourceTree = "<group>"; };
		F3CA96641602330600D237FC /* grid.png */ = {isa = PBXFileReference; lastKnownFileType = image.png; name = grid.png; path = img/misc/grid.png; sourceTree = "<group>"; };
		F3CA96651602330600D237FC /* grid@2x.png */ = {isa = PBXFileReference; lastKnownFileType = image.png; name = "grid@2x.png"; path = "img/misc/grid@2x.png"; sourceTree = "<group>"; };
		F3CA96661602330600D237FC /* plusButton.png */ = {isa = PBXFileReference; lastKnownFileType = image.png; name = plusButton.png; path = img/misc/plusButton.png; sourceTree = "<group>"; };
		F3CA96671602330600D237FC /* search-divider.png */ = {isa = PBXFileReference; lastKnownFileType = image.png; name = "search-divider.png"; path = "img/misc/search-divider.png"; sourceTree = "<group>"; };
		F3CA96681602330600D237FC /* tack-logo1.png */ = {isa = PBXFileReference; lastKnownFileType = image.png; name = "tack-logo1.png"; path = "img/misc/tack-logo1.png"; sourceTree = "<group>"; };
		F3CA96691602330600D237FC /* tack-logo1@2x.png */ = {isa = PBXFileReference; lastKnownFileType = image.png; name = "tack-logo1@2x.png"; path = "img/misc/tack-logo1@2x.png"; sourceTree = "<group>"; };
		F3CA966A1602330600D237FC /* toolbarBG.png */ = {isa = PBXFileReference; lastKnownFileType = image.png; name = toolbarBG.png; path = img/misc/toolbarBG.png; sourceTree = "<group>"; };
		F3CA96761602332B00D237FC /* calendar-icon.png */ = {isa = PBXFileReference; lastKnownFileType = image.png; name = "calendar-icon.png"; path = "img/icons/calendar-icon.png"; sourceTree = "<group>"; };
		F3CA96771602332B00D237FC /* calendar-icon@2x.png */ = {isa = PBXFileReference; lastKnownFileType = image.png; name = "calendar-icon@2x.png"; path = "img/icons/calendar-icon@2x.png"; sourceTree = "<group>"; };
		F3CA96781602332B00D237FC /* clear-icon.png */ = {isa = PBXFileReference; lastKnownFileType = image.png; name = "clear-icon.png"; path = "img/icons/clear-icon.png"; sourceTree = "<group>"; };
		F3CA96791602332B00D237FC /* clear-icon@2x.png */ = {isa = PBXFileReference; lastKnownFileType = image.png; name = "clear-icon@2x.png"; path = "img/icons/clear-icon@2x.png"; sourceTree = "<group>"; };
		F3CA967A1602332B00D237FC /* facebook-icon.png */ = {isa = PBXFileReference; lastKnownFileType = image.png; name = "facebook-icon.png"; path = "img/icons/facebook-icon.png"; sourceTree = "<group>"; };
		F3CA967B1602332B00D237FC /* facebook-icon@2x.png */ = {isa = PBXFileReference; lastKnownFileType = image.png; name = "facebook-icon@2x.png"; path = "img/icons/facebook-icon@2x.png"; sourceTree = "<group>"; };
		F3CA967C1602332B00D237FC /* instagram-icon.png */ = {isa = PBXFileReference; lastKnownFileType = image.png; name = "instagram-icon.png"; path = "img/icons/instagram-icon.png"; sourceTree = "<group>"; };
		F3CA967D1602332B00D237FC /* instagram-icon@2x.png */ = {isa = PBXFileReference; lastKnownFileType = image.png; name = "instagram-icon@2x.png"; path = "img/icons/instagram-icon@2x.png"; sourceTree = "<group>"; };
		F3CA967E1602332B00D237FC /* music-icon.png */ = {isa = PBXFileReference; lastKnownFileType = image.png; name = "music-icon.png"; path = "img/icons/music-icon.png"; sourceTree = "<group>"; };
		F3CA967F1602332B00D237FC /* music-icon@2x.png */ = {isa = PBXFileReference; lastKnownFileType = image.png; name = "music-icon@2x.png"; path = "img/icons/music-icon@2x.png"; sourceTree = "<group>"; };
		F3CA96801602332B00D237FC /* no-action-icon.png */ = {isa = PBXFileReference; lastKnownFileType = image.png; name = "no-action-icon.png"; path = "img/icons/no-action-icon.png"; sourceTree = "<group>"; };
		F3CA96811602332B00D237FC /* no-action-icon@2x.png */ = {isa = PBXFileReference; lastKnownFileType = image.png; name = "no-action-icon@2x.png"; path = "img/icons/no-action-icon@2x.png"; sourceTree = "<group>"; };
		F3CA96821602332B00D237FC /* no-sound-icon.png */ = {isa = PBXFileReference; lastKnownFileType = image.png; name = "no-sound-icon.png"; path = "img/icons/no-sound-icon.png"; sourceTree = "<group>"; };
		F3CA96831602332B00D237FC /* no-sound-icon@2x.png */ = {isa = PBXFileReference; lastKnownFileType = image.png; name = "no-sound-icon@2x.png"; path = "img/icons/no-sound-icon@2x.png"; sourceTree = "<group>"; };
		F3CA96841602332B00D237FC /* pandora-icon.png */ = {isa = PBXFileReference; lastKnownFileType = image.png; name = "pandora-icon.png"; path = "img/icons/pandora-icon.png"; sourceTree = "<group>"; };
		F3CA96851602332B00D237FC /* pandora-icon@2x.png */ = {isa = PBXFileReference; lastKnownFileType = image.png; name = "pandora-icon@2x.png"; path = "img/icons/pandora-icon@2x.png"; sourceTree = "<group>"; };
		F3CA96861602332B00D237FC /* path-icon.png */ = {isa = PBXFileReference; lastKnownFileType = image.png; name = "path-icon.png"; path = "img/icons/path-icon.png"; sourceTree = "<group>"; };
		F3CA96871602332B00D237FC /* path-icon@2x.png */ = {isa = PBXFileReference; lastKnownFileType = image.png; name = "path-icon@2x.png"; path = "img/icons/path-icon@2x.png"; sourceTree = "<group>"; };
		F3CA96881602332B00D237FC /* rdio-icon.png */ = {isa = PBXFileReference; lastKnownFileType = image.png; name = "rdio-icon.png"; path = "img/icons/rdio-icon.png"; sourceTree = "<group>"; };
		F3CA96891602332B00D237FC /* rdio-icon@2x.png */ = {isa = PBXFileReference; lastKnownFileType = image.png; name = "rdio-icon@2x.png"; path = "img/icons/rdio-icon@2x.png"; sourceTree = "<group>"; };
		F3CA968A1602332B00D237FC /* recent-icon.png */ = {isa = PBXFileReference; lastKnownFileType = image.png; name = "recent-icon.png"; path = "img/icons/recent-icon.png"; sourceTree = "<group>"; };
		F3CA968B1602332B00D237FC /* recent-icon@2x.png */ = {isa = PBXFileReference; lastKnownFileType = image.png; name = "recent-icon@2x.png"; path = "img/icons/recent-icon@2x.png"; sourceTree = "<group>"; };
		F3CA968C1602332B00D237FC /* reeder-icon.png */ = {isa = PBXFileReference; lastKnownFileType = image.png; name = "reeder-icon.png"; path = "img/icons/reeder-icon.png"; sourceTree = "<group>"; };
		F3CA968D1602332B00D237FC /* reeder-icon@2x.png */ = {isa = PBXFileReference; lastKnownFileType = image.png; name = "reeder-icon@2x.png"; path = "img/icons/reeder-icon@2x.png"; sourceTree = "<group>"; };
		F3CA968E1602332B00D237FC /* safari-icon.png */ = {isa = PBXFileReference; lastKnownFileType = image.png; name = "safari-icon.png"; path = "img/icons/safari-icon.png"; sourceTree = "<group>"; };
		F3CA968F1602332B00D237FC /* safari-icon@2x.png */ = {isa = PBXFileReference; lastKnownFileType = image.png; name = "safari-icon@2x.png"; path = "img/icons/safari-icon@2x.png"; sourceTree = "<group>"; };
		F3CA96901602332B00D237FC /* search-icon.png */ = {isa = PBXFileReference; lastKnownFileType = image.png; name = "search-icon.png"; path = "img/icons/search-icon.png"; sourceTree = "<group>"; };
		F3CA96911602332B00D237FC /* search-icon@2x.png */ = {isa = PBXFileReference; lastKnownFileType = image.png; name = "search-icon@2x.png"; path = "img/icons/search-icon@2x.png"; sourceTree = "<group>"; };
		F3CA96921602332B00D237FC /* song-icon.png */ = {isa = PBXFileReference; lastKnownFileType = image.png; name = "song-icon.png"; path = "img/icons/song-icon.png"; sourceTree = "<group>"; };
		F3CA96931602332B00D237FC /* song-icon@2x.png */ = {isa = PBXFileReference; lastKnownFileType = image.png; name = "song-icon@2x.png"; path = "img/icons/song-icon@2x.png"; sourceTree = "<group>"; };
		F3CA96941602332B00D237FC /* spotify-icon.png */ = {isa = PBXFileReference; lastKnownFileType = image.png; name = "spotify-icon.png"; path = "img/icons/spotify-icon.png"; sourceTree = "<group>"; };
		F3CA96951602332B00D237FC /* spotify-icon@2x.png */ = {isa = PBXFileReference; lastKnownFileType = image.png; name = "spotify-icon@2x.png"; path = "img/icons/spotify-icon@2x.png"; sourceTree = "<group>"; };
		F3CA96961602332B00D237FC /* tone-icon.png */ = {isa = PBXFileReference; lastKnownFileType = image.png; name = "tone-icon.png"; path = "img/icons/tone-icon.png"; sourceTree = "<group>"; };
		F3CA96971602332B00D237FC /* tone-icon@2x.png */ = {isa = PBXFileReference; lastKnownFileType = image.png; name = "tone-icon@2x.png"; path = "img/icons/tone-icon@2x.png"; sourceTree = "<group>"; };
		F3CA96981602332B00D237FC /* twitter-icon.png */ = {isa = PBXFileReference; lastKnownFileType = image.png; name = "twitter-icon.png"; path = "img/icons/twitter-icon.png"; sourceTree = "<group>"; };
		F3CA96991602332B00D237FC /* twitter-icon@2x.png */ = {isa = PBXFileReference; lastKnownFileType = image.png; name = "twitter-icon@2x.png"; path = "img/icons/twitter-icon@2x.png"; sourceTree = "<group>"; };
		F3CA969A1602332B00D237FC /* weather-icon.png */ = {isa = PBXFileReference; lastKnownFileType = image.png; name = "weather-icon.png"; path = "img/icons/weather-icon.png"; sourceTree = "<group>"; };
		F3CA969B1602332B00D237FC /* weather-icon@2x.png */ = {isa = PBXFileReference; lastKnownFileType = image.png; name = "weather-icon@2x.png"; path = "img/icons/weather-icon@2x.png"; sourceTree = "<group>"; };
		F3CA96C21602333D00D237FC /* create-icon.png */ = {isa = PBXFileReference; lastKnownFileType = image.png; name = "create-icon.png"; path = "Start/img/intro/create-icon.png"; sourceTree = SOURCE_ROOT; };
		F3CA96C31602333D00D237FC /* create-icon@2x.png */ = {isa = PBXFileReference; lastKnownFileType = image.png; name = "create-icon@2x.png"; path = "Start/img/intro/create-icon@2x.png"; sourceTree = SOURCE_ROOT; };
		F3CA96C41602333D00D237FC /* flick-down-icon.png */ = {isa = PBXFileReference; lastKnownFileType = image.png; name = "flick-down-icon.png"; path = "Start/img/intro/flick-down-icon.png"; sourceTree = SOURCE_ROOT; };
		F3CA96C51602333D00D237FC /* flick-down-icon@2x.png */ = {isa = PBXFileReference; lastKnownFileType = image.png; name = "flick-down-icon@2x.png"; path = "Start/img/intro/flick-down-icon@2x.png"; sourceTree = SOURCE_ROOT; };
		F3CA96C61602333D00D237FC /* flick-up-icon.png */ = {isa = PBXFileReference; lastKnownFileType = image.png; name = "flick-up-icon.png"; path = "Start/img/intro/flick-up-icon.png"; sourceTree = SOURCE_ROOT; };
		F3CA96C71602333D00D237FC /* flick-up-icon@2x.png */ = {isa = PBXFileReference; lastKnownFileType = image.png; name = "flick-up-icon@2x.png"; path = "Start/img/intro/flick-up-icon@2x.png"; sourceTree = SOURCE_ROOT; };
		F3CA96CC1602333D00D237FC /* set-icon.png */ = {isa = PBXFileReference; lastKnownFileType = image.png; name = "set-icon.png"; path = "Start/img/intro/set-icon.png"; sourceTree = SOURCE_ROOT; };
		F3CA96CD1602333D00D237FC /* set-icon@2x.png */ = {isa = PBXFileReference; lastKnownFileType = image.png; name = "set-icon@2x.png"; path = "Start/img/intro/set-icon@2x.png"; sourceTree = SOURCE_ROOT; };
		F3CA96DB1602364000D237FC /* RadialGradientView.h */ = {isa = PBXFileReference; fileEncoding = 4; lastKnownFileType = sourcecode.c.h; name = RadialGradientView.h; path = views/RadialGradientView.h; sourceTree = "<group>"; };
		F3CA96DC1602364000D237FC /* RadialGradientView.m */ = {isa = PBXFileReference; fileEncoding = 4; lastKnownFileType = sourcecode.c.objc; name = RadialGradientView.m; path = views/RadialGradientView.m; sourceTree = "<group>"; };
		F3CD846C158FB0A400703717 /* SelectedTimeView.h */ = {isa = PBXFileReference; fileEncoding = 4; lastKnownFileType = sourcecode.c.h; name = SelectedTimeView.h; path = views/SelectedTimeView.h; sourceTree = "<group>"; };
		F3CD846D158FB0A400703717 /* SelectedTimeView.m */ = {isa = PBXFileReference; fileEncoding = 4; lastKnownFileType = sourcecode.c.objc; name = SelectedTimeView.m; path = views/SelectedTimeView.m; sourceTree = "<group>"; };
		F3E5C39315BDBE10006959F4 /* NPTableView.h */ = {isa = PBXFileReference; fileEncoding = 4; lastKnownFileType = sourcecode.c.h; name = NPTableView.h; path = views/NPTableView.h; sourceTree = "<group>"; };
		F3E5C39415BDBE10006959F4 /* NPTableView.m */ = {isa = PBXFileReference; fileEncoding = 4; lastKnownFileType = sourcecode.c.objc; name = NPTableView.m; path = views/NPTableView.m; sourceTree = "<group>"; };
		F3F825CA1598E63C0017B752 /* Roboto-Light.ttf */ = {isa = PBXFileReference; lastKnownFileType = file; path = "Roboto-Light.ttf"; sourceTree = "<group>"; };
		F3FD677115A741730002AFC9 /* libz.dylib */ = {isa = PBXFileReference; lastKnownFileType = "compiled.mach-o.dylib"; name = libz.dylib; path = usr/lib/libz.dylib; sourceTree = SDKROOT; };
		F3FD677315A7592B0002AFC9 /* actions.plist */ = {isa = PBXFileReference; fileEncoding = 4; lastKnownFileType = text.plist.xml; path = actions.plist; sourceTree = "<group>"; };
		F3FD677415A7592B0002AFC9 /* alarms.plist */ = {isa = PBXFileReference; fileEncoding = 4; lastKnownFileType = text.plist.xml; path = alarms.plist; sourceTree = "<group>"; };
		F3FD677515A7592B0002AFC9 /* presetSongs.plist */ = {isa = PBXFileReference; fileEncoding = 4; lastKnownFileType = text.plist.xml; path = presetSongs.plist; sourceTree = "<group>"; };
		F3FD677615A7592B0002AFC9 /* themes.plist */ = {isa = PBXFileReference; fileEncoding = 4; lastKnownFileType = text.plist.xml; path = themes.plist; sourceTree = "<group>"; };
		F3FD677B15AB67E40002AFC9 /* LeftHeaderView.h */ = {isa = PBXFileReference; fileEncoding = 4; lastKnownFileType = sourcecode.c.h; name = LeftHeaderView.h; path = views/LeftHeaderView.h; sourceTree = "<group>"; };
		F3FD677C15AB67E50002AFC9 /* LeftHeaderView.m */ = {isa = PBXFileReference; fileEncoding = 4; lastKnownFileType = sourcecode.c.objc; name = LeftHeaderView.m; path = views/LeftHeaderView.m; sourceTree = "<group>"; };
		F3FEC0A115ABC3000032B893 /* ReturnButtonView.h */ = {isa = PBXFileReference; fileEncoding = 4; lastKnownFileType = sourcecode.c.h; name = ReturnButtonView.h; path = views/ReturnButtonView.h; sourceTree = "<group>"; };
		F3FEC0A215ABC3010032B893 /* ReturnButtonView.m */ = {isa = PBXFileReference; fileEncoding = 4; lastKnownFileType = sourcecode.c.objc; name = ReturnButtonView.m; path = views/ReturnButtonView.m; sourceTree = "<group>"; };
		F3FEC0A515AC86340032B893 /* CountdownView.h */ = {isa = PBXFileReference; fileEncoding = 4; lastKnownFileType = sourcecode.c.h; name = CountdownView.h; path = views/CountdownView.h; sourceTree = "<group>"; };
		F3FEC0A615AC86350032B893 /* CountdownView.m */ = {isa = PBXFileReference; fileEncoding = 4; lastKnownFileType = sourcecode.c.objc; name = CountdownView.m; path = views/CountdownView.m; sourceTree = "<group>"; };
/* End PBXFileReference section */

/* Begin PBXFrameworksBuildPhase section */
		F383C170158B851200B91F31 /* Frameworks */ = {
			isa = PBXFrameworksBuildPhase;
			buildActionMask = 2147483647;
			files = (
				F335A2D015D41BF700F0A552 /* AVFoundation.framework in Frameworks */,
				F335A2C615D035FA00F0A552 /* AudioToolbox.framework in Frameworks */,
				F326511615C9F1E500ABAF60 /* QuartzCore.framework in Frameworks */,
				F327EC9A15938BBF008B962F /* MediaPlayer.framework in Frameworks */,
				F383C178158B851200B91F31 /* UIKit.framework in Frameworks */,
				F383C17A158B851200B91F31 /* Foundation.framework in Frameworks */,
				F383C17C158B851200B91F31 /* CoreGraphics.framework in Frameworks */,
				F3FD677215A741730002AFC9 /* libz.dylib in Frameworks */,
				966D3A651624B0CC006CE871 /* libTestFlight.a in Frameworks */,
			);
			runOnlyForDeploymentPostprocessing = 0;
		};
/* End PBXFrameworksBuildPhase section */

/* Begin PBXGroup section */
		966D3A601624B0CB006CE871 /* TestFlightSDK1 */ = {
			isa = PBXGroup;
			children = (
				966D3A611624B0CC006CE871 /* libTestFlight.a */,
				966D3A621624B0CC006CE871 /* README.md */,
				966D3A631624B0CC006CE871 /* release_notes.md */,
				966D3A641624B0CC006CE871 /* TestFlight.h */,
			);
			path = TestFlightSDK1;
			sourceTree = "<group>";
		};
		F31670F715A24F8C00725274 /* icons */ = {
			isa = PBXGroup;
			children = (
				F335FA1C16CB5E9800ECF8AB /* readmill-icon.png */,
				F335FA1D16CB5E9800ECF8AB /* readmill-icon@2x.png */,
				F37A059616C00BDC0002AAA2 /* dayone-icon.png */,
				F37A059716C00BDC0002AAA2 /* dayone-icon@2x.png */,
				96F700741683779A0020A6CB /* anydo-icon.png */,
				96F700751683779A0020A6CB /* anydo-icon@2x.png */,
				96F7006F168377900020A6CB /* pocket-icon.png */,
				96F70070168377900020A6CB /* pocket-icon@2x.png */,
				96A58E1E167F9657003C2E5C /* zite-icon.png */,
				96A58E1F167F9657003C2E5C /* zite-icon@2x.png */,
				96A58E1A167F964E003C2E5C /* flipboard-icon.png */,
				96A58E1B167F964E003C2E5C /* flipboard-icon@2x.png */,
				96D707AD167A3FD800DC4C89 /* gmail-icon.png */,
				96D707AE167A3FD800DC4C89 /* gmail-icon@2x.png */,
				96D707A3167A35FC00DC4C89 /* twitterrific-icon.png */,
				96D707A4167A35FC00DC4C89 /* twitterrific-icon@2x.png */,
				F3CA96761602332B00D237FC /* calendar-icon.png */,
				F3CA96771602332B00D237FC /* calendar-icon@2x.png */,
				F3CA96781602332B00D237FC /* clear-icon.png */,
				F3CA96791602332B00D237FC /* clear-icon@2x.png */,
				F3CA967A1602332B00D237FC /* facebook-icon.png */,
				F3CA967B1602332B00D237FC /* facebook-icon@2x.png */,
				F3CA967C1602332B00D237FC /* instagram-icon.png */,
				F3CA967D1602332B00D237FC /* instagram-icon@2x.png */,
				F3CA967E1602332B00D237FC /* music-icon.png */,
				F3CA967F1602332B00D237FC /* music-icon@2x.png */,
				F3CA96801602332B00D237FC /* no-action-icon.png */,
				F3CA96811602332B00D237FC /* no-action-icon@2x.png */,
				F3CA96821602332B00D237FC /* no-sound-icon.png */,
				F3CA96831602332B00D237FC /* no-sound-icon@2x.png */,
				F3CA96841602332B00D237FC /* pandora-icon.png */,
				F3CA96851602332B00D237FC /* pandora-icon@2x.png */,
				F3CA96861602332B00D237FC /* path-icon.png */,
				F3CA96871602332B00D237FC /* path-icon@2x.png */,
				F3CA96881602332B00D237FC /* rdio-icon.png */,
				F3CA96891602332B00D237FC /* rdio-icon@2x.png */,
				F3CA968A1602332B00D237FC /* recent-icon.png */,
				F3CA968B1602332B00D237FC /* recent-icon@2x.png */,
				F3CA968C1602332B00D237FC /* reeder-icon.png */,
				F3CA968D1602332B00D237FC /* reeder-icon@2x.png */,
				F3CA968E1602332B00D237FC /* safari-icon.png */,
				F3CA968F1602332B00D237FC /* safari-icon@2x.png */,
				F3CA96901602332B00D237FC /* search-icon.png */,
				F3CA96911602332B00D237FC /* search-icon@2x.png */,
				F3CA96921602332B00D237FC /* song-icon.png */,
				F3CA96931602332B00D237FC /* song-icon@2x.png */,
				F3CA96941602332B00D237FC /* spotify-icon.png */,
				F3CA96951602332B00D237FC /* spotify-icon@2x.png */,
				F3CA96961602332B00D237FC /* tone-icon.png */,
				F3CA96971602332B00D237FC /* tone-icon@2x.png */,
				F3CA96981602332B00D237FC /* twitter-icon.png */,
				F3CA96991602332B00D237FC /* twitter-icon@2x.png */,
				F3CA969A1602332B00D237FC /* weather-icon.png */,
				F3CA969B1602332B00D237FC /* weather-icon@2x.png */,
			);
			name = icons;
			sourceTree = "<group>";
		};
		F327EC9B15938BE0008B962F /* AlarmView */ = {
			isa = PBXGroup;
			children = (
				F383C19A158B874C00B91F31 /* AlarmView.h */,
				F383C19B158B874C00B91F31 /* AlarmView.m */,
				F36DA9941598EC92003A4F3C /* SelectSong */,
				F36DA99B1598F83A003A4F3C /* SelectAction */,
				F36DA9A115993BBF003A4F3C /* SelectDurationView.h */,
				F36DA9A215993BBF003A4F3C /* SelectDurationView.m */,
				F3CD846C158FB0A400703717 /* SelectedTimeView.h */,
				F3CD846D158FB0A400703717 /* SelectedTimeView.m */,
				F3FEC0A515AC86340032B893 /* CountdownView.h */,
				F3FEC0A615AC86350032B893 /* CountdownView.m */,
				F3143CE415C4D9AD0098A276 /* TimerView.h */,
				F3143CE515C4D9AE0098A276 /* TimerView.m */,
				F3CA96DB1602364000D237FC /* RadialGradientView.h */,
				F3CA96DC1602364000D237FC /* RadialGradientView.m */,
			);
			name = AlarmView;
			sourceTree = "<group>";
		};
		F3292F42168C036D003D5F9A /* Layers */ = {
			isa = PBXGroup;
			children = (
				F3292F44168C038B003D5F9A /* RingFillShapeLayer.h */,
				F3292F45168C038B003D5F9A /* RingFillShapeLayer.m */,
			);
			name = Layers;
			sourceTree = "<group>";
		};
		F335A2CC15D418DF00F0A552 /* Audio */ = {
			isa = PBXGroup;
			children = (
				96BC44E01635B19100707007 /* phoenix2.wav */,
				96BC44DE1635B12700707007 /* hydrus2.wav */,
				96BC44DC1635B0CB00707007 /* epsilon2.wav */,
				96BC44D91635B07000707007 /* chamaeleon2.wav */,
				967095FE163095BE004611ED /* lynx2.wav */,
				EA13EE1915FD124E004E16C7 /* chamaeleon.wav */,
				EA13EE1A15FD124E004E16C7 /* epsilon.wav */,
				EA13EE1B15FD124E004E16C7 /* galaxy.wav */,
				EA13EE1C15FD124E004E16C7 /* hydrus.wav */,
				EA13EE2115FD1A5E004E16C7 /* lynx.wav */,
				EA13EE2315FD260A004E16C7 /* phoenix.wav */,
			);
			name = Audio;
			sourceTree = "<group>";
		};
		F33F641B15951ED6000372AE /* Libs */ = {
			isa = PBXGroup;
			children = (
				F3703C5F16A887580082115C /* Color Art */,
				F33F641C15951F10000372AE /* UIImage+StackBlur.h */,
				F33F641D15951F10000372AE /* UIImage+StackBlur.m */,
			);
			name = Libs;
			sourceTree = "<group>";
		};
		F33F642315967154000372AE /* img */ = {
			isa = PBXGroup;
			children = (
				96A6D507166D13EA00679908 /* sparrow-icon.png */,
				96A6D508166D13EA00679908 /* sparrow-icon@2x.png */,
				96A6D502166D13B800679908 /* fantastical-icon.png */,
				96A6D503166D13B800679908 /* fantastical-icon@2x.png */,
				961FC3BF16667EEA0078219B /* tweetbot-icon.png */,
				961FC3C016667EEA0078219B /* tweetbot-icon@2x.png */,
				969CB932163EE2C0006D2E1B /* pinch-icon.png */,
				969CB933163EE2C0006D2E1B /* pinch-icon@2x.png */,
				969A68CA16371E8F008676D3 /* about-568h@2x.png */,
				969A68CB16371E8F008676D3 /* grid-background-568h@2x.png */,
				96861C111631C47C00390DEF /* about.png */,
				96861C121631C47C00390DEF /* about@2x.png */,
				F375D51315FFE48500E06B33 /* intro */,
				F3CA96DA160233FC00D237FC /* themes */,
				F3FEC0AE15AC8FC60032B893 /* misc */,
				F31670F715A24F8C00725274 /* icons */,
			);
			name = img;
			sourceTree = "<group>";
		};
		F36C5CAD15A6396D00CC80C0 /* pList */ = {
			isa = PBXGroup;
			children = (
				F3FD677315A7592B0002AFC9 /* actions.plist */,
				F3FD677415A7592B0002AFC9 /* alarms.plist */,
				F3FD677515A7592B0002AFC9 /* presetSongs.plist */,
				F3FD677615A7592B0002AFC9 /* themes.plist */,
			);
			name = pList;
			sourceTree = "<group>";
		};
		F36DA9941598EC92003A4F3C /* SelectSong */ = {
			isa = PBXGroup;
			children = (
				F3AE566B16151F2700266DAD /* SelectSongView.h */,
				F3AE566C16151F2700266DAD /* SelectSongView.m */,
				F36DA9981598EF0C003A4F3C /* SongCell.h */,
				F36DA9991598EF0C003A4F3C /* SongCell.m */,
				F31670E315A1109100725274 /* SearchSongCell.h */,
				F31670E415A1109200725274 /* SearchSongCell.m */,
				F3FD677B15AB67E40002AFC9 /* LeftHeaderView.h */,
				F3FD677C15AB67E50002AFC9 /* LeftHeaderView.m */,
				F3FEC0A115ABC3000032B893 /* ReturnButtonView.h */,
				F3FEC0A215ABC3010032B893 /* ReturnButtonView.m */,
			);
			name = SelectSong;
			sourceTree = "<group>";
		};
		F36DA99B1598F83A003A4F3C /* SelectAction */ = {
			isa = PBXGroup;
			children = (
				F383C1A6158B880500B91F31 /* SelectActionView.h */,
				F383C1A7158B880500B91F31 /* SelectActionView.m */,
				F36DA99C1598F855003A4F3C /* ActionCell.h */,
				F36DA99D1598F855003A4F3C /* ActionCell.m */,
			);
			name = SelectAction;
			sourceTree = "<group>";
		};
		F3703C5F16A887580082115C /* Color Art */ = {
			isa = PBXGroup;
			children = (
			);
			name = "Color Art";
			sourceTree = "<group>";
		};
		F375D51315FFE48500E06B33 /* intro */ = {
			isa = PBXGroup;
			children = (
				F335FA3116CB623B00ECF8AB /* tap-icon.png */,
				F335FA3216CB623B00ECF8AB /* tap-icon@2x.png */,
				F3CA96C21602333D00D237FC /* create-icon.png */,
				F3CA96C31602333D00D237FC /* create-icon@2x.png */,
				F3CA96C41602333D00D237FC /* flick-down-icon.png */,
				F3CA96C51602333D00D237FC /* flick-down-icon@2x.png */,
				F3CA96C61602333D00D237FC /* flick-up-icon.png */,
				F3CA96C71602333D00D237FC /* flick-up-icon@2x.png */,
				F3CA96CC1602333D00D237FC /* set-icon.png */,
				F3CA96CD1602333D00D237FC /* set-icon@2x.png */,
			);
			path = intro;
			sourceTree = "<group>";
		};
		F37E556E1680FB48002FB2EB /* Stopwatch */ = {
			isa = PBXGroup;
			children = (
				F37E556A1680FB3D002FB2EB /* StopwatchViewController.h */,
				F37E556B1680FB3D002FB2EB /* StopwatchViewController.m */,
			);
			name = Stopwatch;
			sourceTree = "<group>";
		};
		F383C168158B851100B91F31 = {
			isa = PBXGroup;
			children = (
				965179D1166D3082004A18A1 /* Icon-72@2x.png */,
				965179CF166D3079004A18A1 /* Icon-72.png */,
				966D3A601624B0CB006CE871 /* TestFlightSDK1 */,
				96BC44E21635EA7000707007 /* Default-568h@2x.png */,
				F37C93CC15E97FEF000EBE07 /* Icon@2x.png */,
				F37C93CA15E97FEA000EBE07 /* Icon.png */,
				F383C17D158B851200B91F31 /* Start */,
				F383C176158B851200B91F31 /* Frameworks */,
				F383C174158B851200B91F31 /* Products */,
			);
			sourceTree = "<group>";
		};
		F383C174158B851200B91F31 /* Products */ = {
			isa = PBXGroup;
			children = (
				F383C173158B851200B91F31 /* Start.app */,
			);
			name = Products;
			sourceTree = "<group>";
		};
		F383C176158B851200B91F31 /* Frameworks */ = {
			isa = PBXGroup;
			children = (
				F3FD677115A741730002AFC9 /* libz.dylib */,
				F335A2CF15D41BF600F0A552 /* AVFoundation.framework */,
				F335A2C515D035FA00F0A552 /* AudioToolbox.framework */,
				F326511515C9F1E500ABAF60 /* QuartzCore.framework */,
				F327EC9915938BBF008B962F /* MediaPlayer.framework */,
				F383C177158B851200B91F31 /* UIKit.framework */,
				F383C179158B851200B91F31 /* Foundation.framework */,
				F383C17B158B851200B91F31 /* CoreGraphics.framework */,
			);
			name = Frameworks;
			sourceTree = "<group>";
		};
		F383C17D158B851200B91F31 /* Start */ = {
			isa = PBXGroup;
			children = (
				F383C186158B851200B91F31 /* AppDelegate.h */,
				F383C187158B851200B91F31 /* AppDelegate.m */,
				F383C197158B85D100B91F31 /* Xibs */,
				F383C198158B85E400B91F31 /* Controllers */,
				F383C199158B870400B91F31 /* Views */,
				F383C1B0158B8E4200B91F31 /* Models */,
				F33F641B15951ED6000372AE /* Libs */,
				F3F825C61598E56E0017B752 /* resources */,
				F383C17E158B851200B91F31 /* Supporting Files */,
			);
			path = Start;
			sourceTree = "<group>";
		};
		F383C17E158B851200B91F31 /* Supporting Files */ = {
			isa = PBXGroup;
			children = (
				F383C17F158B851200B91F31 /* Start-Info.plist */,
				F383C180158B851200B91F31 /* InfoPlist.strings */,
				F383C183158B851200B91F31 /* main.m */,
				F383C185158B851200B91F31 /* Start-Prefix.pch */,
			);
			name = "Supporting Files";
			sourceTree = "<group>";
		};
		F383C197158B85D100B91F31 /* Xibs */ = {
			isa = PBXGroup;
			children = (
				F383C18C158B851300B91F31 /* ViewController_iPhone.xib */,
				96E58C9C16399FAB00D5653E /* Storyboard.storyboard */,
				F383C18F158B851300B91F31 /* ViewController_iPad.xib */,
			);
			name = Xibs;
			sourceTree = "<group>";
		};
		F383C198158B85E400B91F31 /* Controllers */ = {
			isa = PBXGroup;
			children = (
				F383C189158B851200B91F31 /* MasterViewController.h */,
				F383C18A158B851200B91F31 /* MasterViewController.m */,
			);
			name = Controllers;
			sourceTree = "<group>";
		};
		F383C199158B870400B91F31 /* Views */ = {
			isa = PBXGroup;
			children = (
				F3292F42168C036D003D5F9A /* Layers */,
				F37E556E1680FB48002FB2EB /* Stopwatch */,
				F383C19D158B879F00B91F31 /* SelectAlarmView.h */,
				F383C19E158B879F00B91F31 /* SelectAlarmView.m */,
				F327EC9B15938BE0008B962F /* AlarmView */,
				F3E5C39315BDBE10006959F4 /* NPTableView.h */,
				F3E5C39415BDBE10006959F4 /* NPTableView.m */,
				F3CA96361602328C00D237FC /* SettingsView.h */,
				F3CA96371602328C00D237FC /* SettingsView.m */,
			);
			name = Views;
			sourceTree = "<group>";
		};
		F383C1B0158B8E4200B91F31 /* Models */ = {
			isa = PBXGroup;
			children = (
				F317239415A63C5200007124 /* PListModel.h */,
				F317239515A63C5200007124 /* PListModel.m */,
				F327EC9515938906008B962F /* MusicManager.h */,
				F327EC9615938906008B962F /* MusicManager.m */,
				F3721DA715BF5CF500A365D1 /* MusicPlayer.h */,
				F3721DA815BF5CF500A365D1 /* MusicPlayer.m */,
			);
			name = Models;
			sourceTree = "<group>";
		};
		F3CA96DA160233FC00D237FC /* themes */ = {
			isa = PBXGroup;
			children = (
				F3CA9648160232BE00D237FC /* chamaeleon.png */,
				F3CA9649160232BE00D237FC /* chamaeleon@2x.png */,
				F3CA964A160232BE00D237FC /* epsilon.png */,
				F3CA964B160232BE00D237FC /* epsilon@2x.png */,
				F3CA964C160232BE00D237FC /* galaxy.png */,
				F3CA964D160232BE00D237FC /* galaxy@2x.png */,
				F3CA964E160232BE00D237FC /* hydrus.png */,
				F3CA964F160232BE00D237FC /* hydrus@2x.png */,
				F3CA9650160232BE00D237FC /* lynx.png */,
				F3CA9651160232BE00D237FC /* lynx@2x.png */,
				F3CA9652160232BE00D237FC /* pheonix.png */,
				F3CA9653160232BE00D237FC /* phoenix@2x.png */,
			);
			name = themes;
			sourceTree = "<group>";
		};
		F3F825C61598E56E0017B752 /* resources */ = {
			isa = PBXGroup;
			children = (
				F335A2CC15D418DF00F0A552 /* Audio */,
				F36C5CAD15A6396D00CC80C0 /* pList */,
				F3F825C71598E57C0017B752 /* fonts */,
				F33F642315967154000372AE /* img */,
			);
			name = resources;
			sourceTree = "<group>";
		};
		F3F825C71598E57C0017B752 /* fonts */ = {
			isa = PBXGroup;
			children = (
				F36DA9911598EA1E003A4F3C /* Roboto-Thin.ttf */,
				F3F825CA1598E63C0017B752 /* Roboto-Light.ttf */,
			);
			name = fonts;
			sourceTree = "<group>";
		};
		F3FEC0AE15AC8FC60032B893 /* misc */ = {
			isa = PBXGroup;
			children = (
				96E58CA01639A5A500D5653E /* tack-logo@2x.png */,
				96E58C9E1639A51000D5653E /* tack-logo.png */,
				F3CA96601602330600D237FC /* bottom-fade.png */,
				F3CA96611602330600D237FC /* bottom-fade@2x.png */,
				F3CA96621602330600D237FC /* grid-background.png */,
				F3CA96631602330600D237FC /* grid-background@2x.png */,
				F3CA96641602330600D237FC /* grid.png */,
				F3CA96651602330600D237FC /* grid@2x.png */,
				F3CA96661602330600D237FC /* plusButton.png */,
				F3CA96671602330600D237FC /* search-divider.png */,
				F3CA96681602330600D237FC /* tack-logo1.png */,
				F3CA96691602330600D237FC /* tack-logo1@2x.png */,
				F3CA966A1602330600D237FC /* toolbarBG.png */,
				F37203AC15EFDFB600D75E9E /* Default.png */,
				F37203AD15EFDFB600D75E9E /* Default@2x.png */,
			);
			name = misc;
			sourceTree = "<group>";
		};
/* End PBXGroup section */

/* Begin PBXNativeTarget section */
		F383C172158B851200B91F31 /* Start */ = {
			isa = PBXNativeTarget;
			buildConfigurationList = F383C194158B851300B91F31 /* Build configuration list for PBXNativeTarget "Start" */;
			buildPhases = (
				F383C16F158B851200B91F31 /* Sources */,
				F383C170158B851200B91F31 /* Frameworks */,
				F383C171158B851200B91F31 /* Resources */,
			);
			buildRules = (
			);
			dependencies = (
			);
			name = Start;
			productName = Start;
			productReference = F383C173158B851200B91F31 /* Start.app */;
			productType = "com.apple.product-type.application";
		};
/* End PBXNativeTarget section */

/* Begin PBXProject section */
		F383C16A158B851100B91F31 /* Project object */ = {
			isa = PBXProject;
			attributes = {
				LastUpgradeCheck = 0430;
			};
			buildConfigurationList = F383C16D158B851100B91F31 /* Build configuration list for PBXProject "Start" */;
			compatibilityVersion = "Xcode 3.2";
			developmentRegion = English;
			hasScannedForEncodings = 0;
			knownRegions = (
				en,
			);
			mainGroup = F383C168158B851100B91F31;
			productRefGroup = F383C174158B851200B91F31 /* Products */;
			projectDirPath = "";
			projectRoot = "";
			targets = (
				F383C172158B851200B91F31 /* Start */,
			);
		};
/* End PBXProject section */

/* Begin PBXResourcesBuildPhase section */
		F383C171158B851200B91F31 /* Resources */ = {
			isa = PBXResourcesBuildPhase;
			buildActionMask = 2147483647;
			files = (
				96E2A95F1625E0E800C45C27 /* chamaeleon.wav in Resources */,
				96E2A9601625E0E800C45C27 /* epsilon.wav in Resources */,
				96E2A9611625E0E800C45C27 /* galaxy.wav in Resources */,
				96E2A9621625E0E800C45C27 /* hydrus.wav in Resources */,
				96E2A9631625E0E800C45C27 /* lynx.wav in Resources */,
				96E2A9641625E0E800C45C27 /* phoenix.wav in Resources */,
				F383C182158B851200B91F31 /* InfoPlist.strings in Resources */,
				F383C18E158B851300B91F31 /* ViewController_iPhone.xib in Resources */,
				F383C191158B851300B91F31 /* ViewController_iPad.xib in Resources */,
				F3F825CB1598E63C0017B752 /* Roboto-Light.ttf in Resources */,
				F36DA9921598EA1E003A4F3C /* Roboto-Thin.ttf in Resources */,
				F3FD677715A7592B0002AFC9 /* actions.plist in Resources */,
				F3FD677815A7592B0002AFC9 /* alarms.plist in Resources */,
				F3FD677915A7592B0002AFC9 /* presetSongs.plist in Resources */,
				F3FD677A15A7592B0002AFC9 /* themes.plist in Resources */,
				F37C93CB15E97FEA000EBE07 /* Icon.png in Resources */,
				F37C93CD15E97FF0000EBE07 /* Icon@2x.png in Resources */,
				F37203B215EFDFB600D75E9E /* Default.png in Resources */,
				F37203B315EFDFB600D75E9E /* Default@2x.png in Resources */,
				F3CA9654160232BE00D237FC /* chamaeleon.png in Resources */,
				F3CA9655160232BE00D237FC /* chamaeleon@2x.png in Resources */,
				F3CA9656160232BE00D237FC /* epsilon.png in Resources */,
				F3CA9657160232BE00D237FC /* epsilon@2x.png in Resources */,
				F3CA9658160232BE00D237FC /* galaxy.png in Resources */,
				F3CA9659160232BE00D237FC /* galaxy@2x.png in Resources */,
				F3CA965A160232BE00D237FC /* hydrus.png in Resources */,
				F3CA965B160232BE00D237FC /* hydrus@2x.png in Resources */,
				F3CA965C160232BE00D237FC /* lynx.png in Resources */,
				F3CA965D160232BE00D237FC /* lynx@2x.png in Resources */,
				F3CA965E160232BE00D237FC /* pheonix.png in Resources */,
				F3CA965F160232BE00D237FC /* phoenix@2x.png in Resources */,
				F3CA966B1602330600D237FC /* bottom-fade.png in Resources */,
				F3CA966C1602330600D237FC /* bottom-fade@2x.png in Resources */,
				F3CA966D1602330600D237FC /* grid-background.png in Resources */,
				F3CA966E1602330600D237FC /* grid-background@2x.png in Resources */,
				F3CA966F1602330600D237FC /* grid.png in Resources */,
				F3CA96701602330600D237FC /* grid@2x.png in Resources */,
				F3CA96711602330600D237FC /* plusButton.png in Resources */,
				F3CA96721602330600D237FC /* search-divider.png in Resources */,
				F3CA96731602330600D237FC /* tack-logo1.png in Resources */,
				F3CA96741602330600D237FC /* tack-logo1@2x.png in Resources */,
				F3CA96751602330600D237FC /* toolbarBG.png in Resources */,
				F3CA969C1602332B00D237FC /* calendar-icon.png in Resources */,
				F3CA969D1602332B00D237FC /* calendar-icon@2x.png in Resources */,
				F3CA969E1602332B00D237FC /* clear-icon.png in Resources */,
				F3CA969F1602332B00D237FC /* clear-icon@2x.png in Resources */,
				F3CA96A01602332B00D237FC /* facebook-icon.png in Resources */,
				F3CA96A11602332B00D237FC /* facebook-icon@2x.png in Resources */,
				F3CA96A21602332B00D237FC /* instagram-icon.png in Resources */,
				F3CA96A31602332B00D237FC /* instagram-icon@2x.png in Resources */,
				F3CA96A41602332B00D237FC /* music-icon.png in Resources */,
				F3CA96A51602332B00D237FC /* music-icon@2x.png in Resources */,
				F3CA96A61602332B00D237FC /* no-action-icon.png in Resources */,
				F3CA96A71602332B00D237FC /* no-action-icon@2x.png in Resources */,
				F3CA96A81602332B00D237FC /* no-sound-icon.png in Resources */,
				F3CA96A91602332B00D237FC /* no-sound-icon@2x.png in Resources */,
				F3CA96AA1602332B00D237FC /* pandora-icon.png in Resources */,
				F3CA96AB1602332B00D237FC /* pandora-icon@2x.png in Resources */,
				F3CA96AC1602332B00D237FC /* path-icon.png in Resources */,
				F3CA96AD1602332B00D237FC /* path-icon@2x.png in Resources */,
				F3CA96AE1602332B00D237FC /* rdio-icon.png in Resources */,
				F3CA96AF1602332B00D237FC /* rdio-icon@2x.png in Resources */,
				F3CA96B01602332B00D237FC /* recent-icon.png in Resources */,
				F3CA96B11602332B00D237FC /* recent-icon@2x.png in Resources */,
				F3CA96B21602332B00D237FC /* reeder-icon.png in Resources */,
				F3CA96B31602332B00D237FC /* reeder-icon@2x.png in Resources */,
				F3CA96B41602332B00D237FC /* safari-icon.png in Resources */,
				F3CA96B51602332B00D237FC /* safari-icon@2x.png in Resources */,
				F3CA96B61602332B00D237FC /* search-icon.png in Resources */,
				F3CA96B71602332B00D237FC /* search-icon@2x.png in Resources */,
				F3CA96B81602332B00D237FC /* song-icon.png in Resources */,
				F3CA96B91602332B00D237FC /* song-icon@2x.png in Resources */,
				F3CA96BA1602332B00D237FC /* spotify-icon.png in Resources */,
				F3CA96BB1602332B00D237FC /* spotify-icon@2x.png in Resources */,
				F3CA96BC1602332B00D237FC /* tone-icon.png in Resources */,
				F3CA96BD1602332B00D237FC /* tone-icon@2x.png in Resources */,
				F3CA96BE1602332B00D237FC /* twitter-icon.png in Resources */,
				F3CA96BF1602332B00D237FC /* twitter-icon@2x.png in Resources */,
				F3CA96C01602332B00D237FC /* weather-icon.png in Resources */,
				F3CA96C11602332B00D237FC /* weather-icon@2x.png in Resources */,
				F3CA96CE1602333D00D237FC /* create-icon.png in Resources */,
				F3CA96CF1602333D00D237FC /* create-icon@2x.png in Resources */,
				F3CA96D01602333D00D237FC /* flick-down-icon.png in Resources */,
				F3CA96D11602333D00D237FC /* flick-down-icon@2x.png in Resources */,
				F3CA96D21602333D00D237FC /* flick-up-icon.png in Resources */,
				F3CA96D31602333D00D237FC /* flick-up-icon@2x.png in Resources */,
				F3CA96D81602333D00D237FC /* set-icon.png in Resources */,
				F3CA96D91602333D00D237FC /* set-icon@2x.png in Resources */,
				966D3A661624B0CC006CE871 /* README.md in Resources */,
				966D3A671624B0CC006CE871 /* release_notes.md in Resources */,
				967095FF163095BE004611ED /* lynx2.wav in Resources */,
				96861C131631C47C00390DEF /* about.png in Resources */,
				96861C141631C47C00390DEF /* about@2x.png in Resources */,
				96BC44DA1635B07000707007 /* chamaeleon2.wav in Resources */,
				96BC44DD1635B0CB00707007 /* epsilon2.wav in Resources */,
				96BC44DF1635B12700707007 /* hydrus2.wav in Resources */,
				96BC44E11635B19100707007 /* phoenix2.wav in Resources */,
				96BC44E31635EA7000707007 /* Default-568h@2x.png in Resources */,
				969A68CC16371E8F008676D3 /* about-568h@2x.png in Resources */,
				969A68CD16371E8F008676D3 /* grid-background-568h@2x.png in Resources */,
				96E58C9F1639A51000D5653E /* tack-logo.png in Resources */,
				96E58CA11639A5A500D5653E /* tack-logo@2x.png in Resources */,
				969CB934163EE2C0006D2E1B /* pinch-icon.png in Resources */,
				969CB935163EE2C0006D2E1B /* pinch-icon@2x.png in Resources */,
				961FC3C116667EEA0078219B /* tweetbot-icon.png in Resources */,
				961FC3C216667EEA0078219B /* tweetbot-icon@2x.png in Resources */,
				96A6D504166D13B800679908 /* fantastical-icon.png in Resources */,
				96A6D505166D13B800679908 /* fantastical-icon@2x.png in Resources */,
				96A6D509166D13EA00679908 /* sparrow-icon.png in Resources */,
				96A6D50A166D13EA00679908 /* sparrow-icon@2x.png in Resources */,
				965179D0166D3079004A18A1 /* Icon-72.png in Resources */,
				965179D2166D3082004A18A1 /* Icon-72@2x.png in Resources */,
				96D707A5167A35FC00DC4C89 /* twitterrific-icon.png in Resources */,
				96D707A6167A35FC00DC4C89 /* twitterrific-icon@2x.png in Resources */,
				96D707AF167A3FD800DC4C89 /* gmail-icon.png in Resources */,
				96D707B0167A3FD800DC4C89 /* gmail-icon@2x.png in Resources */,
				96A58E1C167F964E003C2E5C /* flipboard-icon.png in Resources */,
				96A58E1D167F964E003C2E5C /* flipboard-icon@2x.png in Resources */,
				96A58E20167F9657003C2E5C /* zite-icon.png in Resources */,
				96A58E21167F9657003C2E5C /* zite-icon@2x.png in Resources */,
				96F70071168377900020A6CB /* pocket-icon.png in Resources */,
				96F70072168377900020A6CB /* pocket-icon@2x.png in Resources */,
				96F700761683779A0020A6CB /* anydo-icon.png in Resources */,
				96F700771683779A0020A6CB /* anydo-icon@2x.png in Resources */,
				F37A059816C00BDC0002AAA2 /* dayone-icon.png in Resources */,
				F37A059916C00BDC0002AAA2 /* dayone-icon@2x.png in Resources */,
				F335FA1E16CB5E9800ECF8AB /* readmill-icon.png in Resources */,
				F335FA1F16CB5E9800ECF8AB /* readmill-icon@2x.png in Resources */,
				F335FA3316CB623B00ECF8AB /* tap-icon.png in Resources */,
				F335FA3416CB623B00ECF8AB /* tap-icon@2x.png in Resources */,
			);
			runOnlyForDeploymentPostprocessing = 0;
		};
/* End PBXResourcesBuildPhase section */

/* Begin PBXSourcesBuildPhase section */
		F383C16F158B851200B91F31 /* Sources */ = {
			isa = PBXSourcesBuildPhase;
			buildActionMask = 2147483647;
			files = (
				F383C184158B851200B91F31 /* main.m in Sources */,
				F383C188158B851200B91F31 /* AppDelegate.m in Sources */,
				F383C18B158B851200B91F31 /* MasterViewController.m in Sources */,
				F383C19C158B874C00B91F31 /* AlarmView.m in Sources */,
				F383C19F158B879F00B91F31 /* SelectAlarmView.m in Sources */,
				F383C1A8158B880500B91F31 /* SelectActionView.m in Sources */,
				F3CD846E158FB0A400703717 /* SelectedTimeView.m in Sources */,
				F327EC9715938906008B962F /* MusicManager.m in Sources */,
				F33F641E15951F10000372AE /* UIImage+StackBlur.m in Sources */,
				F36DA99A1598EF0C003A4F3C /* SongCell.m in Sources */,
				F36DA99E1598F855003A4F3C /* ActionCell.m in Sources */,
				F36DA9A315993BBF003A4F3C /* SelectDurationView.m in Sources */,
				F31670E515A1109200725274 /* SearchSongCell.m in Sources */,
				F317239615A63C5200007124 /* PListModel.m in Sources */,
				F3FD677D15AB67E50002AFC9 /* LeftHeaderView.m in Sources */,
				F3FEC0A315ABC3010032B893 /* ReturnButtonView.m in Sources */,
				F3FEC0A715AC86360032B893 /* CountdownView.m in Sources */,
				F3E5C39515BDBE10006959F4 /* NPTableView.m in Sources */,
				F3721DA915BF5CF500A365D1 /* MusicPlayer.m in Sources */,
				F3143CE615C4D9AE0098A276 /* TimerView.m in Sources */,
				F3CA96381602328C00D237FC /* SettingsView.m in Sources */,
				F3CA96DD1602364000D237FC /* RadialGradientView.m in Sources */,
				F3AE566D16151F2700266DAD /* SelectSongView.m in Sources */,
				F37E556C1680FB3D002FB2EB /* StopwatchViewController.m in Sources */,
				F3292F46168C038B003D5F9A /* RingFillShapeLayer.m in Sources */,
			);
			runOnlyForDeploymentPostprocessing = 0;
		};
/* End PBXSourcesBuildPhase section */

/* Begin PBXVariantGroup section */
		F383C180158B851200B91F31 /* InfoPlist.strings */ = {
			isa = PBXVariantGroup;
			children = (
				F383C181158B851200B91F31 /* en */,
			);
			name = InfoPlist.strings;
			sourceTree = "<group>";
		};
		F383C18C158B851300B91F31 /* ViewController_iPhone.xib */ = {
			isa = PBXVariantGroup;
			children = (
				F383C18D158B851300B91F31 /* en */,
			);
			name = ViewController_iPhone.xib;
			sourceTree = "<group>";
		};
		F383C18F158B851300B91F31 /* ViewController_iPad.xib */ = {
			isa = PBXVariantGroup;
			children = (
				F383C190158B851300B91F31 /* en */,
			);
			name = ViewController_iPad.xib;
			sourceTree = "<group>";
		};
/* End PBXVariantGroup section */

/* Begin XCBuildConfiguration section */
		F383C192158B851300B91F31 /* Debug */ = {
			isa = XCBuildConfiguration;
			buildSettings = {
				ALWAYS_SEARCH_USER_PATHS = NO;
				ARCHS = "$(ARCHS_STANDARD_32_BIT)";
				CLANG_ENABLE_OBJC_ARC = YES;
				"CODE_SIGN_IDENTITY[sdk=iphoneos*]" = "iPhone Developer";
				COPY_PHASE_STRIP = NO;
				GCC_C_LANGUAGE_STANDARD = gnu99;
				GCC_DYNAMIC_NO_PIC = NO;
				GCC_OPTIMIZATION_LEVEL = 0;
				GCC_PREPROCESSOR_DEFINITIONS = (
					"DEBUG=1",
					"$(inherited)",
				);
				GCC_SYMBOLS_PRIVATE_EXTERN = NO;
				GCC_VERSION = com.apple.compilers.llvm.clang.1_0;
				GCC_WARN_ABOUT_RETURN_TYPE = YES;
				GCC_WARN_UNINITIALIZED_AUTOS = YES;
				GCC_WARN_UNUSED_VARIABLE = YES;
				IPHONEOS_DEPLOYMENT_TARGET = 5.0;
				SDKROOT = iphoneos;
				STRIP_INSTALLED_PRODUCT = NO;
				TARGETED_DEVICE_FAMILY = "1,2";
			};
			name = Debug;
		};
		F383C193158B851300B91F31 /* Release */ = {
			isa = XCBuildConfiguration;
			buildSettings = {
				ALWAYS_SEARCH_USER_PATHS = NO;
				ARCHS = "$(ARCHS_STANDARD_32_BIT)";
				CLANG_ENABLE_OBJC_ARC = YES;
				"CODE_SIGN_IDENTITY[sdk=iphoneos*]" = "iPhone Developer";
				COPY_PHASE_STRIP = NO;
				GCC_C_LANGUAGE_STANDARD = gnu99;
				GCC_VERSION = com.apple.compilers.llvm.clang.1_0;
				GCC_WARN_ABOUT_RETURN_TYPE = YES;
				GCC_WARN_UNINITIALIZED_AUTOS = YES;
				GCC_WARN_UNUSED_VARIABLE = YES;
				IPHONEOS_DEPLOYMENT_TARGET = 5.0;
				OTHER_CFLAGS = "-DNS_BLOCK_ASSERTIONS=1";
				SDKROOT = iphoneos;
				STRIP_INSTALLED_PRODUCT = NO;
				TARGETED_DEVICE_FAMILY = "1,2";
				VALIDATE_PRODUCT = YES;
			};
			name = Release;
		};
		F383C195158B851300B91F31 /* Debug */ = {
			isa = XCBuildConfiguration;
			buildSettings = {
				CODE_SIGN_IDENTITY = "iPhone Developer: Nick Place (PLTW5M3579)";
				"CODE_SIGN_IDENTITY[sdk=iphoneos*]" = "iPhone Developer: Nick Place (PLTW5M3579)";
				GCC_PRECOMPILE_PREFIX_HEADER = YES;
				GCC_PREFIX_HEADER = "Start/Start-Prefix.pch";
				INFOPLIST_FILE = "Start/Start-Info.plist";
				IPHONEOS_DEPLOYMENT_TARGET = 5.0;
				LIBRARY_SEARCH_PATHS = (
					"$(inherited)",
					"\"$(SRCROOT)/TestFlightSDK1.0\"",
					"\"$(SRCROOT)/TestFlightSDK1\"",
				);
				ONLY_ACTIVE_ARCH = YES;
				PRODUCT_NAME = "$(TARGET_NAME)";
				PROVISIONING_PROFILE = "A7F1E6C9-5EA1-4C33-882C-87C31432C034";
				"PROVISIONING_PROFILE[sdk=iphoneos*]" = "A7F1E6C9-5EA1-4C33-882C-87C31432C034";
				TARGETED_DEVICE_FAMILY = 1;
				WRAPPER_EXTENSION = app;
			};
			name = Debug;
		};
		F383C196158B851300B91F31 /* Release */ = {
			isa = XCBuildConfiguration;
			buildSettings = {
				CODE_SIGN_IDENTITY = "iPhone Developer: Nick Place (PLTW5M3579)";
				"CODE_SIGN_IDENTITY[sdk=iphoneos*]" = "iPhone Developer: Nick Place (PLTW5M3579)";
				GCC_PRECOMPILE_PREFIX_HEADER = YES;
				GCC_PREFIX_HEADER = "Start/Start-Prefix.pch";
				INFOPLIST_FILE = "Start/Start-Info.plist";
				IPHONEOS_DEPLOYMENT_TARGET = 5.0;
				LIBRARY_SEARCH_PATHS = (
					"$(inherited)",
					"\"$(SRCROOT)/TestFlightSDK1.0\"",
					"\"$(SRCROOT)/TestFlightSDK1\"",
				);
				ONLY_ACTIVE_ARCH = YES;
				PRODUCT_NAME = "$(TARGET_NAME)";
				PROVISIONING_PROFILE = "A7F1E6C9-5EA1-4C33-882C-87C31432C034";
				"PROVISIONING_PROFILE[sdk=iphoneos*]" = "A7F1E6C9-5EA1-4C33-882C-87C31432C034";
				TARGETED_DEVICE_FAMILY = 1;
				WRAPPER_EXTENSION = app;
			};
			name = Release;
		};
/* End XCBuildConfiguration section */

/* Begin XCConfigurationList section */
		F383C16D158B851100B91F31 /* Build configuration list for PBXProject "Start" */ = {
			isa = XCConfigurationList;
			buildConfigurations = (
				F383C192158B851300B91F31 /* Debug */,
				F383C193158B851300B91F31 /* Release */,
			);
			defaultConfigurationIsVisible = 0;
			defaultConfigurationName = Release;
		};
		F383C194158B851300B91F31 /* Build configuration list for PBXNativeTarget "Start" */ = {
			isa = XCConfigurationList;
			buildConfigurations = (
				F383C195158B851300B91F31 /* Debug */,
				F383C196158B851300B91F31 /* Release */,
			);
			defaultConfigurationIsVisible = 0;
			defaultConfigurationName = Release;
		};
/* End XCConfigurationList section */
	};
	rootObject = F383C16A158B851100B91F31 /* Project object */;
}
